// !$*UTF8*$!
{
	archiveVersion = 1;
	classes = {
	};
	objectVersion = 50;
	objects = {

/* Begin PBXBuildFile section */
		C503F86C2587E4FB00E5EF6C /* BusSchedule.swift in Sources */ = {isa = PBXBuildFile; fileRef = C503F86B2587E4FB00E5EF6C /* BusSchedule.swift */; };
		C503F86D2587E4FB00E5EF6C /* BusSchedule.swift in Sources */ = {isa = PBXBuildFile; fileRef = C503F86B2587E4FB00E5EF6C /* BusSchedule.swift */; };
		C503F8732587F02600E5EF6C /* DayThirteenTests.swift in Sources */ = {isa = PBXBuildFile; fileRef = C503F8722587F02600E5EF6C /* DayThirteenTests.swift */; };
		C503F8772587F31400E5EF6C /* DayThirteen.swift in Sources */ = {isa = PBXBuildFile; fileRef = C503F8762587F31400E5EF6C /* DayThirteen.swift */; };
		C503F8782587F31400E5EF6C /* DayThirteen.swift in Sources */ = {isa = PBXBuildFile; fileRef = C503F8762587F31400E5EF6C /* DayThirteen.swift */; };
		C503F87E2587F4A800E5EF6C /* day13input.txt in Resources */ = {isa = PBXBuildFile; fileRef = C503F87D2587F4A800E5EF6C /* day13input.txt */; };
		C53FFCEE2588651D00B64A7A /* Int.swift in Sources */ = {isa = PBXBuildFile; fileRef = C53FFCED2588651D00B64A7A /* Int.swift */; };
		C53FFCEF2588651D00B64A7A /* Int.swift in Sources */ = {isa = PBXBuildFile; fileRef = C53FFCED2588651D00B64A7A /* Int.swift */; };
		C53FFCF52588660700B64A7A /* DayFourteenTests.swift in Sources */ = {isa = PBXBuildFile; fileRef = C53FFCF42588660700B64A7A /* DayFourteenTests.swift */; };
		C53FFCF925886CDD00B64A7A /* DockingProgram.swift in Sources */ = {isa = PBXBuildFile; fileRef = C53FFCF825886CDD00B64A7A /* DockingProgram.swift */; };
		C53FFCFA25886CDD00B64A7A /* DockingProgram.swift in Sources */ = {isa = PBXBuildFile; fileRef = C53FFCF825886CDD00B64A7A /* DockingProgram.swift */; };
		C56A04B1258CFCF300D74D34 /* MathEquation.swift in Sources */ = {isa = PBXBuildFile; fileRef = C56A04B0258CFCF300D74D34 /* MathEquation.swift */; };
		C56A04B2258CFCF300D74D34 /* MathEquation.swift in Sources */ = {isa = PBXBuildFile; fileRef = C56A04B0258CFCF300D74D34 /* MathEquation.swift */; };
		C56A04B8258D5BB100D74D34 /* DayEighteenTests.swift in Sources */ = {isa = PBXBuildFile; fileRef = C56A04B7258D5BB100D74D34 /* DayEighteenTests.swift */; };
		C56A04BC258D5CEC00D74D34 /* DayEighteen.swift in Sources */ = {isa = PBXBuildFile; fileRef = C56A04BB258D5CEC00D74D34 /* DayEighteen.swift */; };
		C56A04BD258D5CEC00D74D34 /* DayEighteen.swift in Sources */ = {isa = PBXBuildFile; fileRef = C56A04BB258D5CEC00D74D34 /* DayEighteen.swift */; };
		C56A04C3258ED5C200D74D34 /* MessageRule.swift in Sources */ = {isa = PBXBuildFile; fileRef = C56A04C2258ED5C200D74D34 /* MessageRule.swift */; };
		C56A04C4258ED5C200D74D34 /* MessageRule.swift in Sources */ = {isa = PBXBuildFile; fileRef = C56A04C2258ED5C200D74D34 /* MessageRule.swift */; };
		C56A04CA258ED6EE00D74D34 /* day19input.txt in Resources */ = {isa = PBXBuildFile; fileRef = C56A04C9258ED6EE00D74D34 /* day19input.txt */; };
		C56A04CE258EDC4C00D74D34 /* DayNineteenTests.swift in Sources */ = {isa = PBXBuildFile; fileRef = C56A04CD258EDC4C00D74D34 /* DayNineteenTests.swift */; };
		C56A04D2258EDF6C00D74D34 /* RuleParser.swift in Sources */ = {isa = PBXBuildFile; fileRef = C56A04D1258EDF6C00D74D34 /* RuleParser.swift */; };
		C56A04D3258EDF6C00D74D34 /* RuleParser.swift in Sources */ = {isa = PBXBuildFile; fileRef = C56A04D1258EDF6C00D74D34 /* RuleParser.swift */; };
		C56A04D9258F0F9D00D74D34 /* DayNineteen.swift in Sources */ = {isa = PBXBuildFile; fileRef = C56A04D8258F0F9D00D74D34 /* DayNineteen.swift */; };
		C56A04DA258F0F9D00D74D34 /* DayNineteen.swift in Sources */ = {isa = PBXBuildFile; fileRef = C56A04D8258F0F9D00D74D34 /* DayNineteen.swift */; };
		C56A04E2259023BF00D74D34 /* SatelliteImageTile.swift in Sources */ = {isa = PBXBuildFile; fileRef = C56A04E1259023BF00D74D34 /* SatelliteImageTile.swift */; };
		C56A04E3259023BF00D74D34 /* SatelliteImageTile.swift in Sources */ = {isa = PBXBuildFile; fileRef = C56A04E1259023BF00D74D34 /* SatelliteImageTile.swift */; };
		C56A04E92590282500D74D34 /* DayTwenty.swift in Sources */ = {isa = PBXBuildFile; fileRef = C56A04E82590282500D74D34 /* DayTwenty.swift */; };
		C56A04EA2590282500D74D34 /* DayTwenty.swift in Sources */ = {isa = PBXBuildFile; fileRef = C56A04E82590282500D74D34 /* DayTwenty.swift */; };
		C56A04F025902BAF00D74D34 /* DayTwentyTests.swift in Sources */ = {isa = PBXBuildFile; fileRef = C56A04EF25902BAF00D74D34 /* DayTwentyTests.swift */; };
		C583323D2591CA7E0059FAB0 /* SatelliteImage.swift in Sources */ = {isa = PBXBuildFile; fileRef = C583323C2591CA7E0059FAB0 /* SatelliteImage.swift */; };
		C583323E2591CA7E0059FAB0 /* SatelliteImage.swift in Sources */ = {isa = PBXBuildFile; fileRef = C583323C2591CA7E0059FAB0 /* SatelliteImage.swift */; };
		C58332482591CCCC0059FAB0 /* day20input.txt in Resources */ = {isa = PBXBuildFile; fileRef = C58332472591CCCC0059FAB0 /* day20input.txt */; };
		C59C89CC2584041D00453AE9 /* SeatMap.swift in Sources */ = {isa = PBXBuildFile; fileRef = C59C89CB2584041D00453AE9 /* SeatMap.swift */; };
		C59C89CD2584041D00453AE9 /* SeatMap.swift in Sources */ = {isa = PBXBuildFile; fileRef = C59C89CB2584041D00453AE9 /* SeatMap.swift */; };
		C59C89D32584092700453AE9 /* DayElevenTests.swift in Sources */ = {isa = PBXBuildFile; fileRef = C59C89D22584092700453AE9 /* DayElevenTests.swift */; };
		C59C89D7258410D900453AE9 /* SeatMapModeler.swift in Sources */ = {isa = PBXBuildFile; fileRef = C59C89D6258410D900453AE9 /* SeatMapModeler.swift */; };
		C59C89DF258415E500453AE9 /* SeatMapModeler.swift in Sources */ = {isa = PBXBuildFile; fileRef = C59C89D6258410D900453AE9 /* SeatMapModeler.swift */; };
		C59C89E3258419C200453AE9 /* DayEleven.swift in Sources */ = {isa = PBXBuildFile; fileRef = C59C89E2258419C200453AE9 /* DayEleven.swift */; };
		C59C89E4258419C200453AE9 /* DayEleven.swift in Sources */ = {isa = PBXBuildFile; fileRef = C59C89E2258419C200453AE9 /* DayEleven.swift */; };
		C59C89EC2586A5D800453AE9 /* day12input.txt in Resources */ = {isa = PBXBuildFile; fileRef = C59C89EB2586A5D800453AE9 /* day12input.txt */; };
		C59C89F22586A60A00453AE9 /* Ferry.swift in Sources */ = {isa = PBXBuildFile; fileRef = C59C89F12586A60A00453AE9 /* Ferry.swift */; };
		C59C89F32586A60A00453AE9 /* Ferry.swift in Sources */ = {isa = PBXBuildFile; fileRef = C59C89F12586A60A00453AE9 /* Ferry.swift */; };
		C59C89F72586A82D00453AE9 /* DayTwelveTests.swift in Sources */ = {isa = PBXBuildFile; fileRef = C59C89F62586A82D00453AE9 /* DayTwelveTests.swift */; };
		C59C89FB2586ADD400453AE9 /* DayTwelve.swift in Sources */ = {isa = PBXBuildFile; fileRef = C59C89FA2586ADD400453AE9 /* DayTwelve.swift */; };
		C59C89FC2586ADD400453AE9 /* DayTwelve.swift in Sources */ = {isa = PBXBuildFile; fileRef = C59C89FA2586ADD400453AE9 /* DayTwelve.swift */; };
		C5A38F84258870350033028E /* DayFourteen.swift in Sources */ = {isa = PBXBuildFile; fileRef = C5A38F83258870350033028E /* DayFourteen.swift */; };
		C5A38F85258870350033028E /* DayFourteen.swift in Sources */ = {isa = PBXBuildFile; fileRef = C5A38F83258870350033028E /* DayFourteen.swift */; };
		C5A38F8F25895DE50033028E /* MemoryGame.swift in Sources */ = {isa = PBXBuildFile; fileRef = C5A38F8E25895DE50033028E /* MemoryGame.swift */; };
		C5A38F9025895DE50033028E /* MemoryGame.swift in Sources */ = {isa = PBXBuildFile; fileRef = C5A38F8E25895DE50033028E /* MemoryGame.swift */; };
		C5A38F9625896F4F0033028E /* DayFifteenTests.swift in Sources */ = {isa = PBXBuildFile; fileRef = C5A38F9525896F4F0033028E /* DayFifteenTests.swift */; };
		C5A38F9A258974D60033028E /* DayFifteen.swift in Sources */ = {isa = PBXBuildFile; fileRef = C5A38F99258974D60033028E /* DayFifteen.swift */; };
		C5A38F9B258974D60033028E /* DayFifteen.swift in Sources */ = {isa = PBXBuildFile; fileRef = C5A38F99258974D60033028E /* DayFifteen.swift */; };
		C5A38FA1258975580033028E /* day15input.txt in Resources */ = {isa = PBXBuildFile; fileRef = C5A38FA0258975580033028E /* day15input.txt */; };
		C5A38FA9258A6AF70033028E /* day16input.txt in Resources */ = {isa = PBXBuildFile; fileRef = C5A38FA8258A6AF70033028E /* day16input.txt */; };
		C5A38FAF258A92260033028E /* TicketScanner.swift in Sources */ = {isa = PBXBuildFile; fileRef = C5A38FAE258A92260033028E /* TicketScanner.swift */; };
		C5A38FB0258A92260033028E /* TicketScanner.swift in Sources */ = {isa = PBXBuildFile; fileRef = C5A38FAE258A92260033028E /* TicketScanner.swift */; };
		C5A38FB4258A9C9D0033028E /* DaySixteenTests.swift in Sources */ = {isa = PBXBuildFile; fileRef = C5A38FB3258A9C9D0033028E /* DaySixteenTests.swift */; };
		C5A38FB8258B109D0033028E /* DaySixteen.swift in Sources */ = {isa = PBXBuildFile; fileRef = C5A38FB7258B109D0033028E /* DaySixteen.swift */; };
		C5A38FB9258B109D0033028E /* DaySixteen.swift in Sources */ = {isa = PBXBuildFile; fileRef = C5A38FB7258B109D0033028E /* DaySixteen.swift */; };
		C5A38FBF258B22120033028E /* ClosedRangeWithGap.swift in Sources */ = {isa = PBXBuildFile; fileRef = C5A38FBE258B22120033028E /* ClosedRangeWithGap.swift */; };
		C5A38FC0258B22120033028E /* ClosedRangeWithGap.swift in Sources */ = {isa = PBXBuildFile; fileRef = C5A38FBE258B22120033028E /* ClosedRangeWithGap.swift */; };
		C5A38FC8258BAA460033028E /* day17input.txt in Resources */ = {isa = PBXBuildFile; fileRef = C5A38FC7258BAA460033028E /* day17input.txt */; };
		C5A38FCE258BAB9F0033028E /* PowerSource.swift in Sources */ = {isa = PBXBuildFile; fileRef = C5A38FCD258BAB9F0033028E /* PowerSource.swift */; };
		C5A38FCF258BAB9F0033028E /* PowerSource.swift in Sources */ = {isa = PBXBuildFile; fileRef = C5A38FCD258BAB9F0033028E /* PowerSource.swift */; };
		C5A38FD3258BABBB0033028E /* ConwayCube.swift in Sources */ = {isa = PBXBuildFile; fileRef = C5A38FD2258BABBB0033028E /* ConwayCube.swift */; };
		C5A38FD4258BABBB0033028E /* ConwayCube.swift in Sources */ = {isa = PBXBuildFile; fileRef = C5A38FD2258BABBB0033028E /* ConwayCube.swift */; };
		C5A38FD8258BABF20033028E /* TreeDCoordinate.swift in Sources */ = {isa = PBXBuildFile; fileRef = C5A38FD7258BABF20033028E /* TreeDCoordinate.swift */; };
		C5A38FD9258BABF20033028E /* TreeDCoordinate.swift in Sources */ = {isa = PBXBuildFile; fileRef = C5A38FD7258BABF20033028E /* TreeDCoordinate.swift */; };
		C5A39074258C309C0033028E /* DaySeventeenTests.swift in Sources */ = {isa = PBXBuildFile; fileRef = C5A39073258C309C0033028E /* DaySeventeenTests.swift */; };
		C5A39078258C39690033028E /* DaySeventeen.swift in Sources */ = {isa = PBXBuildFile; fileRef = C5A39077258C39690033028E /* DaySeventeen.swift */; };
		C5A39079258C39690033028E /* DaySeventeen.swift in Sources */ = {isa = PBXBuildFile; fileRef = C5A39077258C39690033028E /* DaySeventeen.swift */; };
		C5A3907F258C3AE80033028E /* FourDCoordinate.swift in Sources */ = {isa = PBXBuildFile; fileRef = C5A3907E258C3AE80033028E /* FourDCoordinate.swift */; };
		C5A39080258C3AE80033028E /* FourDCoordinate.swift in Sources */ = {isa = PBXBuildFile; fileRef = C5A3907E258C3AE80033028E /* FourDCoordinate.swift */; };
		C5A3908D258C3C840033028E /* PowerSourceCoordinate.swift in Sources */ = {isa = PBXBuildFile; fileRef = C5A3908C258C3C840033028E /* PowerSourceCoordinate.swift */; };
		C5A3908E258C3C840033028E /* PowerSourceCoordinate.swift in Sources */ = {isa = PBXBuildFile; fileRef = C5A3908C258C3C840033028E /* PowerSourceCoordinate.swift */; };
		C5A39092258C3D4E0033028E /* ExperimentalPowerSource.swift in Sources */ = {isa = PBXBuildFile; fileRef = C5A39091258C3D4E0033028E /* ExperimentalPowerSource.swift */; };
		C5A39093258C3D4E0033028E /* ExperimentalPowerSource.swift in Sources */ = {isa = PBXBuildFile; fileRef = C5A39091258C3D4E0033028E /* ExperimentalPowerSource.swift */; };
		C5B06B752576945C0031D307 /* main.swift in Sources */ = {isa = PBXBuildFile; fileRef = C5B06B742576945C0031D307 /* main.swift */; };
		C5B06B7D2576949C0031D307 /* AdventDay.swift in Sources */ = {isa = PBXBuildFile; fileRef = C5B06B7C2576949C0031D307 /* AdventDay.swift */; };
		C5B06B852576953B0031D307 /* DayOne.swift in Sources */ = {isa = PBXBuildFile; fileRef = C5B06B842576953B0031D307 /* DayOne.swift */; };
		C5B06C052577E76C0031D307 /* DayTwo.swift in Sources */ = {isa = PBXBuildFile; fileRef = C5B06C042577E76C0031D307 /* DayTwo.swift */; };
		C5B06C6F257828720031D307 /* String.swift in Sources */ = {isa = PBXBuildFile; fileRef = C5B06C6E257828720031D307 /* String.swift */; };
		C5B06C7B25782AEB0031D307 /* Test.swift in Sources */ = {isa = PBXBuildFile; fileRef = C5B06C7A25782AEB0031D307 /* Test.swift */; };
		C5B06C8325782AFE0031D307 /* DayTwoTests.swift in Sources */ = {isa = PBXBuildFile; fileRef = C5B06C8225782AFE0031D307 /* DayTwoTests.swift */; };
		C5B06C8625782B040031D307 /* DayTwo.swift in Sources */ = {isa = PBXBuildFile; fileRef = C5B06C042577E76C0031D307 /* DayTwo.swift */; };
		C5B06C8925782B9A0031D307 /* AdventDay.swift in Sources */ = {isa = PBXBuildFile; fileRef = C5B06B7C2576949C0031D307 /* AdventDay.swift */; };
		C5B06C8C25782BA50031D307 /* DayOne.swift in Sources */ = {isa = PBXBuildFile; fileRef = C5B06B842576953B0031D307 /* DayOne.swift */; };
		C5B06C8F25782BC60031D307 /* String.swift in Sources */ = {isa = PBXBuildFile; fileRef = C5B06C6E257828720031D307 /* String.swift */; };
		C5B06C97257831230031D307 /* PasswordPolicy.swift in Sources */ = {isa = PBXBuildFile; fileRef = C5B06C96257831230031D307 /* PasswordPolicy.swift */; };
		C5B06C9A257831250031D307 /* PasswordPolicy.swift in Sources */ = {isa = PBXBuildFile; fileRef = C5B06C96257831230031D307 /* PasswordPolicy.swift */; };
		C5B06D012579D80F0031D307 /* DayThree.swift in Sources */ = {isa = PBXBuildFile; fileRef = C5B06D002579D80F0031D307 /* DayThree.swift */; };
		C5B06D022579D80F0031D307 /* DayThree.swift in Sources */ = {isa = PBXBuildFile; fileRef = C5B06D002579D80F0031D307 /* DayThree.swift */; };
		C5B06D082579D8520031D307 /* Forest.swift in Sources */ = {isa = PBXBuildFile; fileRef = C5B06D072579D8520031D307 /* Forest.swift */; };
		C5B06D092579D8520031D307 /* Forest.swift in Sources */ = {isa = PBXBuildFile; fileRef = C5B06D072579D8520031D307 /* Forest.swift */; };
		C5B06D0F2579DC440031D307 /* DayThreeTests.swift in Sources */ = {isa = PBXBuildFile; fileRef = C5B06D0E2579DC440031D307 /* DayThreeTests.swift */; };
		C5B06D132579DE730031D307 /* Coordinate.swift in Sources */ = {isa = PBXBuildFile; fileRef = C5B06D122579DE730031D307 /* Coordinate.swift */; };
		C5B06D142579DE730031D307 /* Coordinate.swift in Sources */ = {isa = PBXBuildFile; fileRef = C5B06D122579DE730031D307 /* Coordinate.swift */; };
		C5B06D20257A93CB0031D307 /* DayFour.swift in Sources */ = {isa = PBXBuildFile; fileRef = C5B06D1F257A93CB0031D307 /* DayFour.swift */; };
		C5B06D21257A93CB0031D307 /* DayFour.swift in Sources */ = {isa = PBXBuildFile; fileRef = C5B06D1F257A93CB0031D307 /* DayFour.swift */; };
		C5B06D25257A94110031D307 /* Passport.swift in Sources */ = {isa = PBXBuildFile; fileRef = C5B06D24257A94110031D307 /* Passport.swift */; };
		C5B06D26257A94110031D307 /* Passport.swift in Sources */ = {isa = PBXBuildFile; fileRef = C5B06D24257A94110031D307 /* Passport.swift */; };
		C5B06D2A257AAB6D0031D307 /* DayFourTests.swift in Sources */ = {isa = PBXBuildFile; fileRef = C5B06D29257AAB6D0031D307 /* DayFourTests.swift */; };
		C5B06D92257B5D510031D307 /* DayFive.swift in Sources */ = {isa = PBXBuildFile; fileRef = C5B06D91257B5D510031D307 /* DayFive.swift */; };
		C5B06D93257B5D510031D307 /* DayFive.swift in Sources */ = {isa = PBXBuildFile; fileRef = C5B06D91257B5D510031D307 /* DayFive.swift */; };
		C5B06D99257B5F170031D307 /* BoardingPass.swift in Sources */ = {isa = PBXBuildFile; fileRef = C5B06D98257B5F170031D307 /* BoardingPass.swift */; };
		C5B06D9A257B5F170031D307 /* BoardingPass.swift in Sources */ = {isa = PBXBuildFile; fileRef = C5B06D98257B5F170031D307 /* BoardingPass.swift */; };
		C5B06DA1257B5FF90031D307 /* DayFiveTests.swift in Sources */ = {isa = PBXBuildFile; fileRef = C5B06DA0257B5FF90031D307 /* DayFiveTests.swift */; };
		C5B06DAA257D0FEC0031D307 /* DaySix.swift in Sources */ = {isa = PBXBuildFile; fileRef = C5B06DA9257D0FEC0031D307 /* DaySix.swift */; };
		C5B06DAB257D0FEC0031D307 /* DaySix.swift in Sources */ = {isa = PBXBuildFile; fileRef = C5B06DA9257D0FEC0031D307 /* DaySix.swift */; };
		C5B06DB1257D10210031D307 /* DaySixTests.swift in Sources */ = {isa = PBXBuildFile; fileRef = C5B06DB0257D10210031D307 /* DaySixTests.swift */; };
		C5B06DB5257D129C0031D307 /* CustomsForm.swift in Sources */ = {isa = PBXBuildFile; fileRef = C5B06DB4257D129C0031D307 /* CustomsForm.swift */; };
		C5B06DBD257D15540031D307 /* CustomsForm.swift in Sources */ = {isa = PBXBuildFile; fileRef = C5B06DB4257D129C0031D307 /* CustomsForm.swift */; };
		C5B06DD1257E847F0031D307 /* DaySeven.swift in Sources */ = {isa = PBXBuildFile; fileRef = C5B06DD0257E847F0031D307 /* DaySeven.swift */; };
		C5B06DD2257E847F0031D307 /* DaySeven.swift in Sources */ = {isa = PBXBuildFile; fileRef = C5B06DD0257E847F0031D307 /* DaySeven.swift */; };
		C5B06DD8257E851F0031D307 /* LuggageRule.swift in Sources */ = {isa = PBXBuildFile; fileRef = C5B06DD7257E851F0031D307 /* LuggageRule.swift */; };
		C5B06DD9257E851F0031D307 /* LuggageRule.swift in Sources */ = {isa = PBXBuildFile; fileRef = C5B06DD7257E851F0031D307 /* LuggageRule.swift */; };
		C5B06DDD257E88810031D307 /* LuggageRuleSet.swift in Sources */ = {isa = PBXBuildFile; fileRef = C5B06DDC257E88810031D307 /* LuggageRuleSet.swift */; };
		C5B06DDE257E88810031D307 /* LuggageRuleSet.swift in Sources */ = {isa = PBXBuildFile; fileRef = C5B06DDC257E88810031D307 /* LuggageRuleSet.swift */; };
		C5B06DE2257E9B600031D307 /* DaySevenTests.swift in Sources */ = {isa = PBXBuildFile; fileRef = C5B06DE1257E9B600031D307 /* DaySevenTests.swift */; };
		C5B06DE6257EACE70031D307 /* Array.swift in Sources */ = {isa = PBXBuildFile; fileRef = C5B06DE5257EACE70031D307 /* Array.swift */; };
		C5B06DE7257EACE70031D307 /* Array.swift in Sources */ = {isa = PBXBuildFile; fileRef = C5B06DE5257EACE70031D307 /* Array.swift */; };
		C5B06E03257F44160031D307 /* BootCode.swift in Sources */ = {isa = PBXBuildFile; fileRef = C5B06E02257F44160031D307 /* BootCode.swift */; };
		C5B06E04257F44160031D307 /* BootCode.swift in Sources */ = {isa = PBXBuildFile; fileRef = C5B06E02257F44160031D307 /* BootCode.swift */; };
		C5B06E08257F48350031D307 /* DayEightTests.swift in Sources */ = {isa = PBXBuildFile; fileRef = C5B06E07257F48350031D307 /* DayEightTests.swift */; };
		C5B06E0C257F4E7E0031D307 /* DayEight.swift in Sources */ = {isa = PBXBuildFile; fileRef = C5B06E0B257F4E7E0031D307 /* DayEight.swift */; };
		C5B06E0D257F4E7E0031D307 /* DayEight.swift in Sources */ = {isa = PBXBuildFile; fileRef = C5B06E0B257F4E7E0031D307 /* DayEight.swift */; };
		C5B06E2925809CE70031D307 /* XMASCypher.swift in Sources */ = {isa = PBXBuildFile; fileRef = C5B06E2825809CE70031D307 /* XMASCypher.swift */; };
		C5B06E2A25809CE70031D307 /* XMASCypher.swift in Sources */ = {isa = PBXBuildFile; fileRef = C5B06E2825809CE70031D307 /* XMASCypher.swift */; };
		C5B06E362580A26A0031D307 /* DayNineTests.swift in Sources */ = {isa = PBXBuildFile; fileRef = C5B06E352580A26A0031D307 /* DayNineTests.swift */; };
		C5B06E3A2580A6520031D307 /* DayNine.swift in Sources */ = {isa = PBXBuildFile; fileRef = C5B06E392580A6520031D307 /* DayNine.swift */; };
		C5B06E3B2580A6520031D307 /* DayNine.swift in Sources */ = {isa = PBXBuildFile; fileRef = C5B06E392580A6520031D307 /* DayNine.swift */; };
		C5B06EA1258202270031D307 /* day10input.txt in Resources */ = {isa = PBXBuildFile; fileRef = C5B06EA0258202270031D307 /* day10input.txt */; };
		C5B06EA72582023E0031D307 /* AdapterArray.swift in Sources */ = {isa = PBXBuildFile; fileRef = C5B06EA62582023E0031D307 /* AdapterArray.swift */; };
		C5B06EA82582023E0031D307 /* AdapterArray.swift in Sources */ = {isa = PBXBuildFile; fileRef = C5B06EA62582023E0031D307 /* AdapterArray.swift */; };
		C5B06EAC2582028E0031D307 /* DayTenTests.swift in Sources */ = {isa = PBXBuildFile; fileRef = C5B06EAB2582028E0031D307 /* DayTenTests.swift */; };
		C5B06EB0258202950031D307 /* DayTen.swift in Sources */ = {isa = PBXBuildFile; fileRef = C5B06EAF258202950031D307 /* DayTen.swift */; };
		C5B06EB1258202950031D307 /* DayTen.swift in Sources */ = {isa = PBXBuildFile; fileRef = C5B06EAF258202950031D307 /* DayTen.swift */; };
/* End PBXBuildFile section */

/* Begin PBXCopyFilesBuildPhase section */
		C5B06B6F2576945C0031D307 /* CopyFiles */ = {
			isa = PBXCopyFilesBuildPhase;
			buildActionMask = 2147483647;
			dstPath = /usr/share/man/man1/;
			dstSubfolderSpec = 0;
			files = (
			);
			runOnlyForDeploymentPostprocessing = 1;
		};
/* End PBXCopyFilesBuildPhase section */

/* Begin PBXFileReference section */
		C503F86A25873D7100E5EF6C /* README.md */ = {isa = PBXFileReference; lastKnownFileType = net.daringfireball.markdown; path = README.md; sourceTree = "<group>"; };
		C503F86B2587E4FB00E5EF6C /* BusSchedule.swift */ = {isa = PBXFileReference; lastKnownFileType = sourcecode.swift; path = BusSchedule.swift; sourceTree = "<group>"; };
		C503F8722587F02600E5EF6C /* DayThirteenTests.swift */ = {isa = PBXFileReference; lastKnownFileType = sourcecode.swift; path = DayThirteenTests.swift; sourceTree = "<group>"; };
		C503F8762587F31400E5EF6C /* DayThirteen.swift */ = {isa = PBXFileReference; lastKnownFileType = sourcecode.swift; path = DayThirteen.swift; sourceTree = "<group>"; };
		C503F87D2587F4A800E5EF6C /* day13input.txt */ = {isa = PBXFileReference; lastKnownFileType = text; path = day13input.txt; sourceTree = "<group>"; };
		C503F8822587FEFE00E5EF6C /* README.md */ = {isa = PBXFileReference; lastKnownFileType = net.daringfireball.markdown; path = README.md; sourceTree = "<group>"; };
		C53FFCEC2588648900B64A7A /* day14input.txt */ = {isa = PBXFileReference; lastKnownFileType = text; path = day14input.txt; sourceTree = "<group>"; };
		C53FFCED2588651D00B64A7A /* Int.swift */ = {isa = PBXFileReference; lastKnownFileType = sourcecode.swift; path = Int.swift; sourceTree = "<group>"; };
		C53FFCF42588660700B64A7A /* DayFourteenTests.swift */ = {isa = PBXFileReference; lastKnownFileType = sourcecode.swift; path = DayFourteenTests.swift; sourceTree = "<group>"; };
		C53FFCF825886CDD00B64A7A /* DockingProgram.swift */ = {isa = PBXFileReference; lastKnownFileType = sourcecode.swift; path = DockingProgram.swift; sourceTree = "<group>"; };
		C56A04AE258CF96A00D74D34 /* README.md */ = {isa = PBXFileReference; lastKnownFileType = net.daringfireball.markdown; path = README.md; sourceTree = "<group>"; };
		C56A04AF258CFB5F00D74D34 /* day18input.txt */ = {isa = PBXFileReference; lastKnownFileType = text; path = day18input.txt; sourceTree = "<group>"; };
		C56A04B0258CFCF300D74D34 /* MathEquation.swift */ = {isa = PBXFileReference; lastKnownFileType = sourcecode.swift; path = MathEquation.swift; sourceTree = "<group>"; };
		C56A04B7258D5BB100D74D34 /* DayEighteenTests.swift */ = {isa = PBXFileReference; lastKnownFileType = sourcecode.swift; path = DayEighteenTests.swift; sourceTree = "<group>"; };
		C56A04BB258D5CEC00D74D34 /* DayEighteen.swift */ = {isa = PBXFileReference; lastKnownFileType = sourcecode.swift; path = DayEighteen.swift; sourceTree = "<group>"; };
		C56A04C1258ED38300D74D34 /* README.md */ = {isa = PBXFileReference; lastKnownFileType = net.daringfireball.markdown; path = README.md; sourceTree = "<group>"; };
		C56A04C2258ED5C200D74D34 /* MessageRule.swift */ = {isa = PBXFileReference; lastKnownFileType = sourcecode.swift; path = MessageRule.swift; sourceTree = "<group>"; };
		C56A04C9258ED6EE00D74D34 /* day19input.txt */ = {isa = PBXFileReference; lastKnownFileType = text; path = day19input.txt; sourceTree = "<group>"; };
		C56A04CD258EDC4C00D74D34 /* DayNineteenTests.swift */ = {isa = PBXFileReference; lastKnownFileType = sourcecode.swift; path = DayNineteenTests.swift; sourceTree = "<group>"; };
		C56A04D1258EDF6C00D74D34 /* RuleParser.swift */ = {isa = PBXFileReference; lastKnownFileType = sourcecode.swift; path = RuleParser.swift; sourceTree = "<group>"; };
		C56A04D8258F0F9D00D74D34 /* DayNineteen.swift */ = {isa = PBXFileReference; lastKnownFileType = sourcecode.swift; path = DayNineteen.swift; sourceTree = "<group>"; };
		C56A04DF259020F100D74D34 /* README.md */ = {isa = PBXFileReference; lastKnownFileType = net.daringfireball.markdown; path = README.md; sourceTree = "<group>"; };
		C56A04E1259023BF00D74D34 /* SatelliteImageTile.swift */ = {isa = PBXFileReference; lastKnownFileType = sourcecode.swift; path = SatelliteImageTile.swift; sourceTree = "<group>"; };
		C56A04E82590282500D74D34 /* DayTwenty.swift */ = {isa = PBXFileReference; lastKnownFileType = sourcecode.swift; path = DayTwenty.swift; sourceTree = "<group>"; };
		C56A04EF25902BAF00D74D34 /* DayTwentyTests.swift */ = {isa = PBXFileReference; lastKnownFileType = sourcecode.swift; path = DayTwentyTests.swift; sourceTree = "<group>"; };
		C583323C2591CA7E0059FAB0 /* SatelliteImage.swift */ = {isa = PBXFileReference; lastKnownFileType = sourcecode.swift; path = SatelliteImage.swift; sourceTree = "<group>"; };
		C58332472591CCCC0059FAB0 /* day20input.txt */ = {isa = PBXFileReference; lastKnownFileType = text; path = day20input.txt; sourceTree = "<group>"; };
		C59C89C92583367200453AE9 /* README.md */ = {isa = PBXFileReference; lastKnownFileType = net.daringfireball.markdown; path = README.md; sourceTree = "<group>"; };
		C59C89CA2583378500453AE9 /* day11input.txt */ = {isa = PBXFileReference; lastKnownFileType = text; path = day11input.txt; sourceTree = "<group>"; };
		C59C89CB2584041D00453AE9 /* SeatMap.swift */ = {isa = PBXFileReference; lastKnownFileType = sourcecode.swift; path = SeatMap.swift; sourceTree = "<group>"; };
		C59C89D22584092700453AE9 /* DayElevenTests.swift */ = {isa = PBXFileReference; lastKnownFileType = sourcecode.swift; path = DayElevenTests.swift; sourceTree = "<group>"; };
		C59C89D6258410D900453AE9 /* SeatMapModeler.swift */ = {isa = PBXFileReference; lastKnownFileType = sourcecode.swift; path = SeatMapModeler.swift; sourceTree = "<group>"; };
		C59C89E2258419C200453AE9 /* DayEleven.swift */ = {isa = PBXFileReference; lastKnownFileType = sourcecode.swift; path = DayEleven.swift; sourceTree = "<group>"; };
		C59C89EA2586A4B600453AE9 /* README.md */ = {isa = PBXFileReference; lastKnownFileType = net.daringfireball.markdown; path = README.md; sourceTree = "<group>"; };
		C59C89EB2586A5D800453AE9 /* day12input.txt */ = {isa = PBXFileReference; lastKnownFileType = text; path = day12input.txt; sourceTree = "<group>"; };
		C59C89F12586A60A00453AE9 /* Ferry.swift */ = {isa = PBXFileReference; lastKnownFileType = sourcecode.swift; path = Ferry.swift; sourceTree = "<group>"; };
		C59C89F62586A82D00453AE9 /* DayTwelveTests.swift */ = {isa = PBXFileReference; lastKnownFileType = sourcecode.swift; path = DayTwelveTests.swift; sourceTree = "<group>"; };
		C59C89FA2586ADD400453AE9 /* DayTwelve.swift */ = {isa = PBXFileReference; lastKnownFileType = sourcecode.swift; path = DayTwelve.swift; sourceTree = "<group>"; };
		C5A38F83258870350033028E /* DayFourteen.swift */ = {isa = PBXFileReference; lastKnownFileType = sourcecode.swift; path = DayFourteen.swift; sourceTree = "<group>"; };
		C5A38F8D2589092C0033028E /* README.md */ = {isa = PBXFileReference; lastKnownFileType = net.daringfireball.markdown; path = README.md; sourceTree = "<group>"; };
		C5A38F8E25895DE50033028E /* MemoryGame.swift */ = {isa = PBXFileReference; lastKnownFileType = sourcecode.swift; path = MemoryGame.swift; sourceTree = "<group>"; };
		C5A38F9525896F4F0033028E /* DayFifteenTests.swift */ = {isa = PBXFileReference; lastKnownFileType = sourcecode.swift; path = DayFifteenTests.swift; sourceTree = "<group>"; };
		C5A38F99258974D60033028E /* DayFifteen.swift */ = {isa = PBXFileReference; lastKnownFileType = sourcecode.swift; path = DayFifteen.swift; sourceTree = "<group>"; };
		C5A38FA0258975580033028E /* day15input.txt */ = {isa = PBXFileReference; lastKnownFileType = text; path = day15input.txt; sourceTree = "<group>"; };
		C5A38FA7258A686F0033028E /* README.md */ = {isa = PBXFileReference; lastKnownFileType = net.daringfireball.markdown; path = README.md; sourceTree = "<group>"; };
		C5A38FA8258A6AF70033028E /* day16input.txt */ = {isa = PBXFileReference; lastKnownFileType = text; path = day16input.txt; sourceTree = "<group>"; };
		C5A38FAE258A92260033028E /* TicketScanner.swift */ = {isa = PBXFileReference; lastKnownFileType = sourcecode.swift; path = TicketScanner.swift; sourceTree = "<group>"; };
		C5A38FB3258A9C9D0033028E /* DaySixteenTests.swift */ = {isa = PBXFileReference; lastKnownFileType = sourcecode.swift; path = DaySixteenTests.swift; sourceTree = "<group>"; };
		C5A38FB7258B109D0033028E /* DaySixteen.swift */ = {isa = PBXFileReference; lastKnownFileType = sourcecode.swift; path = DaySixteen.swift; sourceTree = "<group>"; };
		C5A38FBE258B22120033028E /* ClosedRangeWithGap.swift */ = {isa = PBXFileReference; lastKnownFileType = sourcecode.swift; path = ClosedRangeWithGap.swift; sourceTree = "<group>"; };
		C5A38FC6258BA6440033028E /* README.md */ = {isa = PBXFileReference; lastKnownFileType = net.daringfireball.markdown; path = README.md; sourceTree = "<group>"; };
		C5A38FC7258BAA460033028E /* day17input.txt */ = {isa = PBXFileReference; lastKnownFileType = text; path = day17input.txt; sourceTree = "<group>"; };
		C5A38FCD258BAB9F0033028E /* PowerSource.swift */ = {isa = PBXFileReference; lastKnownFileType = sourcecode.swift; path = PowerSource.swift; sourceTree = "<group>"; };
		C5A38FD2258BABBB0033028E /* ConwayCube.swift */ = {isa = PBXFileReference; lastKnownFileType = sourcecode.swift; path = ConwayCube.swift; sourceTree = "<group>"; };
		C5A38FD7258BABF20033028E /* TreeDCoordinate.swift */ = {isa = PBXFileReference; lastKnownFileType = sourcecode.swift; path = TreeDCoordinate.swift; sourceTree = "<group>"; };
		C5A39073258C309C0033028E /* DaySeventeenTests.swift */ = {isa = PBXFileReference; lastKnownFileType = sourcecode.swift; path = DaySeventeenTests.swift; sourceTree = "<group>"; };
		C5A39077258C39690033028E /* DaySeventeen.swift */ = {isa = PBXFileReference; lastKnownFileType = sourcecode.swift; path = DaySeventeen.swift; sourceTree = "<group>"; };
		C5A3907E258C3AE80033028E /* FourDCoordinate.swift */ = {isa = PBXFileReference; lastKnownFileType = sourcecode.swift; path = FourDCoordinate.swift; sourceTree = "<group>"; };
		C5A3908C258C3C840033028E /* PowerSourceCoordinate.swift */ = {isa = PBXFileReference; lastKnownFileType = sourcecode.swift; path = PowerSourceCoordinate.swift; sourceTree = "<group>"; };
		C5A39091258C3D4E0033028E /* ExperimentalPowerSource.swift */ = {isa = PBXFileReference; lastKnownFileType = sourcecode.swift; path = ExperimentalPowerSource.swift; sourceTree = "<group>"; };
		C5B06B712576945C0031D307 /* aoc2020 */ = {isa = PBXFileReference; explicitFileType = "compiled.mach-o.executable"; includeInIndex = 0; path = aoc2020; sourceTree = BUILT_PRODUCTS_DIR; };
		C5B06B742576945C0031D307 /* main.swift */ = {isa = PBXFileReference; lastKnownFileType = sourcecode.swift; path = main.swift; sourceTree = "<group>"; };
		C5B06B7C2576949C0031D307 /* AdventDay.swift */ = {isa = PBXFileReference; lastKnownFileType = sourcecode.swift; path = AdventDay.swift; sourceTree = "<group>"; };
		C5B06B7F257694CA0031D307 /* EmptyDay.swift */ = {isa = PBXFileReference; lastKnownFileType = sourcecode.swift; path = EmptyDay.swift; sourceTree = "<group>"; };
		C5B06B832576952D0031D307 /* README.md */ = {isa = PBXFileReference; lastKnownFileType = net.daringfireball.markdown; path = README.md; sourceTree = "<group>"; };
		C5B06B842576953B0031D307 /* DayOne.swift */ = {isa = PBXFileReference; lastKnownFileType = sourcecode.swift; path = DayOne.swift; sourceTree = "<group>"; };
		C5B06B8925769A430031D307 /* day1input.txt */ = {isa = PBXFileReference; lastKnownFileType = text; path = day1input.txt; sourceTree = "<group>"; };
		C5B06C022577E6920031D307 /* README.md */ = {isa = PBXFileReference; lastKnownFileType = net.daringfireball.markdown; path = README.md; sourceTree = "<group>"; };
		C5B06C032577E6F10031D307 /* day2input.txt */ = {isa = PBXFileReference; lastKnownFileType = text; path = day2input.txt; sourceTree = "<group>"; };
		C5B06C042577E76C0031D307 /* DayTwo.swift */ = {isa = PBXFileReference; lastKnownFileType = sourcecode.swift; path = DayTwo.swift; sourceTree = "<group>"; };
		C5B06C6E257828720031D307 /* String.swift */ = {isa = PBXFileReference; lastKnownFileType = sourcecode.swift; path = String.swift; sourceTree = "<group>"; };
		C5B06C7825782AEA0031D307 /* Test.xctest */ = {isa = PBXFileReference; explicitFileType = wrapper.cfbundle; includeInIndex = 0; path = Test.xctest; sourceTree = BUILT_PRODUCTS_DIR; };
		C5B06C7A25782AEB0031D307 /* Test.swift */ = {isa = PBXFileReference; lastKnownFileType = sourcecode.swift; path = Test.swift; sourceTree = "<group>"; };
		C5B06C7C25782AEB0031D307 /* Info.plist */ = {isa = PBXFileReference; lastKnownFileType = text.plist.xml; path = Info.plist; sourceTree = "<group>"; };
		C5B06C8225782AFE0031D307 /* DayTwoTests.swift */ = {isa = PBXFileReference; lastKnownFileType = sourcecode.swift; path = DayTwoTests.swift; sourceTree = "<group>"; };
		C5B06C96257831230031D307 /* PasswordPolicy.swift */ = {isa = PBXFileReference; lastKnownFileType = sourcecode.swift; path = PasswordPolicy.swift; sourceTree = "<group>"; };
		C5B06CFE2579459D0031D307 /* README.md */ = {isa = PBXFileReference; lastKnownFileType = net.daringfireball.markdown; path = README.md; sourceTree = "<group>"; };
		C5B06CFF2579467C0031D307 /* day3input.txt */ = {isa = PBXFileReference; lastKnownFileType = text; path = day3input.txt; sourceTree = "<group>"; };
		C5B06D002579D80F0031D307 /* DayThree.swift */ = {isa = PBXFileReference; lastKnownFileType = sourcecode.swift; path = DayThree.swift; sourceTree = "<group>"; };
		C5B06D072579D8520031D307 /* Forest.swift */ = {isa = PBXFileReference; lastKnownFileType = sourcecode.swift; path = Forest.swift; sourceTree = "<group>"; };
		C5B06D0E2579DC440031D307 /* DayThreeTests.swift */ = {isa = PBXFileReference; lastKnownFileType = sourcecode.swift; path = DayThreeTests.swift; sourceTree = "<group>"; };
		C5B06D122579DE730031D307 /* Coordinate.swift */ = {isa = PBXFileReference; lastKnownFileType = sourcecode.swift; path = Coordinate.swift; sourceTree = "<group>"; };
		C5B06D18257A917E0031D307 /* README.md */ = {isa = PBXFileReference; lastKnownFileType = net.daringfireball.markdown; path = README.md; sourceTree = "<group>"; };
		C5B06D19257A938E0031D307 /* day4input.txt */ = {isa = PBXFileReference; lastKnownFileType = text; path = day4input.txt; sourceTree = "<group>"; };
		C5B06D1F257A93CB0031D307 /* DayFour.swift */ = {isa = PBXFileReference; lastKnownFileType = sourcecode.swift; path = DayFour.swift; sourceTree = "<group>"; };
		C5B06D24257A94110031D307 /* Passport.swift */ = {isa = PBXFileReference; lastKnownFileType = sourcecode.swift; path = Passport.swift; sourceTree = "<group>"; };
		C5B06D29257AAB6D0031D307 /* DayFourTests.swift */ = {isa = PBXFileReference; lastKnownFileType = sourcecode.swift; path = DayFourTests.swift; sourceTree = "<group>"; };
		C5B06D90257B5D4A0031D307 /* README.md */ = {isa = PBXFileReference; lastKnownFileType = net.daringfireball.markdown; path = README.md; sourceTree = "<group>"; };
		C5B06D91257B5D510031D307 /* DayFive.swift */ = {isa = PBXFileReference; lastKnownFileType = sourcecode.swift; path = DayFive.swift; sourceTree = "<group>"; };
		C5B06D98257B5F170031D307 /* BoardingPass.swift */ = {isa = PBXFileReference; lastKnownFileType = sourcecode.swift; path = BoardingPass.swift; sourceTree = "<group>"; };
		C5B06D9F257B5FBE0031D307 /* day5input.txt */ = {isa = PBXFileReference; lastKnownFileType = text; path = day5input.txt; sourceTree = "<group>"; };
		C5B06DA0257B5FF90031D307 /* DayFiveTests.swift */ = {isa = PBXFileReference; lastKnownFileType = sourcecode.swift; path = DayFiveTests.swift; sourceTree = "<group>"; };
		C5B06DA7257D0EB30031D307 /* README.md */ = {isa = PBXFileReference; lastKnownFileType = net.daringfireball.markdown; path = README.md; sourceTree = "<group>"; };
		C5B06DA8257D0FDF0031D307 /* day6input.txt */ = {isa = PBXFileReference; lastKnownFileType = text; path = day6input.txt; sourceTree = "<group>"; };
		C5B06DA9257D0FEC0031D307 /* DaySix.swift */ = {isa = PBXFileReference; lastKnownFileType = sourcecode.swift; path = DaySix.swift; sourceTree = "<group>"; };
		C5B06DB0257D10210031D307 /* DaySixTests.swift */ = {isa = PBXFileReference; lastKnownFileType = sourcecode.swift; path = DaySixTests.swift; sourceTree = "<group>"; };
		C5B06DB4257D129C0031D307 /* CustomsForm.swift */ = {isa = PBXFileReference; lastKnownFileType = sourcecode.swift; path = CustomsForm.swift; sourceTree = "<group>"; };
		C5B06DC1257DF6D60031D307 /* README.md */ = {isa = PBXFileReference; lastKnownFileType = net.daringfireball.markdown; path = README.md; sourceTree = "<group>"; };
		C5B06DC2257DF7FC0031D307 /* day7input.txt */ = {isa = PBXFileReference; lastKnownFileType = text; path = day7input.txt; sourceTree = "<group>"; };
		C5B06DD0257E847F0031D307 /* DaySeven.swift */ = {isa = PBXFileReference; lastKnownFileType = sourcecode.swift; path = DaySeven.swift; sourceTree = "<group>"; };
		C5B06DD7257E851F0031D307 /* LuggageRule.swift */ = {isa = PBXFileReference; lastKnownFileType = sourcecode.swift; path = LuggageRule.swift; sourceTree = "<group>"; };
		C5B06DDC257E88810031D307 /* LuggageRuleSet.swift */ = {isa = PBXFileReference; lastKnownFileType = sourcecode.swift; path = LuggageRuleSet.swift; sourceTree = "<group>"; };
		C5B06DE1257E9B600031D307 /* DaySevenTests.swift */ = {isa = PBXFileReference; lastKnownFileType = sourcecode.swift; path = DaySevenTests.swift; sourceTree = "<group>"; };
		C5B06DE5257EACE70031D307 /* Array.swift */ = {isa = PBXFileReference; lastKnownFileType = sourcecode.swift; path = Array.swift; sourceTree = "<group>"; };
		C5B06DF9257F40490031D307 /* README.md */ = {isa = PBXFileReference; lastKnownFileType = net.daringfireball.markdown; path = README.md; sourceTree = "<group>"; };
		C5B06DFA257F42170031D307 /* day8input.txt */ = {isa = PBXFileReference; lastKnownFileType = text; path = day8input.txt; sourceTree = "<group>"; };
		C5B06E02257F44160031D307 /* BootCode.swift */ = {isa = PBXFileReference; lastKnownFileType = sourcecode.swift; path = BootCode.swift; sourceTree = "<group>"; };
		C5B06E07257F48350031D307 /* DayEightTests.swift */ = {isa = PBXFileReference; lastKnownFileType = sourcecode.swift; path = DayEightTests.swift; sourceTree = "<group>"; };
		C5B06E0B257F4E7E0031D307 /* DayEight.swift */ = {isa = PBXFileReference; lastKnownFileType = sourcecode.swift; path = DayEight.swift; sourceTree = "<group>"; };
		C5B06E2725809AD30031D307 /* README.md */ = {isa = PBXFileReference; lastKnownFileType = net.daringfireball.markdown; path = README.md; sourceTree = "<group>"; };
		C5B06E2825809CE70031D307 /* XMASCypher.swift */ = {isa = PBXFileReference; lastKnownFileType = sourcecode.swift; path = XMASCypher.swift; sourceTree = "<group>"; };
		C5B06E2F25809D040031D307 /* day9input.txt */ = {isa = PBXFileReference; lastKnownFileType = text; path = day9input.txt; sourceTree = "<group>"; };
		C5B06E352580A26A0031D307 /* DayNineTests.swift */ = {isa = PBXFileReference; lastKnownFileType = sourcecode.swift; path = DayNineTests.swift; sourceTree = "<group>"; };
		C5B06E392580A6520031D307 /* DayNine.swift */ = {isa = PBXFileReference; lastKnownFileType = sourcecode.swift; path = DayNine.swift; sourceTree = "<group>"; };
		C5B06E9F2581FFF90031D307 /* README.md */ = {isa = PBXFileReference; lastKnownFileType = net.daringfireball.markdown; path = README.md; sourceTree = "<group>"; };
		C5B06EA0258202270031D307 /* day10input.txt */ = {isa = PBXFileReference; lastKnownFileType = text; path = day10input.txt; sourceTree = "<group>"; };
		C5B06EA62582023E0031D307 /* AdapterArray.swift */ = {isa = PBXFileReference; lastKnownFileType = sourcecode.swift; path = AdapterArray.swift; sourceTree = "<group>"; };
		C5B06EAB2582028E0031D307 /* DayTenTests.swift */ = {isa = PBXFileReference; lastKnownFileType = sourcecode.swift; path = DayTenTests.swift; sourceTree = "<group>"; };
		C5B06EAF258202950031D307 /* DayTen.swift */ = {isa = PBXFileReference; lastKnownFileType = sourcecode.swift; path = DayTen.swift; sourceTree = "<group>"; };
/* End PBXFileReference section */

/* Begin PBXFrameworksBuildPhase section */
		C5B06B6E2576945C0031D307 /* Frameworks */ = {
			isa = PBXFrameworksBuildPhase;
			buildActionMask = 2147483647;
			files = (
			);
			runOnlyForDeploymentPostprocessing = 0;
		};
		C5B06C7525782AEA0031D307 /* Frameworks */ = {
			isa = PBXFrameworksBuildPhase;
			buildActionMask = 2147483647;
			files = (
			);
			runOnlyForDeploymentPostprocessing = 0;
		};
/* End PBXFrameworksBuildPhase section */

/* Begin PBXGroup section */
		C503F86925873D6500E5EF6C /* day13 */ = {
			isa = PBXGroup;
			children = (
				C503F86A25873D7100E5EF6C /* README.md */,
				C503F8762587F31400E5EF6C /* DayThirteen.swift */,
				C503F86B2587E4FB00E5EF6C /* BusSchedule.swift */,
			);
			path = day13;
			sourceTree = "<group>";
		};
		C503F8812587FEF000E5EF6C /* day14 */ = {
			isa = PBXGroup;
			children = (
				C503F8822587FEFE00E5EF6C /* README.md */,
				C5A38F83258870350033028E /* DayFourteen.swift */,
				C53FFCF825886CDD00B64A7A /* DockingProgram.swift */,
				C53FFCED2588651D00B64A7A /* Int.swift */,
			);
			path = day14;
			sourceTree = "<group>";
		};
		C56A04AD258CF95B00D74D34 /* day18 */ = {
			isa = PBXGroup;
			children = (
				C56A04AE258CF96A00D74D34 /* README.md */,
				C56A04BB258D5CEC00D74D34 /* DayEighteen.swift */,
				C56A04B0258CFCF300D74D34 /* MathEquation.swift */,
			);
			path = day18;
			sourceTree = "<group>";
		};
		C56A04C0258ED37900D74D34 /* day19 */ = {
			isa = PBXGroup;
			children = (
				C56A04C1258ED38300D74D34 /* README.md */,
				C56A04D8258F0F9D00D74D34 /* DayNineteen.swift */,
				C56A04C2258ED5C200D74D34 /* MessageRule.swift */,
				C56A04D1258EDF6C00D74D34 /* RuleParser.swift */,
			);
			path = day19;
			sourceTree = "<group>";
		};
		C56A04E02590210F00D74D34 /* day20 */ = {
			isa = PBXGroup;
			children = (
				C56A04DF259020F100D74D34 /* README.md */,
				C56A04E82590282500D74D34 /* DayTwenty.swift */,
				C583323C2591CA7E0059FAB0 /* SatelliteImage.swift */,
				C56A04E1259023BF00D74D34 /* SatelliteImageTile.swift */,
			);
			path = day20;
			sourceTree = "<group>";
		};
		C59C89C82583366700453AE9 /* day11 */ = {
			isa = PBXGroup;
			children = (
				C59C89C92583367200453AE9 /* README.md */,
				C59C89E2258419C200453AE9 /* DayEleven.swift */,
				C59C89CB2584041D00453AE9 /* SeatMap.swift */,
				C59C89D6258410D900453AE9 /* SeatMapModeler.swift */,
			);
			path = day11;
			sourceTree = "<group>";
		};
		C59C89E92586A4AD00453AE9 /* day12 */ = {
			isa = PBXGroup;
			children = (
				C59C89EA2586A4B600453AE9 /* README.md */,
				C59C89FA2586ADD400453AE9 /* DayTwelve.swift */,
				C59C89F12586A60A00453AE9 /* Ferry.swift */,
			);
			path = day12;
			sourceTree = "<group>";
		};
		C5A38F8C258909220033028E /* day15 */ = {
			isa = PBXGroup;
			children = (
				C5A38F8D2589092C0033028E /* README.md */,
				C5A38F99258974D60033028E /* DayFifteen.swift */,
				C5A38F8E25895DE50033028E /* MemoryGame.swift */,
			);
			path = day15;
			sourceTree = "<group>";
		};
		C5A38FA6258A68650033028E /* day16 */ = {
			isa = PBXGroup;
			children = (
				C5A38FA7258A686F0033028E /* README.md */,
				C5A38FB7258B109D0033028E /* DaySixteen.swift */,
				C5A38FAE258A92260033028E /* TicketScanner.swift */,
				C5A38FBE258B22120033028E /* ClosedRangeWithGap.swift */,
			);
			path = day16;
			sourceTree = "<group>";
		};
		C5A38FC5258BA63B0033028E /* day17 */ = {
			isa = PBXGroup;
			children = (
				C5A38FC6258BA6440033028E /* README.md */,
				C5A39077258C39690033028E /* DaySeventeen.swift */,
				C5A38FCD258BAB9F0033028E /* PowerSource.swift */,
				C5A39091258C3D4E0033028E /* ExperimentalPowerSource.swift */,
				C5A38FD2258BABBB0033028E /* ConwayCube.swift */,
				C5A38FD7258BABF20033028E /* TreeDCoordinate.swift */,
				C5A3907E258C3AE80033028E /* FourDCoordinate.swift */,
				C5A3908C258C3C840033028E /* PowerSourceCoordinate.swift */,
			);
			path = day17;
			sourceTree = "<group>";
		};
		C5B06B682576945C0031D307 = {
			isa = PBXGroup;
			children = (
				C5B06B732576945C0031D307 /* aoc2020 */,
				C5B06C7925782AEB0031D307 /* Test */,
				C5B06B722576945C0031D307 /* Products */,
			);
			sourceTree = "<group>";
		};
		C5B06B722576945C0031D307 /* Products */ = {
			isa = PBXGroup;
			children = (
				C5B06B712576945C0031D307 /* aoc2020 */,
				C5B06C7825782AEA0031D307 /* Test.xctest */,
			);
			name = Products;
			sourceTree = "<group>";
		};
		C5B06B732576945C0031D307 /* aoc2020 */ = {
			isa = PBXGroup;
			children = (
				C5B06C6D257828650031D307 /* shared */,
				C5B06B8825769A2F0031D307 /* data */,
				C5B06B822576951F0031D307 /* day01 */,
				C5B06C012577E6880031D307 /* day02 */,
				C5B06CFD257945940031D307 /* day03 */,
				C5B06D17257A91780031D307 /* day04 */,
				C5B06D8F257B5D440031D307 /* day05 */,
				C5B06DA6257D0EAB0031D307 /* day06 */,
				C5B06DC0257DF6CB0031D307 /* day07 */,
				C5B06DEA257F400D0031D307 /* day08 */,
				C5B06E2625809AC80031D307 /* day09 */,
				C5B06E9E2581FFEE0031D307 /* day10 */,
				C59C89C82583366700453AE9 /* day11 */,
				C59C89E92586A4AD00453AE9 /* day12 */,
				C503F86925873D6500E5EF6C /* day13 */,
				C503F8812587FEF000E5EF6C /* day14 */,
				C5A38F8C258909220033028E /* day15 */,
				C5A38FA6258A68650033028E /* day16 */,
				C5A38FC5258BA63B0033028E /* day17 */,
				C56A04AD258CF95B00D74D34 /* day18 */,
				C56A04C0258ED37900D74D34 /* day19 */,
				C56A04E02590210F00D74D34 /* day20 */,
				C5B06B742576945C0031D307 /* main.swift */,
				C5B06B7C2576949C0031D307 /* AdventDay.swift */,
				C5B06B7F257694CA0031D307 /* EmptyDay.swift */,
			);
			path = aoc2020;
			sourceTree = "<group>";
		};
		C5B06B822576951F0031D307 /* day01 */ = {
			isa = PBXGroup;
			children = (
				C5B06B832576952D0031D307 /* README.md */,
				C5B06B842576953B0031D307 /* DayOne.swift */,
			);
			path = day01;
			sourceTree = "<group>";
		};
		C5B06B8825769A2F0031D307 /* data */ = {
			isa = PBXGroup;
			children = (
				C5B06B8925769A430031D307 /* day1input.txt */,
				C5B06C032577E6F10031D307 /* day2input.txt */,
				C5B06CFF2579467C0031D307 /* day3input.txt */,
				C5B06D19257A938E0031D307 /* day4input.txt */,
				C5B06D9F257B5FBE0031D307 /* day5input.txt */,
				C5B06DA8257D0FDF0031D307 /* day6input.txt */,
				C5B06DC2257DF7FC0031D307 /* day7input.txt */,
				C5B06DFA257F42170031D307 /* day8input.txt */,
				C5B06E2F25809D040031D307 /* day9input.txt */,
				C5B06EA0258202270031D307 /* day10input.txt */,
				C59C89CA2583378500453AE9 /* day11input.txt */,
				C59C89EB2586A5D800453AE9 /* day12input.txt */,
				C503F87D2587F4A800E5EF6C /* day13input.txt */,
				C53FFCEC2588648900B64A7A /* day14input.txt */,
				C5A38FA0258975580033028E /* day15input.txt */,
				C5A38FA8258A6AF70033028E /* day16input.txt */,
				C5A38FC7258BAA460033028E /* day17input.txt */,
				C56A04AF258CFB5F00D74D34 /* day18input.txt */,
				C56A04C9258ED6EE00D74D34 /* day19input.txt */,
				C58332472591CCCC0059FAB0 /* day20input.txt */,
			);
			path = data;
			sourceTree = "<group>";
		};
		C5B06C012577E6880031D307 /* day02 */ = {
			isa = PBXGroup;
			children = (
				C5B06C022577E6920031D307 /* README.md */,
				C5B06C042577E76C0031D307 /* DayTwo.swift */,
				C5B06C96257831230031D307 /* PasswordPolicy.swift */,
			);
			path = day02;
			sourceTree = "<group>";
		};
		C5B06C6D257828650031D307 /* shared */ = {
			isa = PBXGroup;
			children = (
				C5B06C6E257828720031D307 /* String.swift */,
				C5B06D122579DE730031D307 /* Coordinate.swift */,
				C5B06DE5257EACE70031D307 /* Array.swift */,
			);
			path = shared;
			sourceTree = "<group>";
		};
		C5B06C7925782AEB0031D307 /* Test */ = {
			isa = PBXGroup;
			children = (
				C5B06C7A25782AEB0031D307 /* Test.swift */,
				C5B06C7C25782AEB0031D307 /* Info.plist */,
				C5B06C8225782AFE0031D307 /* DayTwoTests.swift */,
				C5B06D0E2579DC440031D307 /* DayThreeTests.swift */,
				C5B06D29257AAB6D0031D307 /* DayFourTests.swift */,
				C5B06DA0257B5FF90031D307 /* DayFiveTests.swift */,
				C5B06DB0257D10210031D307 /* DaySixTests.swift */,
				C5B06DE1257E9B600031D307 /* DaySevenTests.swift */,
				C5B06E07257F48350031D307 /* DayEightTests.swift */,
				C5B06E352580A26A0031D307 /* DayNineTests.swift */,
				C5B06EAB2582028E0031D307 /* DayTenTests.swift */,
				C59C89D22584092700453AE9 /* DayElevenTests.swift */,
				C59C89F62586A82D00453AE9 /* DayTwelveTests.swift */,
				C503F8722587F02600E5EF6C /* DayThirteenTests.swift */,
				C53FFCF42588660700B64A7A /* DayFourteenTests.swift */,
				C5A38F9525896F4F0033028E /* DayFifteenTests.swift */,
				C5A38FB3258A9C9D0033028E /* DaySixteenTests.swift */,
				C5A39073258C309C0033028E /* DaySeventeenTests.swift */,
				C56A04B7258D5BB100D74D34 /* DayEighteenTests.swift */,
				C56A04CD258EDC4C00D74D34 /* DayNineteenTests.swift */,
				C56A04EF25902BAF00D74D34 /* DayTwentyTests.swift */,
			);
			path = Test;
			sourceTree = "<group>";
		};
		C5B06CFD257945940031D307 /* day03 */ = {
			isa = PBXGroup;
			children = (
				C5B06CFE2579459D0031D307 /* README.md */,
				C5B06D002579D80F0031D307 /* DayThree.swift */,
				C5B06D072579D8520031D307 /* Forest.swift */,
			);
			path = day03;
			sourceTree = "<group>";
		};
		C5B06D17257A91780031D307 /* day04 */ = {
			isa = PBXGroup;
			children = (
				C5B06D18257A917E0031D307 /* README.md */,
				C5B06D1F257A93CB0031D307 /* DayFour.swift */,
				C5B06D24257A94110031D307 /* Passport.swift */,
			);
			path = day04;
			sourceTree = "<group>";
		};
		C5B06D8F257B5D440031D307 /* day05 */ = {
			isa = PBXGroup;
			children = (
				C5B06D90257B5D4A0031D307 /* README.md */,
				C5B06D91257B5D510031D307 /* DayFive.swift */,
				C5B06D98257B5F170031D307 /* BoardingPass.swift */,
			);
			path = day05;
			sourceTree = "<group>";
		};
		C5B06DA6257D0EAB0031D307 /* day06 */ = {
			isa = PBXGroup;
			children = (
				C5B06DA7257D0EB30031D307 /* README.md */,
				C5B06DA9257D0FEC0031D307 /* DaySix.swift */,
				C5B06DB4257D129C0031D307 /* CustomsForm.swift */,
			);
			path = day06;
			sourceTree = "<group>";
		};
		C5B06DC0257DF6CB0031D307 /* day07 */ = {
			isa = PBXGroup;
			children = (
				C5B06DC1257DF6D60031D307 /* README.md */,
				C5B06DD0257E847F0031D307 /* DaySeven.swift */,
				C5B06DD7257E851F0031D307 /* LuggageRule.swift */,
				C5B06DDC257E88810031D307 /* LuggageRuleSet.swift */,
			);
			path = day07;
			sourceTree = "<group>";
		};
		C5B06DEA257F400D0031D307 /* day08 */ = {
			isa = PBXGroup;
			children = (
				C5B06DF9257F40490031D307 /* README.md */,
				C5B06E0B257F4E7E0031D307 /* DayEight.swift */,
				C5B06E02257F44160031D307 /* BootCode.swift */,
			);
			path = day08;
			sourceTree = "<group>";
		};
		C5B06E2625809AC80031D307 /* day09 */ = {
			isa = PBXGroup;
			children = (
				C5B06E2725809AD30031D307 /* README.md */,
				C5B06E392580A6520031D307 /* DayNine.swift */,
				C5B06E2825809CE70031D307 /* XMASCypher.swift */,
			);
			path = day09;
			sourceTree = "<group>";
		};
		C5B06E9E2581FFEE0031D307 /* day10 */ = {
			isa = PBXGroup;
			children = (
				C5B06E9F2581FFF90031D307 /* README.md */,
				C5B06EAF258202950031D307 /* DayTen.swift */,
				C5B06EA62582023E0031D307 /* AdapterArray.swift */,
			);
			path = day10;
			sourceTree = "<group>";
		};
/* End PBXGroup section */

/* Begin PBXNativeTarget section */
		C5B06B702576945C0031D307 /* aoc2020 */ = {
			isa = PBXNativeTarget;
			buildConfigurationList = C5B06B782576945C0031D307 /* Build configuration list for PBXNativeTarget "aoc2020" */;
			buildPhases = (
				C5B06B6D2576945C0031D307 /* Sources */,
				C5B06B6E2576945C0031D307 /* Frameworks */,
				C5B06B6F2576945C0031D307 /* CopyFiles */,
			);
			buildRules = (
			);
			dependencies = (
			);
			name = aoc2020;
			productName = aoc2020;
			productReference = C5B06B712576945C0031D307 /* aoc2020 */;
			productType = "com.apple.product-type.tool";
		};
		C5B06C7725782AEA0031D307 /* Test */ = {
			isa = PBXNativeTarget;
			buildConfigurationList = C5B06C7D25782AEB0031D307 /* Build configuration list for PBXNativeTarget "Test" */;
			buildPhases = (
				C5B06C7425782AEA0031D307 /* Sources */,
				C5B06C7525782AEA0031D307 /* Frameworks */,
				C5B06C7625782AEA0031D307 /* Resources */,
			);
			buildRules = (
			);
			dependencies = (
			);
			name = Test;
			productName = Test;
			productReference = C5B06C7825782AEA0031D307 /* Test.xctest */;
			productType = "com.apple.product-type.bundle.unit-test";
		};
/* End PBXNativeTarget section */

/* Begin PBXProject section */
		C5B06B692576945C0031D307 /* Project object */ = {
			isa = PBXProject;
			attributes = {
				LastSwiftUpdateCheck = 1220;
				LastUpgradeCheck = 1220;
				TargetAttributes = {
					C5B06B702576945C0031D307 = {
						CreatedOnToolsVersion = 12.2;
					};
					C5B06C7725782AEA0031D307 = {
						CreatedOnToolsVersion = 12.2;
					};
				};
			};
			buildConfigurationList = C5B06B6C2576945C0031D307 /* Build configuration list for PBXProject "aoc2020" */;
			compatibilityVersion = "Xcode 9.3";
			developmentRegion = en;
			hasScannedForEncodings = 0;
			knownRegions = (
				en,
				Base,
			);
			mainGroup = C5B06B682576945C0031D307;
			productRefGroup = C5B06B722576945C0031D307 /* Products */;
			projectDirPath = "";
			projectRoot = "";
			targets = (
				C5B06B702576945C0031D307 /* aoc2020 */,
				C5B06C7725782AEA0031D307 /* Test */,
			);
		};
/* End PBXProject section */

/* Begin PBXResourcesBuildPhase section */
		C5B06C7625782AEA0031D307 /* Resources */ = {
			isa = PBXResourcesBuildPhase;
			buildActionMask = 2147483647;
			files = (
				C5A38FA1258975580033028E /* day15input.txt in Resources */,
				C5B06EA1258202270031D307 /* day10input.txt in Resources */,
				C59C89EC2586A5D800453AE9 /* day12input.txt in Resources */,
				C503F87E2587F4A800E5EF6C /* day13input.txt in Resources */,
				C58332482591CCCC0059FAB0 /* day20input.txt in Resources */,
				C56A04CA258ED6EE00D74D34 /* day19input.txt in Resources */,
				C5A38FC8258BAA460033028E /* day17input.txt in Resources */,
				C5A38FA9258A6AF70033028E /* day16input.txt in Resources */,
			);
			runOnlyForDeploymentPostprocessing = 0;
		};
/* End PBXResourcesBuildPhase section */

/* Begin PBXSourcesBuildPhase section */
		C5B06B6D2576945C0031D307 /* Sources */ = {
			isa = PBXSourcesBuildPhase;
			buildActionMask = 2147483647;
			files = (
				C5B06D99257B5F170031D307 /* BoardingPass.swift in Sources */,
				C5B06E2925809CE70031D307 /* XMASCypher.swift in Sources */,
				C5B06DAA257D0FEC0031D307 /* DaySix.swift in Sources */,
				C5B06D20257A93CB0031D307 /* DayFour.swift in Sources */,
				C5B06D25257A94110031D307 /* Passport.swift in Sources */,
				C5A38FBF258B22120033028E /* ClosedRangeWithGap.swift in Sources */,
				C5B06EA72582023E0031D307 /* AdapterArray.swift in Sources */,
				C5B06B7D2576949C0031D307 /* AdventDay.swift in Sources */,
				C503F86C2587E4FB00E5EF6C /* BusSchedule.swift in Sources */,
				C5B06B752576945C0031D307 /* main.swift in Sources */,
				C5A3908D258C3C840033028E /* PowerSourceCoordinate.swift in Sources */,
				C5B06D92257B5D510031D307 /* DayFive.swift in Sources */,
				C5A38FB8258B109D0033028E /* DaySixteen.swift in Sources */,
				C56A04B1258CFCF300D74D34 /* MathEquation.swift in Sources */,
				C5B06EB0258202950031D307 /* DayTen.swift in Sources */,
				C5B06E3A2580A6520031D307 /* DayNine.swift in Sources */,
				C56A04D9258F0F9D00D74D34 /* DayNineteen.swift in Sources */,
				C5A38FAF258A92260033028E /* TicketScanner.swift in Sources */,
				C56A04BC258D5CEC00D74D34 /* DayEighteen.swift in Sources */,
				C59C89E3258419C200453AE9 /* DayEleven.swift in Sources */,
				C5A38FCE258BAB9F0033028E /* PowerSource.swift in Sources */,
				C503F8772587F31400E5EF6C /* DayThirteen.swift in Sources */,
				C59C89F22586A60A00453AE9 /* Ferry.swift in Sources */,
				C5B06D012579D80F0031D307 /* DayThree.swift in Sources */,
				C5A39078258C39690033028E /* DaySeventeen.swift in Sources */,
				C5B06DD1257E847F0031D307 /* DaySeven.swift in Sources */,
				C59C89D7258410D900453AE9 /* SeatMapModeler.swift in Sources */,
				C5A38F8F25895DE50033028E /* MemoryGame.swift in Sources */,
				C53FFCF925886CDD00B64A7A /* DockingProgram.swift in Sources */,
				C53FFCEE2588651D00B64A7A /* Int.swift in Sources */,
				C59C89CC2584041D00453AE9 /* SeatMap.swift in Sources */,
				C5B06E0C257F4E7E0031D307 /* DayEight.swift in Sources */,
				C5B06DE6257EACE70031D307 /* Array.swift in Sources */,
				C59C89FB2586ADD400453AE9 /* DayTwelve.swift in Sources */,
				C56A04E2259023BF00D74D34 /* SatelliteImageTile.swift in Sources */,
				C5B06D082579D8520031D307 /* Forest.swift in Sources */,
				C5B06C97257831230031D307 /* PasswordPolicy.swift in Sources */,
				C5B06E03257F44160031D307 /* BootCode.swift in Sources */,
				C5B06D132579DE730031D307 /* Coordinate.swift in Sources */,
				C5B06C6F257828720031D307 /* String.swift in Sources */,
				C5B06DDD257E88810031D307 /* LuggageRuleSet.swift in Sources */,
				C56A04E92590282500D74D34 /* DayTwenty.swift in Sources */,
				C5A38FD3258BABBB0033028E /* ConwayCube.swift in Sources */,
				C5A3907F258C3AE80033028E /* FourDCoordinate.swift in Sources */,
				C5A38F84258870350033028E /* DayFourteen.swift in Sources */,
				C5A38FD8258BABF20033028E /* TreeDCoordinate.swift in Sources */,
				C56A04C3258ED5C200D74D34 /* MessageRule.swift in Sources */,
				C56A04D2258EDF6C00D74D34 /* RuleParser.swift in Sources */,
				C583323D2591CA7E0059FAB0 /* SatelliteImage.swift in Sources */,
				C5B06DD8257E851F0031D307 /* LuggageRule.swift in Sources */,
				C5B06DB5257D129C0031D307 /* CustomsForm.swift in Sources */,
				C5B06B852576953B0031D307 /* DayOne.swift in Sources */,
				C5A39092258C3D4E0033028E /* ExperimentalPowerSource.swift in Sources */,
				C5A38F9A258974D60033028E /* DayFifteen.swift in Sources */,
				C5B06C052577E76C0031D307 /* DayTwo.swift in Sources */,
			);
			runOnlyForDeploymentPostprocessing = 0;
		};
		C5B06C7425782AEA0031D307 /* Sources */ = {
			isa = PBXSourcesBuildPhase;
			buildActionMask = 2147483647;
			files = (
				C53FFCFA25886CDD00B64A7A /* DockingProgram.swift in Sources */,
				C59C89FC2586ADD400453AE9 /* DayTwelve.swift in Sources */,
				C59C89F32586A60A00453AE9 /* Ferry.swift in Sources */,
				C56A04B8258D5BB100D74D34 /* DayEighteenTests.swift in Sources */,
				C5A38F9B258974D60033028E /* DayFifteen.swift in Sources */,
				C56A04D3258EDF6C00D74D34 /* RuleParser.swift in Sources */,
				C5A39080258C3AE80033028E /* FourDCoordinate.swift in Sources */,
				C56A04E3259023BF00D74D34 /* SatelliteImageTile.swift in Sources */,
				C5B06DE2257E9B600031D307 /* DaySevenTests.swift in Sources */,
				C5A38FD9258BABF20033028E /* TreeDCoordinate.swift in Sources */,
				C5A38FD4258BABBB0033028E /* ConwayCube.swift in Sources */,
				C5A38FB4258A9C9D0033028E /* DaySixteenTests.swift in Sources */,
				C5B06E3B2580A6520031D307 /* DayNine.swift in Sources */,
				C5A38FB9258B109D0033028E /* DaySixteen.swift in Sources */,
				C5B06DD2257E847F0031D307 /* DaySeven.swift in Sources */,
				C5B06DA1257B5FF90031D307 /* DayFiveTests.swift in Sources */,
				C5B06D092579D8520031D307 /* Forest.swift in Sources */,
				C5B06E04257F44160031D307 /* BootCode.swift in Sources */,
				C5B06DBD257D15540031D307 /* CustomsForm.swift in Sources */,
				C5A38F9625896F4F0033028E /* DayFifteenTests.swift in Sources */,
				C5A39093258C3D4E0033028E /* ExperimentalPowerSource.swift in Sources */,
				C5A38FB0258A92260033028E /* TicketScanner.swift in Sources */,
				C5B06DD9257E851F0031D307 /* LuggageRule.swift in Sources */,
				C53FFCF52588660700B64A7A /* DayFourteenTests.swift in Sources */,
				C5B06D26257A94110031D307 /* Passport.swift in Sources */,
				C5A38FCF258BAB9F0033028E /* PowerSource.swift in Sources */,
				C5A38F9025895DE50033028E /* MemoryGame.swift in Sources */,
				C59C89E4258419C200453AE9 /* DayEleven.swift in Sources */,
				C5A38FC0258B22120033028E /* ClosedRangeWithGap.swift in Sources */,
				C5B06DB1257D10210031D307 /* DaySixTests.swift in Sources */,
				C5B06C8F25782BC60031D307 /* String.swift in Sources */,
				C59C89CD2584041D00453AE9 /* SeatMap.swift in Sources */,
				C5B06C7B25782AEB0031D307 /* Test.swift in Sources */,
				C5B06E08257F48350031D307 /* DayEightTests.swift in Sources */,
				C5B06EA82582023E0031D307 /* AdapterArray.swift in Sources */,
				C5B06EAC2582028E0031D307 /* DayTenTests.swift in Sources */,
				C503F8732587F02600E5EF6C /* DayThirteenTests.swift in Sources */,
				C5B06DAB257D0FEC0031D307 /* DaySix.swift in Sources */,
				C56A04CE258EDC4C00D74D34 /* DayNineteenTests.swift in Sources */,
				C5A3908E258C3C840033028E /* PowerSourceCoordinate.swift in Sources */,
				C5B06D93257B5D510031D307 /* DayFive.swift in Sources */,
				C5A39074258C309C0033028E /* DaySeventeenTests.swift in Sources */,
				C59C89DF258415E500453AE9 /* SeatMapModeler.swift in Sources */,
				C5B06C8625782B040031D307 /* DayTwo.swift in Sources */,
				C5B06C9A257831250031D307 /* PasswordPolicy.swift in Sources */,
				C56A04F025902BAF00D74D34 /* DayTwentyTests.swift in Sources */,
				C5B06E0D257F4E7E0031D307 /* DayEight.swift in Sources */,
				C5B06D142579DE730031D307 /* Coordinate.swift in Sources */,
				C5B06D21257A93CB0031D307 /* DayFour.swift in Sources */,
				C5B06DDE257E88810031D307 /* LuggageRuleSet.swift in Sources */,
				C5B06C8C25782BA50031D307 /* DayOne.swift in Sources */,
				C5B06EB1258202950031D307 /* DayTen.swift in Sources */,
				C5B06D9A257B5F170031D307 /* BoardingPass.swift in Sources */,
				C56A04BD258D5CEC00D74D34 /* DayEighteen.swift in Sources */,
				C5B06E2A25809CE70031D307 /* XMASCypher.swift in Sources */,
				C503F8782587F31400E5EF6C /* DayThirteen.swift in Sources */,
				C56A04DA258F0F9D00D74D34 /* DayNineteen.swift in Sources */,
				C59C89F72586A82D00453AE9 /* DayTwelveTests.swift in Sources */,
				C5A38F85258870350033028E /* DayFourteen.swift in Sources */,
				C5B06C8925782B9A0031D307 /* AdventDay.swift in Sources */,
				C56A04EA2590282500D74D34 /* DayTwenty.swift in Sources */,
				C5B06D0F2579DC440031D307 /* DayThreeTests.swift in Sources */,
				C5B06DE7257EACE70031D307 /* Array.swift in Sources */,
				C59C89D32584092700453AE9 /* DayElevenTests.swift in Sources */,
				C503F86D2587E4FB00E5EF6C /* BusSchedule.swift in Sources */,
				C5B06C8325782AFE0031D307 /* DayTwoTests.swift in Sources */,
				C5B06D2A257AAB6D0031D307 /* DayFourTests.swift in Sources */,
				C583323E2591CA7E0059FAB0 /* SatelliteImage.swift in Sources */,
				C5A39079258C39690033028E /* DaySeventeen.swift in Sources */,
				C53FFCEF2588651D00B64A7A /* Int.swift in Sources */,
				C56A04C4258ED5C200D74D34 /* MessageRule.swift in Sources */,
				C56A04B2258CFCF300D74D34 /* MathEquation.swift in Sources */,
				C5B06E362580A26A0031D307 /* DayNineTests.swift in Sources */,
				C5B06D022579D80F0031D307 /* DayThree.swift in Sources */,
			);
			runOnlyForDeploymentPostprocessing = 0;
		};
/* End PBXSourcesBuildPhase section */

/* Begin XCBuildConfiguration section */
		C5B06B762576945C0031D307 /* Debug */ = {
			isa = XCBuildConfiguration;
			buildSettings = {
				ALWAYS_SEARCH_USER_PATHS = NO;
				CLANG_ANALYZER_NONNULL = YES;
				CLANG_ANALYZER_NUMBER_OBJECT_CONVERSION = YES_AGGRESSIVE;
				CLANG_CXX_LANGUAGE_STANDARD = "gnu++14";
				CLANG_CXX_LIBRARY = "libc++";
				CLANG_ENABLE_MODULES = YES;
				CLANG_ENABLE_OBJC_ARC = YES;
				CLANG_ENABLE_OBJC_WEAK = YES;
				CLANG_WARN_BLOCK_CAPTURE_AUTORELEASING = YES;
				CLANG_WARN_BOOL_CONVERSION = YES;
				CLANG_WARN_COMMA = YES;
				CLANG_WARN_CONSTANT_CONVERSION = YES;
				CLANG_WARN_DEPRECATED_OBJC_IMPLEMENTATIONS = YES;
				CLANG_WARN_DIRECT_OBJC_ISA_USAGE = YES_ERROR;
				CLANG_WARN_DOCUMENTATION_COMMENTS = YES;
				CLANG_WARN_EMPTY_BODY = YES;
				CLANG_WARN_ENUM_CONVERSION = YES;
				CLANG_WARN_INFINITE_RECURSION = YES;
				CLANG_WARN_INT_CONVERSION = YES;
				CLANG_WARN_NON_LITERAL_NULL_CONVERSION = YES;
				CLANG_WARN_OBJC_IMPLICIT_RETAIN_SELF = YES;
				CLANG_WARN_OBJC_LITERAL_CONVERSION = YES;
				CLANG_WARN_OBJC_ROOT_CLASS = YES_ERROR;
				CLANG_WARN_QUOTED_INCLUDE_IN_FRAMEWORK_HEADER = YES;
				CLANG_WARN_RANGE_LOOP_ANALYSIS = YES;
				CLANG_WARN_STRICT_PROTOTYPES = YES;
				CLANG_WARN_SUSPICIOUS_MOVE = YES;
				CLANG_WARN_UNGUARDED_AVAILABILITY = YES_AGGRESSIVE;
				CLANG_WARN_UNREACHABLE_CODE = YES;
				CLANG_WARN__DUPLICATE_METHOD_MATCH = YES;
				COPY_PHASE_STRIP = NO;
				DEBUG_INFORMATION_FORMAT = dwarf;
				ENABLE_STRICT_OBJC_MSGSEND = YES;
				ENABLE_TESTABILITY = YES;
				GCC_C_LANGUAGE_STANDARD = gnu11;
				GCC_DYNAMIC_NO_PIC = NO;
				GCC_NO_COMMON_BLOCKS = YES;
				GCC_OPTIMIZATION_LEVEL = 0;
				GCC_PREPROCESSOR_DEFINITIONS = (
					"DEBUG=1",
					"$(inherited)",
				);
				GCC_WARN_64_TO_32_BIT_CONVERSION = YES;
				GCC_WARN_ABOUT_RETURN_TYPE = YES_ERROR;
				GCC_WARN_UNDECLARED_SELECTOR = YES;
				GCC_WARN_UNINITIALIZED_AUTOS = YES_AGGRESSIVE;
				GCC_WARN_UNUSED_FUNCTION = YES;
				GCC_WARN_UNUSED_VARIABLE = YES;
				MACOSX_DEPLOYMENT_TARGET = 10.15;
				MTL_ENABLE_DEBUG_INFO = INCLUDE_SOURCE;
				MTL_FAST_MATH = YES;
				ONLY_ACTIVE_ARCH = YES;
				SDKROOT = macosx;
				SWIFT_ACTIVE_COMPILATION_CONDITIONS = DEBUG;
				SWIFT_OPTIMIZATION_LEVEL = "-Onone";
			};
			name = Debug;
		};
		C5B06B772576945C0031D307 /* Release */ = {
			isa = XCBuildConfiguration;
			buildSettings = {
				ALWAYS_SEARCH_USER_PATHS = NO;
				CLANG_ANALYZER_NONNULL = YES;
				CLANG_ANALYZER_NUMBER_OBJECT_CONVERSION = YES_AGGRESSIVE;
				CLANG_CXX_LANGUAGE_STANDARD = "gnu++14";
				CLANG_CXX_LIBRARY = "libc++";
				CLANG_ENABLE_MODULES = YES;
				CLANG_ENABLE_OBJC_ARC = YES;
				CLANG_ENABLE_OBJC_WEAK = YES;
				CLANG_WARN_BLOCK_CAPTURE_AUTORELEASING = YES;
				CLANG_WARN_BOOL_CONVERSION = YES;
				CLANG_WARN_COMMA = YES;
				CLANG_WARN_CONSTANT_CONVERSION = YES;
				CLANG_WARN_DEPRECATED_OBJC_IMPLEMENTATIONS = YES;
				CLANG_WARN_DIRECT_OBJC_ISA_USAGE = YES_ERROR;
				CLANG_WARN_DOCUMENTATION_COMMENTS = YES;
				CLANG_WARN_EMPTY_BODY = YES;
				CLANG_WARN_ENUM_CONVERSION = YES;
				CLANG_WARN_INFINITE_RECURSION = YES;
				CLANG_WARN_INT_CONVERSION = YES;
				CLANG_WARN_NON_LITERAL_NULL_CONVERSION = YES;
				CLANG_WARN_OBJC_IMPLICIT_RETAIN_SELF = YES;
				CLANG_WARN_OBJC_LITERAL_CONVERSION = YES;
				CLANG_WARN_OBJC_ROOT_CLASS = YES_ERROR;
				CLANG_WARN_QUOTED_INCLUDE_IN_FRAMEWORK_HEADER = YES;
				CLANG_WARN_RANGE_LOOP_ANALYSIS = YES;
				CLANG_WARN_STRICT_PROTOTYPES = YES;
				CLANG_WARN_SUSPICIOUS_MOVE = YES;
				CLANG_WARN_UNGUARDED_AVAILABILITY = YES_AGGRESSIVE;
				CLANG_WARN_UNREACHABLE_CODE = YES;
				CLANG_WARN__DUPLICATE_METHOD_MATCH = YES;
				COPY_PHASE_STRIP = NO;
				DEBUG_INFORMATION_FORMAT = "dwarf-with-dsym";
				ENABLE_NS_ASSERTIONS = NO;
				ENABLE_STRICT_OBJC_MSGSEND = YES;
				GCC_C_LANGUAGE_STANDARD = gnu11;
				GCC_NO_COMMON_BLOCKS = YES;
				GCC_WARN_64_TO_32_BIT_CONVERSION = YES;
				GCC_WARN_ABOUT_RETURN_TYPE = YES_ERROR;
				GCC_WARN_UNDECLARED_SELECTOR = YES;
				GCC_WARN_UNINITIALIZED_AUTOS = YES_AGGRESSIVE;
				GCC_WARN_UNUSED_FUNCTION = YES;
				GCC_WARN_UNUSED_VARIABLE = YES;
				MACOSX_DEPLOYMENT_TARGET = 10.15;
				MTL_ENABLE_DEBUG_INFO = NO;
				MTL_FAST_MATH = YES;
				SDKROOT = macosx;
				SWIFT_COMPILATION_MODE = wholemodule;
				SWIFT_OPTIMIZATION_LEVEL = "-O";
			};
			name = Release;
		};
		C5B06B792576945C0031D307 /* Debug */ = {
			isa = XCBuildConfiguration;
			buildSettings = {
				CODE_SIGN_STYLE = Automatic;
				DEVELOPMENT_TEAM = U47EA53RZE;
				ENABLE_HARDENED_RUNTIME = YES;
				PRODUCT_NAME = "$(TARGET_NAME)";
				SWIFT_VERSION = 5.0;
			};
			name = Debug;
		};
		C5B06B7A2576945C0031D307 /* Release */ = {
			isa = XCBuildConfiguration;
			buildSettings = {
				CODE_SIGN_STYLE = Automatic;
				DEVELOPMENT_TEAM = U47EA53RZE;
				ENABLE_HARDENED_RUNTIME = YES;
				PRODUCT_NAME = "$(TARGET_NAME)";
				SWIFT_VERSION = 5.0;
			};
			name = Release;
		};
		C5B06C7E25782AEB0031D307 /* Debug */ = {
			isa = XCBuildConfiguration;
			buildSettings = {
				CODE_SIGN_STYLE = Automatic;
				COMBINE_HIDPI_IMAGES = YES;
				DEVELOPMENT_TEAM = U47EA53RZE;
				INFOPLIST_FILE = Test/Info.plist;
				LD_RUNPATH_SEARCH_PATHS = (
					"$(inherited)",
					"@executable_path/../Frameworks",
					"@loader_path/../Frameworks",
				);
				PRODUCT_BUNDLE_IDENTIFIER = com.v8logic.Test;
				PRODUCT_NAME = "$(TARGET_NAME)";
				SWIFT_VERSION = 5.0;
			};
			name = Debug;
		};
		C5B06C7F25782AEB0031D307 /* Release */ = {
			isa = XCBuildConfiguration;
			buildSettings = {
				CODE_SIGN_STYLE = Automatic;
				COMBINE_HIDPI_IMAGES = YES;
				DEVELOPMENT_TEAM = U47EA53RZE;
				INFOPLIST_FILE = Test/Info.plist;
				LD_RUNPATH_SEARCH_PATHS = (
					"$(inherited)",
					"@executable_path/../Frameworks",
					"@loader_path/../Frameworks",
				);
				PRODUCT_BUNDLE_IDENTIFIER = com.v8logic.Test;
				PRODUCT_NAME = "$(TARGET_NAME)";
				SWIFT_VERSION = 5.0;
			};
			name = Release;
		};
/* End XCBuildConfiguration section */

/* Begin XCConfigurationList section */
		C5B06B6C2576945C0031D307 /* Build configuration list for PBXProject "aoc2020" */ = {
			isa = XCConfigurationList;
			buildConfigurations = (
				C5B06B762576945C0031D307 /* Debug */,
				C5B06B772576945C0031D307 /* Release */,
			);
			defaultConfigurationIsVisible = 0;
			defaultConfigurationName = Release;
		};
		C5B06B782576945C0031D307 /* Build configuration list for PBXNativeTarget "aoc2020" */ = {
			isa = XCConfigurationList;
			buildConfigurations = (
				C5B06B792576945C0031D307 /* Debug */,
				C5B06B7A2576945C0031D307 /* Release */,
			);
			defaultConfigurationIsVisible = 0;
			defaultConfigurationName = Release;
		};
		C5B06C7D25782AEB0031D307 /* Build configuration list for PBXNativeTarget "Test" */ = {
			isa = XCConfigurationList;
			buildConfigurations = (
				C5B06C7E25782AEB0031D307 /* Debug */,
				C5B06C7F25782AEB0031D307 /* Release */,
			);
			defaultConfigurationIsVisible = 0;
			defaultConfigurationName = Release;
		};
/* End XCConfigurationList section */
	};
	rootObject = C5B06B692576945C0031D307 /* Project object */;
}
