// !$*UTF8*$!
{
	archiveVersion = 1;
	classes = {
	};
	objectVersion = 50;
	objects = {

/* Begin PBXBuildFile section */
		C5B06B752576945C0031D307 /* main.swift in Sources */ = {isa = PBXBuildFile; fileRef = C5B06B742576945C0031D307 /* main.swift */; };
		C5B06B7D2576949C0031D307 /* AdventDay.swift in Sources */ = {isa = PBXBuildFile; fileRef = C5B06B7C2576949C0031D307 /* AdventDay.swift */; };
		C5B06B852576953B0031D307 /* DayOne.swift in Sources */ = {isa = PBXBuildFile; fileRef = C5B06B842576953B0031D307 /* DayOne.swift */; };
		C5B06C052577E76C0031D307 /* DayTwo.swift in Sources */ = {isa = PBXBuildFile; fileRef = C5B06C042577E76C0031D307 /* DayTwo.swift */; };
		C5B06C6F257828720031D307 /* String.swift in Sources */ = {isa = PBXBuildFile; fileRef = C5B06C6E257828720031D307 /* String.swift */; };
		C5B06C7B25782AEB0031D307 /* Test.swift in Sources */ = {isa = PBXBuildFile; fileRef = C5B06C7A25782AEB0031D307 /* Test.swift */; };
		C5B06C8325782AFE0031D307 /* DayTwoTests.swift in Sources */ = {isa = PBXBuildFile; fileRef = C5B06C8225782AFE0031D307 /* DayTwoTests.swift */; };
		C5B06C8625782B040031D307 /* DayTwo.swift in Sources */ = {isa = PBXBuildFile; fileRef = C5B06C042577E76C0031D307 /* DayTwo.swift */; };
		C5B06C8925782B9A0031D307 /* AdventDay.swift in Sources */ = {isa = PBXBuildFile; fileRef = C5B06B7C2576949C0031D307 /* AdventDay.swift */; };
		C5B06C8C25782BA50031D307 /* DayOne.swift in Sources */ = {isa = PBXBuildFile; fileRef = C5B06B842576953B0031D307 /* DayOne.swift */; };
		C5B06C8F25782BC60031D307 /* String.swift in Sources */ = {isa = PBXBuildFile; fileRef = C5B06C6E257828720031D307 /* String.swift */; };
		C5B06C97257831230031D307 /* PasswordPolicy.swift in Sources */ = {isa = PBXBuildFile; fileRef = C5B06C96257831230031D307 /* PasswordPolicy.swift */; };
		C5B06C9A257831250031D307 /* PasswordPolicy.swift in Sources */ = {isa = PBXBuildFile; fileRef = C5B06C96257831230031D307 /* PasswordPolicy.swift */; };
		C5B06D012579D80F0031D307 /* DayThree.swift in Sources */ = {isa = PBXBuildFile; fileRef = C5B06D002579D80F0031D307 /* DayThree.swift */; };
		C5B06D022579D80F0031D307 /* DayThree.swift in Sources */ = {isa = PBXBuildFile; fileRef = C5B06D002579D80F0031D307 /* DayThree.swift */; };
		C5B06D082579D8520031D307 /* Forest.swift in Sources */ = {isa = PBXBuildFile; fileRef = C5B06D072579D8520031D307 /* Forest.swift */; };
		C5B06D092579D8520031D307 /* Forest.swift in Sources */ = {isa = PBXBuildFile; fileRef = C5B06D072579D8520031D307 /* Forest.swift */; };
		C5B06D0F2579DC440031D307 /* DayThreeTests.swift in Sources */ = {isa = PBXBuildFile; fileRef = C5B06D0E2579DC440031D307 /* DayThreeTests.swift */; };
		C5B06D132579DE730031D307 /* Coordinate.swift in Sources */ = {isa = PBXBuildFile; fileRef = C5B06D122579DE730031D307 /* Coordinate.swift */; };
		C5B06D142579DE730031D307 /* Coordinate.swift in Sources */ = {isa = PBXBuildFile; fileRef = C5B06D122579DE730031D307 /* Coordinate.swift */; };
		C5B06D20257A93CB0031D307 /* DayFour.swift in Sources */ = {isa = PBXBuildFile; fileRef = C5B06D1F257A93CB0031D307 /* DayFour.swift */; };
		C5B06D21257A93CB0031D307 /* DayFour.swift in Sources */ = {isa = PBXBuildFile; fileRef = C5B06D1F257A93CB0031D307 /* DayFour.swift */; };
		C5B06D25257A94110031D307 /* Passport.swift in Sources */ = {isa = PBXBuildFile; fileRef = C5B06D24257A94110031D307 /* Passport.swift */; };
		C5B06D26257A94110031D307 /* Passport.swift in Sources */ = {isa = PBXBuildFile; fileRef = C5B06D24257A94110031D307 /* Passport.swift */; };
		C5B06D2A257AAB6D0031D307 /* DayFourTests.swift in Sources */ = {isa = PBXBuildFile; fileRef = C5B06D29257AAB6D0031D307 /* DayFourTests.swift */; };
/* End PBXBuildFile section */

/* Begin PBXCopyFilesBuildPhase section */
		C5B06B6F2576945C0031D307 /* CopyFiles */ = {
			isa = PBXCopyFilesBuildPhase;
			buildActionMask = 2147483647;
			dstPath = /usr/share/man/man1/;
			dstSubfolderSpec = 0;
			files = (
			);
			runOnlyForDeploymentPostprocessing = 1;
		};
/* End PBXCopyFilesBuildPhase section */

/* Begin PBXFileReference section */
		C5B06B712576945C0031D307 /* aoc2020 */ = {isa = PBXFileReference; explicitFileType = "compiled.mach-o.executable"; includeInIndex = 0; path = aoc2020; sourceTree = BUILT_PRODUCTS_DIR; };
		C5B06B742576945C0031D307 /* main.swift */ = {isa = PBXFileReference; lastKnownFileType = sourcecode.swift; path = main.swift; sourceTree = "<group>"; };
		C5B06B7C2576949C0031D307 /* AdventDay.swift */ = {isa = PBXFileReference; lastKnownFileType = sourcecode.swift; path = AdventDay.swift; sourceTree = "<group>"; };
		C5B06B7F257694CA0031D307 /* EmptyDay.swift */ = {isa = PBXFileReference; lastKnownFileType = sourcecode.swift; path = EmptyDay.swift; sourceTree = "<group>"; };
		C5B06B832576952D0031D307 /* README.md */ = {isa = PBXFileReference; lastKnownFileType = net.daringfireball.markdown; path = README.md; sourceTree = "<group>"; };
		C5B06B842576953B0031D307 /* DayOne.swift */ = {isa = PBXFileReference; lastKnownFileType = sourcecode.swift; path = DayOne.swift; sourceTree = "<group>"; };
		C5B06B8925769A430031D307 /* day1input.txt */ = {isa = PBXFileReference; lastKnownFileType = text; path = day1input.txt; sourceTree = "<group>"; };
		C5B06C022577E6920031D307 /* README.md */ = {isa = PBXFileReference; lastKnownFileType = net.daringfireball.markdown; path = README.md; sourceTree = "<group>"; };
		C5B06C032577E6F10031D307 /* day2input.txt */ = {isa = PBXFileReference; lastKnownFileType = text; path = day2input.txt; sourceTree = "<group>"; };
		C5B06C042577E76C0031D307 /* DayTwo.swift */ = {isa = PBXFileReference; lastKnownFileType = sourcecode.swift; path = DayTwo.swift; sourceTree = "<group>"; };
		C5B06C6E257828720031D307 /* String.swift */ = {isa = PBXFileReference; lastKnownFileType = sourcecode.swift; path = String.swift; sourceTree = "<group>"; };
		C5B06C7825782AEA0031D307 /* Test.xctest */ = {isa = PBXFileReference; explicitFileType = wrapper.cfbundle; includeInIndex = 0; path = Test.xctest; sourceTree = BUILT_PRODUCTS_DIR; };
		C5B06C7A25782AEB0031D307 /* Test.swift */ = {isa = PBXFileReference; lastKnownFileType = sourcecode.swift; path = Test.swift; sourceTree = "<group>"; };
		C5B06C7C25782AEB0031D307 /* Info.plist */ = {isa = PBXFileReference; lastKnownFileType = text.plist.xml; path = Info.plist; sourceTree = "<group>"; };
		C5B06C8225782AFE0031D307 /* DayTwoTests.swift */ = {isa = PBXFileReference; lastKnownFileType = sourcecode.swift; path = DayTwoTests.swift; sourceTree = "<group>"; };
		C5B06C96257831230031D307 /* PasswordPolicy.swift */ = {isa = PBXFileReference; lastKnownFileType = sourcecode.swift; path = PasswordPolicy.swift; sourceTree = "<group>"; };
		C5B06CFE2579459D0031D307 /* README.md */ = {isa = PBXFileReference; lastKnownFileType = net.daringfireball.markdown; path = README.md; sourceTree = "<group>"; };
		C5B06CFF2579467C0031D307 /* day3input.txt */ = {isa = PBXFileReference; lastKnownFileType = text; path = day3input.txt; sourceTree = "<group>"; };
		C5B06D002579D80F0031D307 /* DayThree.swift */ = {isa = PBXFileReference; lastKnownFileType = sourcecode.swift; path = DayThree.swift; sourceTree = "<group>"; };
		C5B06D072579D8520031D307 /* Forest.swift */ = {isa = PBXFileReference; lastKnownFileType = sourcecode.swift; path = Forest.swift; sourceTree = "<group>"; };
		C5B06D0E2579DC440031D307 /* DayThreeTests.swift */ = {isa = PBXFileReference; lastKnownFileType = sourcecode.swift; path = DayThreeTests.swift; sourceTree = "<group>"; };
		C5B06D122579DE730031D307 /* Coordinate.swift */ = {isa = PBXFileReference; lastKnownFileType = sourcecode.swift; path = Coordinate.swift; sourceTree = "<group>"; };
		C5B06D18257A917E0031D307 /* README.md */ = {isa = PBXFileReference; lastKnownFileType = net.daringfireball.markdown; path = README.md; sourceTree = "<group>"; };
		C5B06D19257A938E0031D307 /* day4input.txt */ = {isa = PBXFileReference; lastKnownFileType = text; path = day4input.txt; sourceTree = "<group>"; };
		C5B06D1F257A93CB0031D307 /* DayFour.swift */ = {isa = PBXFileReference; lastKnownFileType = sourcecode.swift; path = DayFour.swift; sourceTree = "<group>"; };
		C5B06D24257A94110031D307 /* Passport.swift */ = {isa = PBXFileReference; lastKnownFileType = sourcecode.swift; path = Passport.swift; sourceTree = "<group>"; };
		C5B06D29257AAB6D0031D307 /* DayFourTests.swift */ = {isa = PBXFileReference; lastKnownFileType = sourcecode.swift; path = DayFourTests.swift; sourceTree = "<group>"; };
/* End PBXFileReference section */

/* Begin PBXFrameworksBuildPhase section */
		C5B06B6E2576945C0031D307 /* Frameworks */ = {
			isa = PBXFrameworksBuildPhase;
			buildActionMask = 2147483647;
			files = (
			);
			runOnlyForDeploymentPostprocessing = 0;
		};
		C5B06C7525782AEA0031D307 /* Frameworks */ = {
			isa = PBXFrameworksBuildPhase;
			buildActionMask = 2147483647;
			files = (
			);
			runOnlyForDeploymentPostprocessing = 0;
		};
/* End PBXFrameworksBuildPhase section */

/* Begin PBXGroup section */
		C5B06B682576945C0031D307 = {
			isa = PBXGroup;
			children = (
				C5B06B732576945C0031D307 /* aoc2020 */,
				C5B06C7925782AEB0031D307 /* Test */,
				C5B06B722576945C0031D307 /* Products */,
			);
			sourceTree = "<group>";
		};
		C5B06B722576945C0031D307 /* Products */ = {
			isa = PBXGroup;
			children = (
				C5B06B712576945C0031D307 /* aoc2020 */,
				C5B06C7825782AEA0031D307 /* Test.xctest */,
			);
			name = Products;
			sourceTree = "<group>";
		};
		C5B06B732576945C0031D307 /* aoc2020 */ = {
			isa = PBXGroup;
			children = (
				C5B06C6D257828650031D307 /* shared */,
				C5B06B8825769A2F0031D307 /* data */,
				C5B06B822576951F0031D307 /* day1 */,
				C5B06C012577E6880031D307 /* day2 */,
				C5B06CFD257945940031D307 /* day3 */,
				C5B06D17257A91780031D307 /* day4 */,
				C5B06B742576945C0031D307 /* main.swift */,
				C5B06B7C2576949C0031D307 /* AdventDay.swift */,
				C5B06B7F257694CA0031D307 /* EmptyDay.swift */,
			);
			path = aoc2020;
			sourceTree = "<group>";
		};
		C5B06B822576951F0031D307 /* day1 */ = {
			isa = PBXGroup;
			children = (
				C5B06B832576952D0031D307 /* README.md */,
				C5B06B842576953B0031D307 /* DayOne.swift */,
			);
			path = day1;
			sourceTree = "<group>";
		};
		C5B06B8825769A2F0031D307 /* data */ = {
			isa = PBXGroup;
			children = (
				C5B06B8925769A430031D307 /* day1input.txt */,
				C5B06C032577E6F10031D307 /* day2input.txt */,
				C5B06CFF2579467C0031D307 /* day3input.txt */,
				C5B06D19257A938E0031D307 /* day4input.txt */,
			);
			path = data;
			sourceTree = "<group>";
		};
		C5B06C012577E6880031D307 /* day2 */ = {
			isa = PBXGroup;
			children = (
				C5B06C022577E6920031D307 /* README.md */,
				C5B06C042577E76C0031D307 /* DayTwo.swift */,
				C5B06C96257831230031D307 /* PasswordPolicy.swift */,
			);
			path = day2;
			sourceTree = "<group>";
		};
		C5B06C6D257828650031D307 /* shared */ = {
			isa = PBXGroup;
			children = (
				C5B06C6E257828720031D307 /* String.swift */,
				C5B06D122579DE730031D307 /* Coordinate.swift */,
			);
			path = shared;
			sourceTree = "<group>";
		};
		C5B06C7925782AEB0031D307 /* Test */ = {
			isa = PBXGroup;
			children = (
				C5B06C7A25782AEB0031D307 /* Test.swift */,
				C5B06C7C25782AEB0031D307 /* Info.plist */,
				C5B06C8225782AFE0031D307 /* DayTwoTests.swift */,
				C5B06D0E2579DC440031D307 /* DayThreeTests.swift */,
				C5B06D29257AAB6D0031D307 /* DayFourTests.swift */,
			);
			path = Test;
			sourceTree = "<group>";
		};
		C5B06CFD257945940031D307 /* day3 */ = {
			isa = PBXGroup;
			children = (
				C5B06CFE2579459D0031D307 /* README.md */,
				C5B06D002579D80F0031D307 /* DayThree.swift */,
				C5B06D072579D8520031D307 /* Forest.swift */,
			);
			path = day3;
			sourceTree = "<group>";
		};
		C5B06D17257A91780031D307 /* day4 */ = {
			isa = PBXGroup;
			children = (
				C5B06D18257A917E0031D307 /* README.md */,
				C5B06D1F257A93CB0031D307 /* DayFour.swift */,
				C5B06D24257A94110031D307 /* Passport.swift */,
			);
			path = day4;
			sourceTree = "<group>";
		};
/* End PBXGroup section */

/* Begin PBXNativeTarget section */
		C5B06B702576945C0031D307 /* aoc2020 */ = {
			isa = PBXNativeTarget;
			buildConfigurationList = C5B06B782576945C0031D307 /* Build configuration list for PBXNativeTarget "aoc2020" */;
			buildPhases = (
				C5B06B6D2576945C0031D307 /* Sources */,
				C5B06B6E2576945C0031D307 /* Frameworks */,
				C5B06B6F2576945C0031D307 /* CopyFiles */,
			);
			buildRules = (
			);
			dependencies = (
			);
			name = aoc2020;
			productName = aoc2020;
			productReference = C5B06B712576945C0031D307 /* aoc2020 */;
			productType = "com.apple.product-type.tool";
		};
		C5B06C7725782AEA0031D307 /* Test */ = {
			isa = PBXNativeTarget;
			buildConfigurationList = C5B06C7D25782AEB0031D307 /* Build configuration list for PBXNativeTarget "Test" */;
			buildPhases = (
				C5B06C7425782AEA0031D307 /* Sources */,
				C5B06C7525782AEA0031D307 /* Frameworks */,
				C5B06C7625782AEA0031D307 /* Resources */,
			);
			buildRules = (
			);
			dependencies = (
			);
			name = Test;
			productName = Test;
			productReference = C5B06C7825782AEA0031D307 /* Test.xctest */;
			productType = "com.apple.product-type.bundle.unit-test";
		};
/* End PBXNativeTarget section */

/* Begin PBXProject section */
		C5B06B692576945C0031D307 /* Project object */ = {
			isa = PBXProject;
			attributes = {
				LastSwiftUpdateCheck = 1220;
				LastUpgradeCheck = 1220;
				TargetAttributes = {
					C5B06B702576945C0031D307 = {
						CreatedOnToolsVersion = 12.2;
					};
					C5B06C7725782AEA0031D307 = {
						CreatedOnToolsVersion = 12.2;
					};
				};
			};
			buildConfigurationList = C5B06B6C2576945C0031D307 /* Build configuration list for PBXProject "aoc2020" */;
			compatibilityVersion = "Xcode 9.3";
			developmentRegion = en;
			hasScannedForEncodings = 0;
			knownRegions = (
				en,
				Base,
			);
			mainGroup = C5B06B682576945C0031D307;
			productRefGroup = C5B06B722576945C0031D307 /* Products */;
			projectDirPath = "";
			projectRoot = "";
			targets = (
				C5B06B702576945C0031D307 /* aoc2020 */,
				C5B06C7725782AEA0031D307 /* Test */,
			);
		};
/* End PBXProject section */

/* Begin PBXResourcesBuildPhase section */
		C5B06C7625782AEA0031D307 /* Resources */ = {
			isa = PBXResourcesBuildPhase;
			buildActionMask = 2147483647;
			files = (
			);
			runOnlyForDeploymentPostprocessing = 0;
		};
/* End PBXResourcesBuildPhase section */

/* Begin PBXSourcesBuildPhase section */
		C5B06B6D2576945C0031D307 /* Sources */ = {
			isa = PBXSourcesBuildPhase;
			buildActionMask = 2147483647;
			files = (
				C5B06D20257A93CB0031D307 /* DayFour.swift in Sources */,
				C5B06D25257A94110031D307 /* Passport.swift in Sources */,
				C5B06B7D2576949C0031D307 /* AdventDay.swift in Sources */,
				C5B06B752576945C0031D307 /* main.swift in Sources */,
				C5B06D012579D80F0031D307 /* DayThree.swift in Sources */,
				C5B06D082579D8520031D307 /* Forest.swift in Sources */,
				C5B06C97257831230031D307 /* PasswordPolicy.swift in Sources */,
				C5B06D132579DE730031D307 /* Coordinate.swift in Sources */,
				C5B06C6F257828720031D307 /* String.swift in Sources */,
				C5B06B852576953B0031D307 /* DayOne.swift in Sources */,
				C5B06C052577E76C0031D307 /* DayTwo.swift in Sources */,
			);
			runOnlyForDeploymentPostprocessing = 0;
		};
		C5B06C7425782AEA0031D307 /* Sources */ = {
			isa = PBXSourcesBuildPhase;
			buildActionMask = 2147483647;
			files = (
				C5B06D092579D8520031D307 /* Forest.swift in Sources */,
				C5B06D26257A94110031D307 /* Passport.swift in Sources */,
				C5B06C8F25782BC60031D307 /* String.swift in Sources */,
				C5B06C7B25782AEB0031D307 /* Test.swift in Sources */,
				C5B06C8625782B040031D307 /* DayTwo.swift in Sources */,
				C5B06C9A257831250031D307 /* PasswordPolicy.swift in Sources */,
				C5B06D142579DE730031D307 /* Coordinate.swift in Sources */,
				C5B06D21257A93CB0031D307 /* DayFour.swift in Sources */,
				C5B06C8C25782BA50031D307 /* DayOne.swift in Sources */,
				C5B06C8925782B9A0031D307 /* AdventDay.swift in Sources */,
				C5B06D0F2579DC440031D307 /* DayThreeTests.swift in Sources */,
				C5B06C8325782AFE0031D307 /* DayTwoTests.swift in Sources */,
				C5B06D2A257AAB6D0031D307 /* DayFourTests.swift in Sources */,
				C5B06D022579D80F0031D307 /* DayThree.swift in Sources */,
			);
			runOnlyForDeploymentPostprocessing = 0;
		};
/* End PBXSourcesBuildPhase section */

/* Begin XCBuildConfiguration section */
		C5B06B762576945C0031D307 /* Debug */ = {
			isa = XCBuildConfiguration;
			buildSettings = {
				ALWAYS_SEARCH_USER_PATHS = NO;
				CLANG_ANALYZER_NONNULL = YES;
				CLANG_ANALYZER_NUMBER_OBJECT_CONVERSION = YES_AGGRESSIVE;
				CLANG_CXX_LANGUAGE_STANDARD = "gnu++14";
				CLANG_CXX_LIBRARY = "libc++";
				CLANG_ENABLE_MODULES = YES;
				CLANG_ENABLE_OBJC_ARC = YES;
				CLANG_ENABLE_OBJC_WEAK = YES;
				CLANG_WARN_BLOCK_CAPTURE_AUTORELEASING = YES;
				CLANG_WARN_BOOL_CONVERSION = YES;
				CLANG_WARN_COMMA = YES;
				CLANG_WARN_CONSTANT_CONVERSION = YES;
				CLANG_WARN_DEPRECATED_OBJC_IMPLEMENTATIONS = YES;
				CLANG_WARN_DIRECT_OBJC_ISA_USAGE = YES_ERROR;
				CLANG_WARN_DOCUMENTATION_COMMENTS = YES;
				CLANG_WARN_EMPTY_BODY = YES;
				CLANG_WARN_ENUM_CONVERSION = YES;
				CLANG_WARN_INFINITE_RECURSION = YES;
				CLANG_WARN_INT_CONVERSION = YES;
				CLANG_WARN_NON_LITERAL_NULL_CONVERSION = YES;
				CLANG_WARN_OBJC_IMPLICIT_RETAIN_SELF = YES;
				CLANG_WARN_OBJC_LITERAL_CONVERSION = YES;
				CLANG_WARN_OBJC_ROOT_CLASS = YES_ERROR;
				CLANG_WARN_QUOTED_INCLUDE_IN_FRAMEWORK_HEADER = YES;
				CLANG_WARN_RANGE_LOOP_ANALYSIS = YES;
				CLANG_WARN_STRICT_PROTOTYPES = YES;
				CLANG_WARN_SUSPICIOUS_MOVE = YES;
				CLANG_WARN_UNGUARDED_AVAILABILITY = YES_AGGRESSIVE;
				CLANG_WARN_UNREACHABLE_CODE = YES;
				CLANG_WARN__DUPLICATE_METHOD_MATCH = YES;
				COPY_PHASE_STRIP = NO;
				DEBUG_INFORMATION_FORMAT = dwarf;
				ENABLE_STRICT_OBJC_MSGSEND = YES;
				ENABLE_TESTABILITY = YES;
				GCC_C_LANGUAGE_STANDARD = gnu11;
				GCC_DYNAMIC_NO_PIC = NO;
				GCC_NO_COMMON_BLOCKS = YES;
				GCC_OPTIMIZATION_LEVEL = 0;
				GCC_PREPROCESSOR_DEFINITIONS = (
					"DEBUG=1",
					"$(inherited)",
				);
				GCC_WARN_64_TO_32_BIT_CONVERSION = YES;
				GCC_WARN_ABOUT_RETURN_TYPE = YES_ERROR;
				GCC_WARN_UNDECLARED_SELECTOR = YES;
				GCC_WARN_UNINITIALIZED_AUTOS = YES_AGGRESSIVE;
				GCC_WARN_UNUSED_FUNCTION = YES;
				GCC_WARN_UNUSED_VARIABLE = YES;
				MACOSX_DEPLOYMENT_TARGET = 10.15;
				MTL_ENABLE_DEBUG_INFO = INCLUDE_SOURCE;
				MTL_FAST_MATH = YES;
				ONLY_ACTIVE_ARCH = YES;
				SDKROOT = macosx;
				SWIFT_ACTIVE_COMPILATION_CONDITIONS = DEBUG;
				SWIFT_OPTIMIZATION_LEVEL = "-Onone";
			};
			name = Debug;
		};
		C5B06B772576945C0031D307 /* Release */ = {
			isa = XCBuildConfiguration;
			buildSettings = {
				ALWAYS_SEARCH_USER_PATHS = NO;
				CLANG_ANALYZER_NONNULL = YES;
				CLANG_ANALYZER_NUMBER_OBJECT_CONVERSION = YES_AGGRESSIVE;
				CLANG_CXX_LANGUAGE_STANDARD = "gnu++14";
				CLANG_CXX_LIBRARY = "libc++";
				CLANG_ENABLE_MODULES = YES;
				CLANG_ENABLE_OBJC_ARC = YES;
				CLANG_ENABLE_OBJC_WEAK = YES;
				CLANG_WARN_BLOCK_CAPTURE_AUTORELEASING = YES;
				CLANG_WARN_BOOL_CONVERSION = YES;
				CLANG_WARN_COMMA = YES;
				CLANG_WARN_CONSTANT_CONVERSION = YES;
				CLANG_WARN_DEPRECATED_OBJC_IMPLEMENTATIONS = YES;
				CLANG_WARN_DIRECT_OBJC_ISA_USAGE = YES_ERROR;
				CLANG_WARN_DOCUMENTATION_COMMENTS = YES;
				CLANG_WARN_EMPTY_BODY = YES;
				CLANG_WARN_ENUM_CONVERSION = YES;
				CLANG_WARN_INFINITE_RECURSION = YES;
				CLANG_WARN_INT_CONVERSION = YES;
				CLANG_WARN_NON_LITERAL_NULL_CONVERSION = YES;
				CLANG_WARN_OBJC_IMPLICIT_RETAIN_SELF = YES;
				CLANG_WARN_OBJC_LITERAL_CONVERSION = YES;
				CLANG_WARN_OBJC_ROOT_CLASS = YES_ERROR;
				CLANG_WARN_QUOTED_INCLUDE_IN_FRAMEWORK_HEADER = YES;
				CLANG_WARN_RANGE_LOOP_ANALYSIS = YES;
				CLANG_WARN_STRICT_PROTOTYPES = YES;
				CLANG_WARN_SUSPICIOUS_MOVE = YES;
				CLANG_WARN_UNGUARDED_AVAILABILITY = YES_AGGRESSIVE;
				CLANG_WARN_UNREACHABLE_CODE = YES;
				CLANG_WARN__DUPLICATE_METHOD_MATCH = YES;
				COPY_PHASE_STRIP = NO;
				DEBUG_INFORMATION_FORMAT = "dwarf-with-dsym";
				ENABLE_NS_ASSERTIONS = NO;
				ENABLE_STRICT_OBJC_MSGSEND = YES;
				GCC_C_LANGUAGE_STANDARD = gnu11;
				GCC_NO_COMMON_BLOCKS = YES;
				GCC_WARN_64_TO_32_BIT_CONVERSION = YES;
				GCC_WARN_ABOUT_RETURN_TYPE = YES_ERROR;
				GCC_WARN_UNDECLARED_SELECTOR = YES;
				GCC_WARN_UNINITIALIZED_AUTOS = YES_AGGRESSIVE;
				GCC_WARN_UNUSED_FUNCTION = YES;
				GCC_WARN_UNUSED_VARIABLE = YES;
				MACOSX_DEPLOYMENT_TARGET = 10.15;
				MTL_ENABLE_DEBUG_INFO = NO;
				MTL_FAST_MATH = YES;
				SDKROOT = macosx;
				SWIFT_COMPILATION_MODE = wholemodule;
				SWIFT_OPTIMIZATION_LEVEL = "-O";
			};
			name = Release;
		};
		C5B06B792576945C0031D307 /* Debug */ = {
			isa = XCBuildConfiguration;
			buildSettings = {
				CODE_SIGN_STYLE = Automatic;
				DEVELOPMENT_TEAM = U47EA53RZE;
				ENABLE_HARDENED_RUNTIME = YES;
				PRODUCT_NAME = "$(TARGET_NAME)";
				SWIFT_VERSION = 5.0;
			};
			name = Debug;
		};
		C5B06B7A2576945C0031D307 /* Release */ = {
			isa = XCBuildConfiguration;
			buildSettings = {
				CODE_SIGN_STYLE = Automatic;
				DEVELOPMENT_TEAM = U47EA53RZE;
				ENABLE_HARDENED_RUNTIME = YES;
				PRODUCT_NAME = "$(TARGET_NAME)";
				SWIFT_VERSION = 5.0;
			};
			name = Release;
		};
		C5B06C7E25782AEB0031D307 /* Debug */ = {
			isa = XCBuildConfiguration;
			buildSettings = {
				CODE_SIGN_STYLE = Automatic;
				COMBINE_HIDPI_IMAGES = YES;
				DEVELOPMENT_TEAM = U47EA53RZE;
				INFOPLIST_FILE = Test/Info.plist;
				LD_RUNPATH_SEARCH_PATHS = (
					"$(inherited)",
					"@executable_path/../Frameworks",
					"@loader_path/../Frameworks",
				);
				PRODUCT_BUNDLE_IDENTIFIER = com.v8logic.Test;
				PRODUCT_NAME = "$(TARGET_NAME)";
				SWIFT_VERSION = 5.0;
			};
			name = Debug;
		};
		C5B06C7F25782AEB0031D307 /* Release */ = {
			isa = XCBuildConfiguration;
			buildSettings = {
				CODE_SIGN_STYLE = Automatic;
				COMBINE_HIDPI_IMAGES = YES;
				DEVELOPMENT_TEAM = U47EA53RZE;
				INFOPLIST_FILE = Test/Info.plist;
				LD_RUNPATH_SEARCH_PATHS = (
					"$(inherited)",
					"@executable_path/../Frameworks",
					"@loader_path/../Frameworks",
				);
				PRODUCT_BUNDLE_IDENTIFIER = com.v8logic.Test;
				PRODUCT_NAME = "$(TARGET_NAME)";
				SWIFT_VERSION = 5.0;
			};
			name = Release;
		};
/* End XCBuildConfiguration section */

/* Begin XCConfigurationList section */
		C5B06B6C2576945C0031D307 /* Build configuration list for PBXProject "aoc2020" */ = {
			isa = XCConfigurationList;
			buildConfigurations = (
				C5B06B762576945C0031D307 /* Debug */,
				C5B06B772576945C0031D307 /* Release */,
			);
			defaultConfigurationIsVisible = 0;
			defaultConfigurationName = Release;
		};
		C5B06B782576945C0031D307 /* Build configuration list for PBXNativeTarget "aoc2020" */ = {
			isa = XCConfigurationList;
			buildConfigurations = (
				C5B06B792576945C0031D307 /* Debug */,
				C5B06B7A2576945C0031D307 /* Release */,
			);
			defaultConfigurationIsVisible = 0;
			defaultConfigurationName = Release;
		};
		C5B06C7D25782AEB0031D307 /* Build configuration list for PBXNativeTarget "Test" */ = {
			isa = XCConfigurationList;
			buildConfigurations = (
				C5B06C7E25782AEB0031D307 /* Debug */,
				C5B06C7F25782AEB0031D307 /* Release */,
			);
			defaultConfigurationIsVisible = 0;
			defaultConfigurationName = Release;
		};
/* End XCConfigurationList section */
	};
	rootObject = C5B06B692576945C0031D307 /* Project object */;
}
