// !$*UTF8*$!
{
	archiveVersion = 1;
	classes = {
	};
	objectVersion = 48;
	objects = {

/* Begin PBXBuildFile section */
		DC10173B1FDAB9960001F8C5 /* DayEight.swift in Sources */ = {isa = PBXBuildFile; fileRef = DC10173A1FDAB9960001F8C5 /* DayEight.swift */; };
		DC10173E1FDAB9A70001F8C5 /* DayEightTests.swift in Sources */ = {isa = PBXBuildFile; fileRef = DC10173D1FDAB9A70001F8C5 /* DayEightTests.swift */; };
		DC1017401FDABBFA0001F8C5 /* EmptyDay.swift in Sources */ = {isa = PBXBuildFile; fileRef = DC10173F1FDABBFA0001F8C5 /* EmptyDay.swift */; };
		DC41B34F1FE7F9D900A31667 /* DayFifteen.swift in Sources */ = {isa = PBXBuildFile; fileRef = DC41B34E1FE7F9D900A31667 /* DayFifteen.swift */; };
		DC41B3521FE7F9E700A31667 /* DayFifteenTests.swift in Sources */ = {isa = PBXBuildFile; fileRef = DC41B3511FE7F9E700A31667 /* DayFifteenTests.swift */; };
		DC41B3551FE8510A00A31667 /* DaySixteen.swift in Sources */ = {isa = PBXBuildFile; fileRef = DC41B3541FE8510A00A31667 /* DaySixteen.swift */; };
		DC41B3581FE8511700A31667 /* DaySixteenTests.swift in Sources */ = {isa = PBXBuildFile; fileRef = DC41B3571FE8511700A31667 /* DaySixteenTests.swift */; };
		DC41B35C1FEA1EF300A31667 /* DaySeventeen.swift in Sources */ = {isa = PBXBuildFile; fileRef = DC41B35B1FEA1EF300A31667 /* DaySeventeen.swift */; };
		DC41B35F1FEA1F0500A31667 /* DaySeventeenTests.swift in Sources */ = {isa = PBXBuildFile; fileRef = DC41B35E1FEA1F0500A31667 /* DaySeventeenTests.swift */; };
		DC4413D02002C395003205F0 /* DayTwentyFour.swift in Sources */ = {isa = PBXBuildFile; fileRef = DC4413CF2002C395003205F0 /* DayTwentyFour.swift */; };
		DC4413D22002C39B003205F0 /* DayTwentyFourTests.swift in Sources */ = {isa = PBXBuildFile; fileRef = DC4413D12002C39B003205F0 /* DayTwentyFourTests.swift */; };
		DC4413D720031093003205F0 /* DayTwentyFive.swift in Sources */ = {isa = PBXBuildFile; fileRef = DC4413D620031093003205F0 /* DayTwentyFive.swift */; };
		DC4413D92003109A003205F0 /* DayTwentyFiveTests.swift in Sources */ = {isa = PBXBuildFile; fileRef = DC4413D82003109A003205F0 /* DayTwentyFiveTests.swift */; };
		DC5713BF1FDEFD0100B94653 /* DayEleven.swift in Sources */ = {isa = PBXBuildFile; fileRef = DC5713BE1FDEFD0100B94653 /* DayEleven.swift */; };
		DC5713C21FDEFD1100B94653 /* DayElevenTests.swift in Sources */ = {isa = PBXBuildFile; fileRef = DC5713C11FDEFD1100B94653 /* DayElevenTests.swift */; };
		DC5713C61FE0CD5000B94653 /* DayTwelve.swift in Sources */ = {isa = PBXBuildFile; fileRef = DC5713C51FE0CD5000B94653 /* DayTwelve.swift */; };
		DC5713C81FE0CD5600B94653 /* DayTwelveTests.swift in Sources */ = {isa = PBXBuildFile; fileRef = DC5713C71FE0CD5600B94653 /* DayTwelveTests.swift */; };
		DC5713CC1FE0D1DA00B94653 /* String.swift in Sources */ = {isa = PBXBuildFile; fileRef = DC5713CB1FE0D1DA00B94653 /* String.swift */; };
		DC5713CF1FE16ABF00B94653 /* DayThirteen.swift in Sources */ = {isa = PBXBuildFile; fileRef = DC5713CE1FE16ABF00B94653 /* DayThirteen.swift */; };
		DC5713D11FE16AC800B94653 /* DayThirteenTests.swift in Sources */ = {isa = PBXBuildFile; fileRef = DC5713D01FE16AC800B94653 /* DayThirteenTests.swift */; };
		DC5713D61FE3FB6900B94653 /* DayFourteen.swift in Sources */ = {isa = PBXBuildFile; fileRef = DC5713D51FE3FB6900B94653 /* DayFourteen.swift */; };
		DC5713D81FE3FB7300B94653 /* DayFourteenTests.swift in Sources */ = {isa = PBXBuildFile; fileRef = DC5713D71FE3FB7300B94653 /* DayFourteenTests.swift */; };
		DC5713DC1FE4B57900B94653 /* KnotHash.swift in Sources */ = {isa = PBXBuildFile; fileRef = DC5713DB1FE4B57900B94653 /* KnotHash.swift */; };
		DC90FD1E1FD6E9300032BE0A /* DayFive.swift in Sources */ = {isa = PBXBuildFile; fileRef = DC90FD1D1FD6E9300032BE0A /* DayFive.swift */; };
		DC90FD201FD6E9540032BE0A /* DayFiveTests.swift in Sources */ = {isa = PBXBuildFile; fileRef = DC90FD1F1FD6E9540032BE0A /* DayFiveTests.swift */; };
		DC90FD261FD81EB30032BE0A /* DaySix.swift in Sources */ = {isa = PBXBuildFile; fileRef = DC90FD251FD81EB30032BE0A /* DaySix.swift */; };
		DC90FD281FD81EBA0032BE0A /* DaySixTests.swift in Sources */ = {isa = PBXBuildFile; fileRef = DC90FD271FD81EBA0032BE0A /* DaySixTests.swift */; };
		DC985BDB1FDC4C0D001F769F /* DayNine.swift in Sources */ = {isa = PBXBuildFile; fileRef = DC985BDA1FDC4C0D001F769F /* DayNine.swift */; };
		DC985BDE1FDC4C1B001F769F /* DayNineTests.swift in Sources */ = {isa = PBXBuildFile; fileRef = DC985BDD1FDC4C1B001F769F /* DayNineTests.swift */; };
		DC985BE21FDD6691001F769F /* DayTen.swift in Sources */ = {isa = PBXBuildFile; fileRef = DC985BE11FDD6691001F769F /* DayTen.swift */; };
		DC985BE51FDD66A1001F769F /* DayTenTests.swift in Sources */ = {isa = PBXBuildFile; fileRef = DC985BE41FDD66A1001F769F /* DayTenTests.swift */; };
		DC985F341FD97F5700601BF8 /* DaySeven.swift in Sources */ = {isa = PBXBuildFile; fileRef = DC985F331FD97F5700601BF8 /* DaySeven.swift */; };
		DC985F371FD97F6800601BF8 /* DaySevenTests.swift in Sources */ = {isa = PBXBuildFile; fileRef = DC985F361FD97F6800601BF8 /* DaySevenTests.swift */; };
		DCAE41281FEB6CBB00B2140F /* DayEighteen.swift in Sources */ = {isa = PBXBuildFile; fileRef = DCAE41271FEB6CBB00B2140F /* DayEighteen.swift */; };
		DCAE412A1FEB6CC600B2140F /* DayEighteenTests.swift in Sources */ = {isa = PBXBuildFile; fileRef = DCAE41291FEB6CC600B2140F /* DayEighteenTests.swift */; };
		DCB4C2691FD203D100B1F75C /* Array.swift in Sources */ = {isa = PBXBuildFile; fileRef = DCB4C2681FD203D100B1F75C /* Array.swift */; };
		DCB4C26C1FD234BB00B1F75C /* AdventDay.swift in Sources */ = {isa = PBXBuildFile; fileRef = DCB4C26B1FD234BB00B1F75C /* AdventDay.swift */; };
		DCB4C26F1FD2D41C00B1F75C /* DayTwo.swift in Sources */ = {isa = PBXBuildFile; fileRef = DCB4C26E1FD2D41C00B1F75C /* DayTwo.swift */; };
		DCB4C2741FD468E300B1F75C /* DayThree.swift in Sources */ = {isa = PBXBuildFile; fileRef = DCB4C2731FD468E300B1F75C /* DayThree.swift */; };
		DCB4C2771FD5105500B1F75C /* DayFour.swift in Sources */ = {isa = PBXBuildFile; fileRef = DCB4C2761FD5105500B1F75C /* DayFour.swift */; };
		DCB4C27D1FD5747D00B1F75C /* DayFourTests.swift in Sources */ = {isa = PBXBuildFile; fileRef = DCB4C27C1FD5747D00B1F75C /* DayFourTests.swift */; };
		DCB4C27F1FD5748500B1F75C /* DayThreeTests.swift in Sources */ = {isa = PBXBuildFile; fileRef = DCB4C27E1FD5748500B1F75C /* DayThreeTests.swift */; };
		DCB4C2821FD5749800B1F75C /* DayTwoTests.swift in Sources */ = {isa = PBXBuildFile; fileRef = DCB4C2811FD5749800B1F75C /* DayTwoTests.swift */; };
		DCB4C2841FD574A300B1F75C /* DayOneTests.swift in Sources */ = {isa = PBXBuildFile; fileRef = DCB4C2831FD574A300B1F75C /* DayOneTests.swift */; };
		DCCA5E6E1FECD41F00FE2749 /* DayNineteen.swift in Sources */ = {isa = PBXBuildFile; fileRef = DCCA5E6D1FECD41F00FE2749 /* DayNineteen.swift */; };
		DCCA5E701FECD42A00FE2749 /* DayNineteenTests.swift in Sources */ = {isa = PBXBuildFile; fileRef = DCCA5E6F1FECD42A00FE2749 /* DayNineteenTests.swift */; };
		DCCA5E761FEF4AA000FE2749 /* DayTwenty.swift in Sources */ = {isa = PBXBuildFile; fileRef = DCCA5E751FEF4AA000FE2749 /* DayTwenty.swift */; };
		DCCA5E781FEF4AA900FE2749 /* DayTwentyTests.swift in Sources */ = {isa = PBXBuildFile; fileRef = DCCA5E771FEF4AA900FE2749 /* DayTwentyTests.swift */; };
		DCCA5E7D1FF1D7C800FE2749 /* DayTwentyOne.swift in Sources */ = {isa = PBXBuildFile; fileRef = DCCA5E7C1FF1D7C800FE2749 /* DayTwentyOne.swift */; };
		DCCA5E7F1FF1D7CD00FE2749 /* DayTwentyOneTests.swift in Sources */ = {isa = PBXBuildFile; fileRef = DCCA5E7E1FF1D7CD00FE2749 /* DayTwentyOneTests.swift */; };
		DCCA5E841FFA8B4900FE2749 /* DayTwentyTwo.swift in Sources */ = {isa = PBXBuildFile; fileRef = DCCA5E831FFA8B4900FE2749 /* DayTwentyTwo.swift */; };
		DCCA5E861FFA8B5700FE2749 /* DayTwentyTwoTests.swift in Sources */ = {isa = PBXBuildFile; fileRef = DCCA5E851FFA8B5700FE2749 /* DayTwentyTwoTests.swift */; };
		DCCA5E8B1FFB428C00FE2749 /* DayTwentyThree.swift in Sources */ = {isa = PBXBuildFile; fileRef = DCCA5E8A1FFB428C00FE2749 /* DayTwentyThree.swift */; };
		DCCA5E8D1FFB429200FE2749 /* DayTwentyThreeTests.swift in Sources */ = {isa = PBXBuildFile; fileRef = DCCA5E8C1FFB429200FE2749 /* DayTwentyThreeTests.swift */; };
		DCD107891FD2029600FBC9D7 /* main.swift in Sources */ = {isa = PBXBuildFile; fileRef = DCD107881FD2029600FBC9D7 /* main.swift */; };
		DCD107911FD202B900FBC9D7 /* DayOne.swift in Sources */ = {isa = PBXBuildFile; fileRef = DCD107901FD202B900FBC9D7 /* DayOne.swift */; };
/* End PBXBuildFile section */

/* Begin PBXCopyFilesBuildPhase section */
		DCD107831FD2029600FBC9D7 /* CopyFiles */ = {
			isa = PBXCopyFilesBuildPhase;
			buildActionMask = 2147483647;
			dstPath = /usr/share/man/man1/;
			dstSubfolderSpec = 0;
			files = (
			);
			runOnlyForDeploymentPostprocessing = 1;
		};
/* End PBXCopyFilesBuildPhase section */

/* Begin PBXFileReference section */
		DC10173A1FDAB9960001F8C5 /* DayEight.swift */ = {isa = PBXFileReference; lastKnownFileType = sourcecode.swift; path = DayEight.swift; sourceTree = "<group>"; };
		DC10173C1FDAB99F0001F8C5 /* README.md */ = {isa = PBXFileReference; lastKnownFileType = net.daringfireball.markdown; path = README.md; sourceTree = "<group>"; };
		DC10173D1FDAB9A70001F8C5 /* DayEightTests.swift */ = {isa = PBXFileReference; lastKnownFileType = sourcecode.swift; path = DayEightTests.swift; sourceTree = "<group>"; };
		DC10173F1FDABBFA0001F8C5 /* EmptyDay.swift */ = {isa = PBXFileReference; lastKnownFileType = sourcecode.swift; path = EmptyDay.swift; sourceTree = "<group>"; };
		DC1017411FDABC690001F8C5 /* day8input.txt */ = {isa = PBXFileReference; lastKnownFileType = text; path = day8input.txt; sourceTree = "<group>"; };
		DC41B34E1FE7F9D900A31667 /* DayFifteen.swift */ = {isa = PBXFileReference; lastKnownFileType = sourcecode.swift; path = DayFifteen.swift; sourceTree = "<group>"; };
		DC41B3501FE7F9DF00A31667 /* README.md */ = {isa = PBXFileReference; lastKnownFileType = net.daringfireball.markdown; path = README.md; sourceTree = "<group>"; };
		DC41B3511FE7F9E700A31667 /* DayFifteenTests.swift */ = {isa = PBXFileReference; lastKnownFileType = sourcecode.swift; path = DayFifteenTests.swift; sourceTree = "<group>"; };
		DC41B3541FE8510A00A31667 /* DaySixteen.swift */ = {isa = PBXFileReference; lastKnownFileType = sourcecode.swift; path = DaySixteen.swift; sourceTree = "<group>"; };
		DC41B3561FE8511000A31667 /* README.md */ = {isa = PBXFileReference; lastKnownFileType = net.daringfireball.markdown; path = README.md; sourceTree = "<group>"; };
		DC41B3571FE8511700A31667 /* DaySixteenTests.swift */ = {isa = PBXFileReference; lastKnownFileType = sourcecode.swift; path = DaySixteenTests.swift; sourceTree = "<group>"; };
		DC41B3591FE93F3E00A31667 /* day16input.txt */ = {isa = PBXFileReference; lastKnownFileType = text; path = day16input.txt; sourceTree = "<group>"; };
		DC41B35B1FEA1EF300A31667 /* DaySeventeen.swift */ = {isa = PBXFileReference; lastKnownFileType = sourcecode.swift; path = DaySeventeen.swift; sourceTree = "<group>"; };
		DC41B35D1FEA1EFB00A31667 /* README.md */ = {isa = PBXFileReference; lastKnownFileType = net.daringfireball.markdown; path = README.md; sourceTree = "<group>"; };
		DC41B35E1FEA1F0500A31667 /* DaySeventeenTests.swift */ = {isa = PBXFileReference; lastKnownFileType = sourcecode.swift; path = DaySeventeenTests.swift; sourceTree = "<group>"; };
		DC4413CF2002C395003205F0 /* DayTwentyFour.swift */ = {isa = PBXFileReference; lastKnownFileType = sourcecode.swift; path = DayTwentyFour.swift; sourceTree = "<group>"; };
		DC4413D12002C39B003205F0 /* DayTwentyFourTests.swift */ = {isa = PBXFileReference; lastKnownFileType = sourcecode.swift; path = DayTwentyFourTests.swift; sourceTree = "<group>"; };
		DC4413D32002C3A1003205F0 /* README.md */ = {isa = PBXFileReference; lastKnownFileType = net.daringfireball.markdown; path = README.md; sourceTree = "<group>"; };
		DC4413D42002C4AE003205F0 /* day24input.txt */ = {isa = PBXFileReference; lastKnownFileType = text; path = day24input.txt; sourceTree = "<group>"; };
		DC4413D620031093003205F0 /* DayTwentyFive.swift */ = {isa = PBXFileReference; lastKnownFileType = sourcecode.swift; path = DayTwentyFive.swift; sourceTree = "<group>"; };
		DC4413D82003109A003205F0 /* DayTwentyFiveTests.swift */ = {isa = PBXFileReference; lastKnownFileType = sourcecode.swift; path = DayTwentyFiveTests.swift; sourceTree = "<group>"; };
		DC4413DA200310A1003205F0 /* README.md */ = {isa = PBXFileReference; lastKnownFileType = net.daringfireball.markdown; path = README.md; sourceTree = "<group>"; };
		DC4413DB200311B3003205F0 /* day25input.txt */ = {isa = PBXFileReference; lastKnownFileType = text; path = day25input.txt; sourceTree = "<group>"; };
		DC5713BE1FDEFD0100B94653 /* DayEleven.swift */ = {isa = PBXFileReference; lastKnownFileType = sourcecode.swift; path = DayEleven.swift; sourceTree = "<group>"; };
		DC5713C01FDEFD0700B94653 /* README.md */ = {isa = PBXFileReference; lastKnownFileType = net.daringfireball.markdown; path = README.md; sourceTree = "<group>"; };
		DC5713C11FDEFD1100B94653 /* DayElevenTests.swift */ = {isa = PBXFileReference; lastKnownFileType = sourcecode.swift; path = DayElevenTests.swift; sourceTree = "<group>"; };
		DC5713C31FDEFE6500B94653 /* day11input.txt */ = {isa = PBXFileReference; lastKnownFileType = text; path = day11input.txt; sourceTree = "<group>"; };
		DC5713C51FE0CD5000B94653 /* DayTwelve.swift */ = {isa = PBXFileReference; lastKnownFileType = sourcecode.swift; path = DayTwelve.swift; sourceTree = "<group>"; };
		DC5713C71FE0CD5600B94653 /* DayTwelveTests.swift */ = {isa = PBXFileReference; lastKnownFileType = sourcecode.swift; path = DayTwelveTests.swift; sourceTree = "<group>"; };
		DC5713C91FE0CD5D00B94653 /* README.md */ = {isa = PBXFileReference; lastKnownFileType = net.daringfireball.markdown; path = README.md; sourceTree = "<group>"; };
		DC5713CA1FE0CF0A00B94653 /* day12input.txt */ = {isa = PBXFileReference; lastKnownFileType = text; path = day12input.txt; sourceTree = "<group>"; };
		DC5713CB1FE0D1DA00B94653 /* String.swift */ = {isa = PBXFileReference; lastKnownFileType = sourcecode.swift; path = String.swift; sourceTree = "<group>"; };
		DC5713CE1FE16ABF00B94653 /* DayThirteen.swift */ = {isa = PBXFileReference; lastKnownFileType = sourcecode.swift; path = DayThirteen.swift; sourceTree = "<group>"; };
		DC5713D01FE16AC800B94653 /* DayThirteenTests.swift */ = {isa = PBXFileReference; lastKnownFileType = sourcecode.swift; path = DayThirteenTests.swift; sourceTree = "<group>"; };
		DC5713D21FE16AD000B94653 /* README.md */ = {isa = PBXFileReference; lastKnownFileType = net.daringfireball.markdown; path = README.md; sourceTree = "<group>"; };
		DC5713D31FE16AE000B94653 /* day13input.txt */ = {isa = PBXFileReference; lastKnownFileType = text; path = day13input.txt; sourceTree = "<group>"; };
		DC5713D51FE3FB6900B94653 /* DayFourteen.swift */ = {isa = PBXFileReference; lastKnownFileType = sourcecode.swift; path = DayFourteen.swift; sourceTree = "<group>"; };
		DC5713D71FE3FB7300B94653 /* DayFourteenTests.swift */ = {isa = PBXFileReference; lastKnownFileType = sourcecode.swift; path = DayFourteenTests.swift; sourceTree = "<group>"; };
		DC5713D91FE3FBA300B94653 /* README.md */ = {isa = PBXFileReference; lastKnownFileType = net.daringfireball.markdown; path = README.md; sourceTree = "<group>"; };
		DC5713DB1FE4B57900B94653 /* KnotHash.swift */ = {isa = PBXFileReference; lastKnownFileType = sourcecode.swift; path = KnotHash.swift; sourceTree = "<group>"; };
		DC90FD1C1FD6E8AF0032BE0A /* README.md */ = {isa = PBXFileReference; lastKnownFileType = net.daringfireball.markdown; path = README.md; sourceTree = "<group>"; };
		DC90FD1D1FD6E9300032BE0A /* DayFive.swift */ = {isa = PBXFileReference; lastKnownFileType = sourcecode.swift; path = DayFive.swift; sourceTree = "<group>"; };
		DC90FD1F1FD6E9540032BE0A /* DayFiveTests.swift */ = {isa = PBXFileReference; lastKnownFileType = sourcecode.swift; path = DayFiveTests.swift; sourceTree = "<group>"; };
		DC90FD211FD6F72A0032BE0A /* day5input.txt */ = {isa = PBXFileReference; lastKnownFileType = text; path = day5input.txt; sourceTree = "<group>"; };
		DC90FD251FD81EB30032BE0A /* DaySix.swift */ = {isa = PBXFileReference; lastKnownFileType = sourcecode.swift; path = DaySix.swift; sourceTree = "<group>"; };
		DC90FD271FD81EBA0032BE0A /* DaySixTests.swift */ = {isa = PBXFileReference; lastKnownFileType = sourcecode.swift; path = DaySixTests.swift; sourceTree = "<group>"; };
		DC90FD291FD81ECA0032BE0A /* README.md */ = {isa = PBXFileReference; lastKnownFileType = net.daringfireball.markdown; path = README.md; sourceTree = "<group>"; };
		DC985BDA1FDC4C0D001F769F /* DayNine.swift */ = {isa = PBXFileReference; lastKnownFileType = sourcecode.swift; path = DayNine.swift; sourceTree = "<group>"; };
		DC985BDC1FDC4C14001F769F /* README.md */ = {isa = PBXFileReference; lastKnownFileType = net.daringfireball.markdown; path = README.md; sourceTree = "<group>"; };
		DC985BDD1FDC4C1B001F769F /* DayNineTests.swift */ = {isa = PBXFileReference; lastKnownFileType = sourcecode.swift; path = DayNineTests.swift; sourceTree = "<group>"; };
		DC985BDF1FDC4C25001F769F /* day9input.txt */ = {isa = PBXFileReference; lastKnownFileType = text; path = day9input.txt; sourceTree = "<group>"; };
		DC985BE11FDD6691001F769F /* DayTen.swift */ = {isa = PBXFileReference; lastKnownFileType = sourcecode.swift; path = DayTen.swift; sourceTree = "<group>"; };
		DC985BE31FDD6698001F769F /* README.md */ = {isa = PBXFileReference; lastKnownFileType = net.daringfireball.markdown; path = README.md; sourceTree = "<group>"; };
		DC985BE41FDD66A1001F769F /* DayTenTests.swift */ = {isa = PBXFileReference; lastKnownFileType = sourcecode.swift; path = DayTenTests.swift; sourceTree = "<group>"; };
		DC985F331FD97F5700601BF8 /* DaySeven.swift */ = {isa = PBXFileReference; lastKnownFileType = sourcecode.swift; path = DaySeven.swift; sourceTree = "<group>"; };
		DC985F351FD97F5E00601BF8 /* README.md */ = {isa = PBXFileReference; lastKnownFileType = net.daringfireball.markdown; path = README.md; sourceTree = "<group>"; };
		DC985F361FD97F6800601BF8 /* DaySevenTests.swift */ = {isa = PBXFileReference; lastKnownFileType = sourcecode.swift; path = DaySevenTests.swift; sourceTree = "<group>"; };
		DC985F381FD9807D00601BF8 /* day7input.txt */ = {isa = PBXFileReference; lastKnownFileType = text; path = day7input.txt; sourceTree = "<group>"; };
		DCAE41271FEB6CBB00B2140F /* DayEighteen.swift */ = {isa = PBXFileReference; lastKnownFileType = sourcecode.swift; path = DayEighteen.swift; sourceTree = "<group>"; };
		DCAE41291FEB6CC600B2140F /* DayEighteenTests.swift */ = {isa = PBXFileReference; lastKnownFileType = sourcecode.swift; path = DayEighteenTests.swift; sourceTree = "<group>"; };
		DCAE412B1FEB6CCB00B2140F /* README.md */ = {isa = PBXFileReference; lastKnownFileType = net.daringfireball.markdown; path = README.md; sourceTree = "<group>"; };
		DCAE412C1FEB6EC900B2140F /* day18input.txt */ = {isa = PBXFileReference; lastKnownFileType = text; path = day18input.txt; sourceTree = "<group>"; };
		DCB4C2681FD203D100B1F75C /* Array.swift */ = {isa = PBXFileReference; lastKnownFileType = sourcecode.swift; path = Array.swift; sourceTree = "<group>"; };
		DCB4C26A1FD207A600B1F75C /* README.md */ = {isa = PBXFileReference; lastKnownFileType = net.daringfireball.markdown; path = README.md; sourceTree = "<group>"; };
		DCB4C26B1FD234BB00B1F75C /* AdventDay.swift */ = {isa = PBXFileReference; lastKnownFileType = sourcecode.swift; path = AdventDay.swift; sourceTree = "<group>"; };
		DCB4C26E1FD2D41C00B1F75C /* DayTwo.swift */ = {isa = PBXFileReference; lastKnownFileType = sourcecode.swift; path = DayTwo.swift; sourceTree = "<group>"; };
		DCB4C2701FD2D42600B1F75C /* README.md */ = {isa = PBXFileReference; lastKnownFileType = net.daringfireball.markdown; path = README.md; sourceTree = "<group>"; };
		DCB4C2721FD42C4100B1F75C /* README.md */ = {isa = PBXFileReference; lastKnownFileType = net.daringfireball.markdown; path = README.md; sourceTree = "<group>"; };
		DCB4C2731FD468E300B1F75C /* DayThree.swift */ = {isa = PBXFileReference; lastKnownFileType = sourcecode.swift; path = DayThree.swift; sourceTree = "<group>"; };
		DCB4C2761FD5105500B1F75C /* DayFour.swift */ = {isa = PBXFileReference; lastKnownFileType = sourcecode.swift; path = DayFour.swift; sourceTree = "<group>"; };
		DCB4C2781FD5105C00B1F75C /* README.md */ = {isa = PBXFileReference; lastKnownFileType = net.daringfireball.markdown; path = README.md; sourceTree = "<group>"; };
		DCB4C2791FD510D900B1F75C /* day4input.txt */ = {isa = PBXFileReference; lastKnownFileType = text; path = day4input.txt; sourceTree = "<group>"; };
		DCB4C27C1FD5747D00B1F75C /* DayFourTests.swift */ = {isa = PBXFileReference; lastKnownFileType = sourcecode.swift; path = DayFourTests.swift; sourceTree = "<group>"; };
		DCB4C27E1FD5748500B1F75C /* DayThreeTests.swift */ = {isa = PBXFileReference; lastKnownFileType = sourcecode.swift; path = DayThreeTests.swift; sourceTree = "<group>"; };
		DCB4C2811FD5749800B1F75C /* DayTwoTests.swift */ = {isa = PBXFileReference; lastKnownFileType = sourcecode.swift; path = DayTwoTests.swift; sourceTree = "<group>"; };
		DCB4C2831FD574A300B1F75C /* DayOneTests.swift */ = {isa = PBXFileReference; lastKnownFileType = sourcecode.swift; path = DayOneTests.swift; sourceTree = "<group>"; };
		DCCA5E6D1FECD41F00FE2749 /* DayNineteen.swift */ = {isa = PBXFileReference; lastKnownFileType = sourcecode.swift; path = DayNineteen.swift; sourceTree = "<group>"; };
		DCCA5E6F1FECD42A00FE2749 /* DayNineteenTests.swift */ = {isa = PBXFileReference; lastKnownFileType = sourcecode.swift; path = DayNineteenTests.swift; sourceTree = "<group>"; };
		DCCA5E711FECD42F00FE2749 /* README.md */ = {isa = PBXFileReference; lastKnownFileType = net.daringfireball.markdown; path = README.md; sourceTree = "<group>"; };
		DCCA5E731FED4CB700FE2749 /* day19input.txt */ = {isa = PBXFileReference; fileEncoding = 4; lastKnownFileType = text; path = day19input.txt; sourceTree = "<group>"; };
		DCCA5E751FEF4AA000FE2749 /* DayTwenty.swift */ = {isa = PBXFileReference; lastKnownFileType = sourcecode.swift; path = DayTwenty.swift; sourceTree = "<group>"; };
		DCCA5E771FEF4AA900FE2749 /* DayTwentyTests.swift */ = {isa = PBXFileReference; lastKnownFileType = sourcecode.swift; path = DayTwentyTests.swift; sourceTree = "<group>"; };
		DCCA5E791FEF4AB000FE2749 /* README.md */ = {isa = PBXFileReference; lastKnownFileType = net.daringfireball.markdown; path = README.md; sourceTree = "<group>"; };
		DCCA5E7A1FF08DB200FE2749 /* day20input.txt */ = {isa = PBXFileReference; lastKnownFileType = text; path = day20input.txt; sourceTree = "<group>"; };
		DCCA5E7C1FF1D7C800FE2749 /* DayTwentyOne.swift */ = {isa = PBXFileReference; lastKnownFileType = sourcecode.swift; path = DayTwentyOne.swift; sourceTree = "<group>"; };
		DCCA5E7E1FF1D7CD00FE2749 /* DayTwentyOneTests.swift */ = {isa = PBXFileReference; lastKnownFileType = sourcecode.swift; path = DayTwentyOneTests.swift; sourceTree = "<group>"; };
		DCCA5E801FF1D7D400FE2749 /* README.md */ = {isa = PBXFileReference; lastKnownFileType = net.daringfireball.markdown; path = README.md; sourceTree = "<group>"; };
		DCCA5E811FF1D93500FE2749 /* day21input.txt */ = {isa = PBXFileReference; fileEncoding = 4; lastKnownFileType = text; path = day21input.txt; sourceTree = "<group>"; };
		DCCA5E831FFA8B4900FE2749 /* DayTwentyTwo.swift */ = {isa = PBXFileReference; lastKnownFileType = sourcecode.swift; path = DayTwentyTwo.swift; sourceTree = "<group>"; };
		DCCA5E851FFA8B5700FE2749 /* DayTwentyTwoTests.swift */ = {isa = PBXFileReference; lastKnownFileType = sourcecode.swift; path = DayTwentyTwoTests.swift; sourceTree = "<group>"; };
		DCCA5E871FFA8B5D00FE2749 /* README.md */ = {isa = PBXFileReference; lastKnownFileType = net.daringfireball.markdown; path = README.md; sourceTree = "<group>"; };
		DCCA5E881FFAA00800FE2749 /* day22input.txt */ = {isa = PBXFileReference; lastKnownFileType = text; path = day22input.txt; sourceTree = "<group>"; };
		DCCA5E8A1FFB428C00FE2749 /* DayTwentyThree.swift */ = {isa = PBXFileReference; lastKnownFileType = sourcecode.swift; path = DayTwentyThree.swift; sourceTree = "<group>"; };
		DCCA5E8C1FFB429200FE2749 /* DayTwentyThreeTests.swift */ = {isa = PBXFileReference; lastKnownFileType = sourcecode.swift; path = DayTwentyThreeTests.swift; sourceTree = "<group>"; };
		DCCA5E8E1FFB42A000FE2749 /* README.md */ = {isa = PBXFileReference; lastKnownFileType = net.daringfireball.markdown; path = README.md; sourceTree = "<group>"; };
		DCCA5E8F1FFB43C300FE2749 /* day23input.txt */ = {isa = PBXFileReference; lastKnownFileType = text; path = day23input.txt; sourceTree = "<group>"; };
		DCD107851FD2029600FBC9D7 /* AdventOfCode2017 */ = {isa = PBXFileReference; explicitFileType = "compiled.mach-o.executable"; includeInIndex = 0; path = AdventOfCode2017; sourceTree = BUILT_PRODUCTS_DIR; };
		DCD107881FD2029600FBC9D7 /* main.swift */ = {isa = PBXFileReference; lastKnownFileType = sourcecode.swift; path = main.swift; sourceTree = "<group>"; };
		DCD107901FD202B900FBC9D7 /* DayOne.swift */ = {isa = PBXFileReference; lastKnownFileType = sourcecode.swift; path = DayOne.swift; sourceTree = "<group>"; };
/* End PBXFileReference section */

/* Begin PBXFrameworksBuildPhase section */
		DCD107821FD2029600FBC9D7 /* Frameworks */ = {
			isa = PBXFrameworksBuildPhase;
			buildActionMask = 2147483647;
			files = (
			);
			runOnlyForDeploymentPostprocessing = 0;
		};
/* End PBXFrameworksBuildPhase section */

/* Begin PBXGroup section */
		DC1017391FDAB97E0001F8C5 /* Day8 */ = {
			isa = PBXGroup;
			children = (
				DC10173A1FDAB9960001F8C5 /* DayEight.swift */,
				DC10173C1FDAB99F0001F8C5 /* README.md */,
			);
			path = Day8;
			sourceTree = "<group>";
		};
		DC41B34D1FE7F9B300A31667 /* Day15 */ = {
			isa = PBXGroup;
			children = (
				DC41B34E1FE7F9D900A31667 /* DayFifteen.swift */,
				DC41B3501FE7F9DF00A31667 /* README.md */,
			);
			path = Day15;
			sourceTree = "<group>";
		};
		DC41B3531FE850F600A31667 /* Day16 */ = {
			isa = PBXGroup;
			children = (
				DC41B3541FE8510A00A31667 /* DaySixteen.swift */,
				DC41B3561FE8511000A31667 /* README.md */,
			);
			path = Day16;
			sourceTree = "<group>";
		};
		DC41B35A1FEA1EDD00A31667 /* Day17 */ = {
			isa = PBXGroup;
			children = (
				DC41B35B1FEA1EF300A31667 /* DaySeventeen.swift */,
				DC41B35D1FEA1EFB00A31667 /* README.md */,
			);
			path = Day17;
			sourceTree = "<group>";
		};
		DC4413CE2002C387003205F0 /* Day 24 */ = {
			isa = PBXGroup;
			children = (
				DC4413CF2002C395003205F0 /* DayTwentyFour.swift */,
				DC4413D32002C3A1003205F0 /* README.md */,
			);
			path = "Day 24";
			sourceTree = "<group>";
		};
		DC4413D520031084003205F0 /* Day 25 */ = {
			isa = PBXGroup;
			children = (
				DC4413D620031093003205F0 /* DayTwentyFive.swift */,
				DC4413DA200310A1003205F0 /* README.md */,
			);
			path = "Day 25";
			sourceTree = "<group>";
		};
		DC5713BD1FDEFCE700B94653 /* Day11 */ = {
			isa = PBXGroup;
			children = (
				DC5713BE1FDEFD0100B94653 /* DayEleven.swift */,
				DC5713C01FDEFD0700B94653 /* README.md */,
			);
			path = Day11;
			sourceTree = "<group>";
		};
		DC5713C41FE0CD3D00B94653 /* Day12 */ = {
			isa = PBXGroup;
			children = (
				DC5713C51FE0CD5000B94653 /* DayTwelve.swift */,
				DC5713C91FE0CD5D00B94653 /* README.md */,
			);
			path = Day12;
			sourceTree = "<group>";
		};
		DC5713CD1FE16A9E00B94653 /* Day13 */ = {
			isa = PBXGroup;
			children = (
				DC5713CE1FE16ABF00B94653 /* DayThirteen.swift */,
				DC5713D21FE16AD000B94653 /* README.md */,
			);
			path = Day13;
			sourceTree = "<group>";
		};
		DC5713D41FE3FB5500B94653 /* Day14 */ = {
			isa = PBXGroup;
			children = (
				DC5713D51FE3FB6900B94653 /* DayFourteen.swift */,
				DC5713D91FE3FBA300B94653 /* README.md */,
			);
			path = Day14;
			sourceTree = "<group>";
		};
		DC5713DA1FE4B53C00B94653 /* Shared */ = {
			isa = PBXGroup;
			children = (
				DC5713DB1FE4B57900B94653 /* KnotHash.swift */,
			);
			path = Shared;
			sourceTree = "<group>";
		};
		DC90FD1B1FD6E89D0032BE0A /* Day5 */ = {
			isa = PBXGroup;
			children = (
				DC90FD1D1FD6E9300032BE0A /* DayFive.swift */,
				DC90FD1C1FD6E8AF0032BE0A /* README.md */,
			);
			path = Day5;
			sourceTree = "<group>";
		};
		DC90FD241FD81EA20032BE0A /* Day6 */ = {
			isa = PBXGroup;
			children = (
				DC90FD251FD81EB30032BE0A /* DaySix.swift */,
				DC90FD291FD81ECA0032BE0A /* README.md */,
			);
			path = Day6;
			sourceTree = "<group>";
		};
		DC985BD91FDC4BFD001F769F /* Day9 */ = {
			isa = PBXGroup;
			children = (
				DC985BDA1FDC4C0D001F769F /* DayNine.swift */,
				DC985BDC1FDC4C14001F769F /* README.md */,
			);
			path = Day9;
			sourceTree = "<group>";
		};
		DC985BE01FDD6678001F769F /* Day10 */ = {
			isa = PBXGroup;
			children = (
				DC985BE11FDD6691001F769F /* DayTen.swift */,
				DC985BE31FDD6698001F769F /* README.md */,
			);
			path = Day10;
			sourceTree = "<group>";
		};
		DC985F321FD97F4600601BF8 /* Day7 */ = {
			isa = PBXGroup;
			children = (
				DC985F331FD97F5700601BF8 /* DaySeven.swift */,
				DC985F351FD97F5E00601BF8 /* README.md */,
			);
			path = Day7;
			sourceTree = "<group>";
		};
		DCAE41261FEB6CAB00B2140F /* Day18 */ = {
			isa = PBXGroup;
			children = (
				DCAE41271FEB6CBB00B2140F /* DayEighteen.swift */,
				DCAE412B1FEB6CCB00B2140F /* README.md */,
			);
			path = Day18;
			sourceTree = "<group>";
		};
		DCB4C2671FD203C700B1F75C /* Extensions */ = {
			isa = PBXGroup;
			children = (
				DCB4C2681FD203D100B1F75C /* Array.swift */,
				DC5713CB1FE0D1DA00B94653 /* String.swift */,
			);
			path = Extensions;
			sourceTree = "<group>";
		};
		DCB4C26D1FD2D3FB00B1F75C /* Day2 */ = {
			isa = PBXGroup;
			children = (
				DCB4C26E1FD2D41C00B1F75C /* DayTwo.swift */,
				DCB4C2701FD2D42600B1F75C /* README.md */,
			);
			path = Day2;
			sourceTree = "<group>";
		};
		DCB4C2711FD42C2D00B1F75C /* Day3 */ = {
			isa = PBXGroup;
			children = (
				DCB4C2731FD468E300B1F75C /* DayThree.swift */,
				DCB4C2721FD42C4100B1F75C /* README.md */,
			);
			path = Day3;
			sourceTree = "<group>";
		};
		DCB4C2751FD5104200B1F75C /* Day4 */ = {
			isa = PBXGroup;
			children = (
				DCB4C2761FD5105500B1F75C /* DayFour.swift */,
				DCB4C2781FD5105C00B1F75C /* README.md */,
			);
			path = Day4;
			sourceTree = "<group>";
		};
		DCB4C27A1FD5743F00B1F75C /* data */ = {
			isa = PBXGroup;
			children = (
				DCB4C2791FD510D900B1F75C /* day4input.txt */,
				DC90FD211FD6F72A0032BE0A /* day5input.txt */,
				DC985F381FD9807D00601BF8 /* day7input.txt */,
				DC1017411FDABC690001F8C5 /* day8input.txt */,
				DC985BDF1FDC4C25001F769F /* day9input.txt */,
				DC5713C31FDEFE6500B94653 /* day11input.txt */,
				DC5713CA1FE0CF0A00B94653 /* day12input.txt */,
				DC5713D31FE16AE000B94653 /* day13input.txt */,
				DC41B3591FE93F3E00A31667 /* day16input.txt */,
				DCAE412C1FEB6EC900B2140F /* day18input.txt */,
				DCCA5E731FED4CB700FE2749 /* day19input.txt */,
				DCCA5E7A1FF08DB200FE2749 /* day20input.txt */,
				DCCA5E811FF1D93500FE2749 /* day21input.txt */,
				DCCA5E881FFAA00800FE2749 /* day22input.txt */,
				DCCA5E8F1FFB43C300FE2749 /* day23input.txt */,
				DC4413D42002C4AE003205F0 /* day24input.txt */,
				DC4413DB200311B3003205F0 /* day25input.txt */,
			);
			path = data;
			sourceTree = "<group>";
		};
		DCB4C27B1FD5746600B1F75C /* Tests */ = {
			isa = PBXGroup;
			children = (
				DCB4C2831FD574A300B1F75C /* DayOneTests.swift */,
				DCB4C2811FD5749800B1F75C /* DayTwoTests.swift */,
				DCB4C27E1FD5748500B1F75C /* DayThreeTests.swift */,
				DCB4C27C1FD5747D00B1F75C /* DayFourTests.swift */,
				DC90FD1F1FD6E9540032BE0A /* DayFiveTests.swift */,
				DC90FD271FD81EBA0032BE0A /* DaySixTests.swift */,
				DC985F361FD97F6800601BF8 /* DaySevenTests.swift */,
				DC10173D1FDAB9A70001F8C5 /* DayEightTests.swift */,
				DC985BDD1FDC4C1B001F769F /* DayNineTests.swift */,
				DC985BE41FDD66A1001F769F /* DayTenTests.swift */,
				DC5713C11FDEFD1100B94653 /* DayElevenTests.swift */,
				DC5713C71FE0CD5600B94653 /* DayTwelveTests.swift */,
				DC5713D01FE16AC800B94653 /* DayThirteenTests.swift */,
				DC5713D71FE3FB7300B94653 /* DayFourteenTests.swift */,
				DC41B3511FE7F9E700A31667 /* DayFifteenTests.swift */,
				DC41B3571FE8511700A31667 /* DaySixteenTests.swift */,
				DC41B35E1FEA1F0500A31667 /* DaySeventeenTests.swift */,
				DCAE41291FEB6CC600B2140F /* DayEighteenTests.swift */,
				DCCA5E6F1FECD42A00FE2749 /* DayNineteenTests.swift */,
				DCCA5E771FEF4AA900FE2749 /* DayTwentyTests.swift */,
				DCCA5E7E1FF1D7CD00FE2749 /* DayTwentyOneTests.swift */,
				DCCA5E851FFA8B5700FE2749 /* DayTwentyTwoTests.swift */,
				DCCA5E8C1FFB429200FE2749 /* DayTwentyThreeTests.swift */,
				DC4413D12002C39B003205F0 /* DayTwentyFourTests.swift */,
				DC4413D82003109A003205F0 /* DayTwentyFiveTests.swift */,
			);
			path = Tests;
			sourceTree = "<group>";
		};
		DCCA5E6C1FECD40500FE2749 /* Day19 */ = {
			isa = PBXGroup;
			children = (
				DCCA5E6D1FECD41F00FE2749 /* DayNineteen.swift */,
				DCCA5E711FECD42F00FE2749 /* README.md */,
			);
			path = Day19;
			sourceTree = "<group>";
		};
		DCCA5E741FEF4A8B00FE2749 /* Day20 */ = {
			isa = PBXGroup;
			children = (
				DCCA5E751FEF4AA000FE2749 /* DayTwenty.swift */,
				DCCA5E791FEF4AB000FE2749 /* README.md */,
			);
			path = Day20;
			sourceTree = "<group>";
		};
		DCCA5E7B1FF1D7B300FE2749 /* Day21 */ = {
			isa = PBXGroup;
			children = (
				DCCA5E7C1FF1D7C800FE2749 /* DayTwentyOne.swift */,
				DCCA5E801FF1D7D400FE2749 /* README.md */,
			);
			path = Day21;
			sourceTree = "<group>";
		};
		DCCA5E821FFA8B3100FE2749 /* Day22 */ = {
			isa = PBXGroup;
			children = (
				DCCA5E831FFA8B4900FE2749 /* DayTwentyTwo.swift */,
				DCCA5E871FFA8B5D00FE2749 /* README.md */,
			);
			path = Day22;
			sourceTree = "<group>";
		};
		DCCA5E891FFB427C00FE2749 /* Day23 */ = {
			isa = PBXGroup;
			children = (
				DCCA5E8A1FFB428C00FE2749 /* DayTwentyThree.swift */,
				DCCA5E8E1FFB42A000FE2749 /* README.md */,
			);
			path = Day23;
			sourceTree = "<group>";
		};
		DCD1077C1FD2029600FBC9D7 = {
			isa = PBXGroup;
			children = (
				DCD107871FD2029600FBC9D7 /* AdventOfCode2017 */,
				DCD107861FD2029600FBC9D7 /* Products */,
			);
			sourceTree = "<group>";
		};
		DCD107861FD2029600FBC9D7 /* Products */ = {
			isa = PBXGroup;
			children = (
				DCD107851FD2029600FBC9D7 /* AdventOfCode2017 */,
			);
			name = Products;
			sourceTree = "<group>";
		};
		DCD107871FD2029600FBC9D7 /* AdventOfCode2017 */ = {
			isa = PBXGroup;
			children = (
				DCB4C27A1FD5743F00B1F75C /* data */,
				DCB4C2671FD203C700B1F75C /* Extensions */,
				DC5713DA1FE4B53C00B94653 /* Shared */,
				DCD1078F1FD202A200FBC9D7 /* Day1 */,
				DCB4C26D1FD2D3FB00B1F75C /* Day2 */,
				DCB4C2711FD42C2D00B1F75C /* Day3 */,
				DCB4C2751FD5104200B1F75C /* Day4 */,
				DC90FD1B1FD6E89D0032BE0A /* Day5 */,
				DC90FD241FD81EA20032BE0A /* Day6 */,
				DC985F321FD97F4600601BF8 /* Day7 */,
				DC1017391FDAB97E0001F8C5 /* Day8 */,
				DC985BD91FDC4BFD001F769F /* Day9 */,
				DC985BE01FDD6678001F769F /* Day10 */,
				DC5713BD1FDEFCE700B94653 /* Day11 */,
				DC5713C41FE0CD3D00B94653 /* Day12 */,
				DC5713CD1FE16A9E00B94653 /* Day13 */,
				DC5713D41FE3FB5500B94653 /* Day14 */,
				DC41B34D1FE7F9B300A31667 /* Day15 */,
				DC41B3531FE850F600A31667 /* Day16 */,
				DC41B35A1FEA1EDD00A31667 /* Day17 */,
				DCAE41261FEB6CAB00B2140F /* Day18 */,
				DCCA5E6C1FECD40500FE2749 /* Day19 */,
				DCCA5E741FEF4A8B00FE2749 /* Day20 */,
				DCCA5E7B1FF1D7B300FE2749 /* Day21 */,
				DCCA5E821FFA8B3100FE2749 /* Day22 */,
				DCCA5E891FFB427C00FE2749 /* Day23 */,
				DC4413CE2002C387003205F0 /* Day 24 */,
				DC4413D520031084003205F0 /* Day 25 */,
				DCB4C27B1FD5746600B1F75C /* Tests */,
				DCD107881FD2029600FBC9D7 /* main.swift */,
				DCB4C26B1FD234BB00B1F75C /* AdventDay.swift */,
				DC10173F1FDABBFA0001F8C5 /* EmptyDay.swift */,
			);
			path = AdventOfCode2017;
			sourceTree = "<group>";
		};
		DCD1078F1FD202A200FBC9D7 /* Day1 */ = {
			isa = PBXGroup;
			children = (
				DCD107901FD202B900FBC9D7 /* DayOne.swift */,
				DCB4C26A1FD207A600B1F75C /* README.md */,
			);
			path = Day1;
			sourceTree = "<group>";
		};
/* End PBXGroup section */

/* Begin PBXNativeTarget section */
		DCD107841FD2029600FBC9D7 /* AdventOfCode2017 */ = {
			isa = PBXNativeTarget;
			buildConfigurationList = DCD1078C1FD2029600FBC9D7 /* Build configuration list for PBXNativeTarget "AdventOfCode2017" */;
			buildPhases = (
				DCD107811FD2029600FBC9D7 /* Sources */,
				DCD107821FD2029600FBC9D7 /* Frameworks */,
				DCD107831FD2029600FBC9D7 /* CopyFiles */,
			);
			buildRules = (
			);
			dependencies = (
			);
			name = AdventOfCode2017;
			productName = AdventOfCode2017;
			productReference = DCD107851FD2029600FBC9D7 /* AdventOfCode2017 */;
			productType = "com.apple.product-type.tool";
		};
/* End PBXNativeTarget section */

/* Begin PBXProject section */
		DCD1077D1FD2029600FBC9D7 /* Project object */ = {
			isa = PBXProject;
			attributes = {
				LastSwiftUpdateCheck = 0910;
				LastUpgradeCheck = 0910;
				ORGANIZATIONNAME = v8logic;
				TargetAttributes = {
					DCD107841FD2029600FBC9D7 = {
						CreatedOnToolsVersion = 9.1;
						ProvisioningStyle = Automatic;
					};
				};
			};
			buildConfigurationList = DCD107801FD2029600FBC9D7 /* Build configuration list for PBXProject "AdventOfCode2017" */;
			compatibilityVersion = "Xcode 8.0";
			developmentRegion = en;
			hasScannedForEncodings = 0;
			knownRegions = (
				en,
			);
			mainGroup = DCD1077C1FD2029600FBC9D7;
			productRefGroup = DCD107861FD2029600FBC9D7 /* Products */;
			projectDirPath = "";
			projectRoot = "";
			targets = (
				DCD107841FD2029600FBC9D7 /* AdventOfCode2017 */,
			);
		};
/* End PBXProject section */

/* Begin PBXSourcesBuildPhase section */
		DCD107811FD2029600FBC9D7 /* Sources */ = {
			isa = PBXSourcesBuildPhase;
			buildActionMask = 2147483647;
			files = (
				DCCA5E701FECD42A00FE2749 /* DayNineteenTests.swift in Sources */,
				DC5713CC1FE0D1DA00B94653 /* String.swift in Sources */,
				DCB4C26F1FD2D41C00B1F75C /* DayTwo.swift in Sources */,
				DC90FD261FD81EB30032BE0A /* DaySix.swift in Sources */,
				DCCA5E8D1FFB429200FE2749 /* DayTwentyThreeTests.swift in Sources */,
				DC5713DC1FE4B57900B94653 /* KnotHash.swift in Sources */,
				DCCA5E8B1FFB428C00FE2749 /* DayTwentyThree.swift in Sources */,
				DC985BDB1FDC4C0D001F769F /* DayNine.swift in Sources */,
				DC41B3551FE8510A00A31667 /* DaySixteen.swift in Sources */,
				DCCA5E841FFA8B4900FE2749 /* DayTwentyTwo.swift in Sources */,
				DCCA5E781FEF4AA900FE2749 /* DayTwentyTests.swift in Sources */,
				DCB4C2691FD203D100B1F75C /* Array.swift in Sources */,
				DC90FD281FD81EBA0032BE0A /* DaySixTests.swift in Sources */,
				DC10173E1FDAB9A70001F8C5 /* DayEightTests.swift in Sources */,
				DC41B3581FE8511700A31667 /* DaySixteenTests.swift in Sources */,
				DCB4C27F1FD5748500B1F75C /* DayThreeTests.swift in Sources */,
				DC5713C61FE0CD5000B94653 /* DayTwelve.swift in Sources */,
				DC985F371FD97F6800601BF8 /* DaySevenTests.swift in Sources */,
				DC5713D81FE3FB7300B94653 /* DayFourteenTests.swift in Sources */,
				DCCA5E7F1FF1D7CD00FE2749 /* DayTwentyOneTests.swift in Sources */,
				DC10173B1FDAB9960001F8C5 /* DayEight.swift in Sources */,
				DCB4C27D1FD5747D00B1F75C /* DayFourTests.swift in Sources */,
				DC4413D720031093003205F0 /* DayTwentyFive.swift in Sources */,
				DC41B35F1FEA1F0500A31667 /* DaySeventeenTests.swift in Sources */,
				DC41B3521FE7F9E700A31667 /* DayFifteenTests.swift in Sources */,
				DC90FD1E1FD6E9300032BE0A /* DayFive.swift in Sources */,
				DCD107891FD2029600FBC9D7 /* main.swift in Sources */,
				DC985F341FD97F5700601BF8 /* DaySeven.swift in Sources */,
				DC90FD201FD6E9540032BE0A /* DayFiveTests.swift in Sources */,
				DCB4C2821FD5749800B1F75C /* DayTwoTests.swift in Sources */,
				DCCA5E6E1FECD41F00FE2749 /* DayNineteen.swift in Sources */,
				DCAE412A1FEB6CC600B2140F /* DayEighteenTests.swift in Sources */,
				DC1017401FDABBFA0001F8C5 /* EmptyDay.swift in Sources */,
				DC5713D61FE3FB6900B94653 /* DayFourteen.swift in Sources */,
				DC985BE21FDD6691001F769F /* DayTen.swift in Sources */,
				DCCA5E861FFA8B5700FE2749 /* DayTwentyTwoTests.swift in Sources */,
				DC985BDE1FDC4C1B001F769F /* DayNineTests.swift in Sources */,
				DC5713C81FE0CD5600B94653 /* DayTwelveTests.swift in Sources */,
				DCB4C2841FD574A300B1F75C /* DayOneTests.swift in Sources */,
				DC4413D02002C395003205F0 /* DayTwentyFour.swift in Sources */,
				DCCA5E761FEF4AA000FE2749 /* DayTwenty.swift in Sources */,
				DCB4C26C1FD234BB00B1F75C /* AdventDay.swift in Sources */,
				DCAE41281FEB6CBB00B2140F /* DayEighteen.swift in Sources */,
				DC41B34F1FE7F9D900A31667 /* DayFifteen.swift in Sources */,
				DC4413D22002C39B003205F0 /* DayTwentyFourTests.swift in Sources */,
				DC985BE51FDD66A1001F769F /* DayTenTests.swift in Sources */,
				DCB4C2771FD5105500B1F75C /* DayFour.swift in Sources */,
				DCD107911FD202B900FBC9D7 /* DayOne.swift in Sources */,
				DC5713D11FE16AC800B94653 /* DayThirteenTests.swift in Sources */,
				DC4413D92003109A003205F0 /* DayTwentyFiveTests.swift in Sources */,
				DCB4C2741FD468E300B1F75C /* DayThree.swift in Sources */,
				DC5713BF1FDEFD0100B94653 /* DayEleven.swift in Sources */,
				DC5713C21FDEFD1100B94653 /* DayElevenTests.swift in Sources */,
				DC5713CF1FE16ABF00B94653 /* DayThirteen.swift in Sources */,
				DC41B35C1FEA1EF300A31667 /* DaySeventeen.swift in Sources */,
				DCCA5E7D1FF1D7C800FE2749 /* DayTwentyOne.swift in Sources */,
			);
			runOnlyForDeploymentPostprocessing = 0;
		};
/* End PBXSourcesBuildPhase section */

/* Begin XCBuildConfiguration section */
		DCD1078A1FD2029600FBC9D7 /* Debug */ = {
			isa = XCBuildConfiguration;
			buildSettings = {
				ALWAYS_SEARCH_USER_PATHS = NO;
				CLANG_ANALYZER_NONNULL = YES;
				CLANG_ANALYZER_NUMBER_OBJECT_CONVERSION = YES_AGGRESSIVE;
				CLANG_CXX_LANGUAGE_STANDARD = "gnu++14";
				CLANG_CXX_LIBRARY = "libc++";
				CLANG_ENABLE_MODULES = YES;
				CLANG_ENABLE_OBJC_ARC = YES;
				CLANG_WARN_BLOCK_CAPTURE_AUTORELEASING = YES;
				CLANG_WARN_BOOL_CONVERSION = YES;
				CLANG_WARN_COMMA = YES;
				CLANG_WARN_CONSTANT_CONVERSION = YES;
				CLANG_WARN_DIRECT_OBJC_ISA_USAGE = YES_ERROR;
				CLANG_WARN_DOCUMENTATION_COMMENTS = YES;
				CLANG_WARN_EMPTY_BODY = YES;
				CLANG_WARN_ENUM_CONVERSION = YES;
				CLANG_WARN_INFINITE_RECURSION = YES;
				CLANG_WARN_INT_CONVERSION = YES;
				CLANG_WARN_NON_LITERAL_NULL_CONVERSION = YES;
				CLANG_WARN_OBJC_LITERAL_CONVERSION = YES;
				CLANG_WARN_OBJC_ROOT_CLASS = YES_ERROR;
				CLANG_WARN_RANGE_LOOP_ANALYSIS = YES;
				CLANG_WARN_STRICT_PROTOTYPES = YES;
				CLANG_WARN_SUSPICIOUS_MOVE = YES;
				CLANG_WARN_UNGUARDED_AVAILABILITY = YES_AGGRESSIVE;
				CLANG_WARN_UNREACHABLE_CODE = YES;
				CLANG_WARN__DUPLICATE_METHOD_MATCH = YES;
				CODE_SIGN_IDENTITY = "Mac Developer";
				COPY_PHASE_STRIP = NO;
				DEBUG_INFORMATION_FORMAT = dwarf;
				ENABLE_STRICT_OBJC_MSGSEND = YES;
				ENABLE_TESTABILITY = YES;
				GCC_C_LANGUAGE_STANDARD = gnu11;
				GCC_DYNAMIC_NO_PIC = NO;
				GCC_NO_COMMON_BLOCKS = YES;
				GCC_OPTIMIZATION_LEVEL = 0;
				GCC_PREPROCESSOR_DEFINITIONS = (
					"DEBUG=1",
					"$(inherited)",
				);
				GCC_WARN_64_TO_32_BIT_CONVERSION = YES;
				GCC_WARN_ABOUT_RETURN_TYPE = YES_ERROR;
				GCC_WARN_UNDECLARED_SELECTOR = YES;
				GCC_WARN_UNINITIALIZED_AUTOS = YES_AGGRESSIVE;
				GCC_WARN_UNUSED_FUNCTION = YES;
				GCC_WARN_UNUSED_VARIABLE = YES;
				MACOSX_DEPLOYMENT_TARGET = 10.12;
				MTL_ENABLE_DEBUG_INFO = YES;
				ONLY_ACTIVE_ARCH = YES;
				SDKROOT = macosx;
				SWIFT_ACTIVE_COMPILATION_CONDITIONS = DEBUG;
				SWIFT_OPTIMIZATION_LEVEL = "-Onone";
			};
			name = Debug;
		};
		DCD1078B1FD2029600FBC9D7 /* Release */ = {
			isa = XCBuildConfiguration;
			buildSettings = {
				ALWAYS_SEARCH_USER_PATHS = NO;
				CLANG_ANALYZER_NONNULL = YES;
				CLANG_ANALYZER_NUMBER_OBJECT_CONVERSION = YES_AGGRESSIVE;
				CLANG_CXX_LANGUAGE_STANDARD = "gnu++14";
				CLANG_CXX_LIBRARY = "libc++";
				CLANG_ENABLE_MODULES = YES;
				CLANG_ENABLE_OBJC_ARC = YES;
				CLANG_WARN_BLOCK_CAPTURE_AUTORELEASING = YES;
				CLANG_WARN_BOOL_CONVERSION = YES;
				CLANG_WARN_COMMA = YES;
				CLANG_WARN_CONSTANT_CONVERSION = YES;
				CLANG_WARN_DIRECT_OBJC_ISA_USAGE = YES_ERROR;
				CLANG_WARN_DOCUMENTATION_COMMENTS = YES;
				CLANG_WARN_EMPTY_BODY = YES;
				CLANG_WARN_ENUM_CONVERSION = YES;
				CLANG_WARN_INFINITE_RECURSION = YES;
				CLANG_WARN_INT_CONVERSION = YES;
				CLANG_WARN_NON_LITERAL_NULL_CONVERSION = YES;
				CLANG_WARN_OBJC_LITERAL_CONVERSION = YES;
				CLANG_WARN_OBJC_ROOT_CLASS = YES_ERROR;
				CLANG_WARN_RANGE_LOOP_ANALYSIS = YES;
				CLANG_WARN_STRICT_PROTOTYPES = YES;
				CLANG_WARN_SUSPICIOUS_MOVE = YES;
				CLANG_WARN_UNGUARDED_AVAILABILITY = YES_AGGRESSIVE;
				CLANG_WARN_UNREACHABLE_CODE = YES;
				CLANG_WARN__DUPLICATE_METHOD_MATCH = YES;
				CODE_SIGN_IDENTITY = "Mac Developer";
				COPY_PHASE_STRIP = NO;
				DEBUG_INFORMATION_FORMAT = "dwarf-with-dsym";
				ENABLE_NS_ASSERTIONS = NO;
				ENABLE_STRICT_OBJC_MSGSEND = YES;
				GCC_C_LANGUAGE_STANDARD = gnu11;
				GCC_NO_COMMON_BLOCKS = YES;
				GCC_WARN_64_TO_32_BIT_CONVERSION = YES;
				GCC_WARN_ABOUT_RETURN_TYPE = YES_ERROR;
				GCC_WARN_UNDECLARED_SELECTOR = YES;
				GCC_WARN_UNINITIALIZED_AUTOS = YES_AGGRESSIVE;
				GCC_WARN_UNUSED_FUNCTION = YES;
				GCC_WARN_UNUSED_VARIABLE = YES;
				MACOSX_DEPLOYMENT_TARGET = 10.12;
				MTL_ENABLE_DEBUG_INFO = NO;
				SDKROOT = macosx;
				SWIFT_OPTIMIZATION_LEVEL = "-Owholemodule";
			};
			name = Release;
		};
		DCD1078D1FD2029600FBC9D7 /* Debug */ = {
			isa = XCBuildConfiguration;
			buildSettings = {
				CODE_SIGN_STYLE = Automatic;
				DEVELOPMENT_TEAM = U47EA53RZE;
				PRODUCT_NAME = "$(TARGET_NAME)";
				SWIFT_VERSION = 4.0;
			};
			name = Debug;
		};
		DCD1078E1FD2029600FBC9D7 /* Release */ = {
			isa = XCBuildConfiguration;
			buildSettings = {
				CODE_SIGN_STYLE = Automatic;
				DEVELOPMENT_TEAM = U47EA53RZE;
				PRODUCT_NAME = "$(TARGET_NAME)";
				SWIFT_VERSION = 4.0;
			};
			name = Release;
		};
/* End XCBuildConfiguration section */

/* Begin XCConfigurationList section */
		DCD107801FD2029600FBC9D7 /* Build configuration list for PBXProject "AdventOfCode2017" */ = {
			isa = XCConfigurationList;
			buildConfigurations = (
				DCD1078A1FD2029600FBC9D7 /* Debug */,
				DCD1078B1FD2029600FBC9D7 /* Release */,
			);
			defaultConfigurationIsVisible = 0;
			defaultConfigurationName = Release;
		};
		DCD1078C1FD2029600FBC9D7 /* Build configuration list for PBXNativeTarget "AdventOfCode2017" */ = {
			isa = XCConfigurationList;
			buildConfigurations = (
				DCD1078D1FD2029600FBC9D7 /* Debug */,
				DCD1078E1FD2029600FBC9D7 /* Release */,
			);
			defaultConfigurationIsVisible = 0;
			defaultConfigurationName = Release;
		};
/* End XCConfigurationList section */
	};
	rootObject = DCD1077D1FD2029600FBC9D7 /* Project object */;
}
