// !$*UTF8*$!
{
	archiveVersion = 1;
	classes = {
	};
	objectVersion = 50;
	objects = {

/* Begin PBXBuildFile section */
		7631393321B45C0C0082309E /* main.swift in Sources */ = {isa = PBXBuildFile; fileRef = 7631393221B45C0C0082309E /* main.swift */; };
		7631394821B45CC70082309E /* DayOneTests.swift in Sources */ = {isa = PBXBuildFile; fileRef = 7631394721B45CC70082309E /* DayOneTests.swift */; };
		7631394B21B45E700082309E /* AdventDay.swift in Sources */ = {isa = PBXBuildFile; fileRef = 7631394A21B45E700082309E /* AdventDay.swift */; };
		7631394D21B45FFD0082309E /* DayOne.swift in Sources */ = {isa = PBXBuildFile; fileRef = 7631394C21B45FFD0082309E /* DayOne.swift */; };
		7631394F21B46A3C0082309E /* DayOne.swift in Sources */ = {isa = PBXBuildFile; fileRef = 7631394C21B45FFD0082309E /* DayOne.swift */; };
		7631395021B46A3E0082309E /* AdventDay.swift in Sources */ = {isa = PBXBuildFile; fileRef = 7631394A21B45E700082309E /* AdventDay.swift */; };
		76E6F2CB21B49B7800917EF4 /* DayTwo.swift in Sources */ = {isa = PBXBuildFile; fileRef = 76E6F2CA21B49B7800917EF4 /* DayTwo.swift */; };
		76E6F2CD21B49B8500917EF4 /* DayTwoTests.swift in Sources */ = {isa = PBXBuildFile; fileRef = 76E6F2CC21B49B8500917EF4 /* DayTwoTests.swift */; };
		76E6F2CF21B4C27800917EF4 /* DayTwo.swift in Sources */ = {isa = PBXBuildFile; fileRef = 76E6F2CA21B49B7800917EF4 /* DayTwo.swift */; };
		DC57F2F921B5B68C0001F336 /* DayThree.swift in Sources */ = {isa = PBXBuildFile; fileRef = DC57F2F821B5B68C0001F336 /* DayThree.swift */; };
		DC57F2FB21B5B6970001F336 /* DayThreeTests.swift in Sources */ = {isa = PBXBuildFile; fileRef = DC57F2FA21B5B6970001F336 /* DayThreeTests.swift */; };
		DC57F2FC21B5BED90001F336 /* DayThree.swift in Sources */ = {isa = PBXBuildFile; fileRef = DC57F2F821B5B68C0001F336 /* DayThree.swift */; };
		DC57F30121B63D480001F336 /* DayFour.swift in Sources */ = {isa = PBXBuildFile; fileRef = DC57F30021B63D480001F336 /* DayFour.swift */; };
		DC57F30321B63D550001F336 /* DayFourTests.swift in Sources */ = {isa = PBXBuildFile; fileRef = DC57F30221B63D550001F336 /* DayFourTests.swift */; };
		DC57F30421B63D590001F336 /* DayFour.swift in Sources */ = {isa = PBXBuildFile; fileRef = DC57F30021B63D480001F336 /* DayFour.swift */; };
		DC57F30721B75CA70001F336 /* String.swift in Sources */ = {isa = PBXBuildFile; fileRef = DC57F30621B75CA70001F336 /* String.swift */; };
		DC57F30821B75EE60001F336 /* String.swift in Sources */ = {isa = PBXBuildFile; fileRef = DC57F30621B75CA70001F336 /* String.swift */; };
		DC57F30A21B792480001F336 /* StringTests.swift in Sources */ = {isa = PBXBuildFile; fileRef = DC57F30921B792480001F336 /* StringTests.swift */; };
		DC57F30E21B8BE080001F336 /* DayFive.swift in Sources */ = {isa = PBXBuildFile; fileRef = DC57F30D21B8BE080001F336 /* DayFive.swift */; };
		DC57F30F21B8BE0D0001F336 /* DayFive.swift in Sources */ = {isa = PBXBuildFile; fileRef = DC57F30D21B8BE080001F336 /* DayFive.swift */; };
		DC57F31421B8C3D10001F336 /* DayFiveTests.swift in Sources */ = {isa = PBXBuildFile; fileRef = DC57F31321B8C3D10001F336 /* DayFiveTests.swift */; };
		DCBDA30921B951E400346B81 /* DaySix.swift in Sources */ = {isa = PBXBuildFile; fileRef = DCBDA30821B951E400346B81 /* DaySix.swift */; };
		DCBDA30B21B951F200346B81 /* DaySixTests.swift in Sources */ = {isa = PBXBuildFile; fileRef = DCBDA30A21B951F200346B81 /* DaySixTests.swift */; };
		DCBDA30C21B951F600346B81 /* DaySix.swift in Sources */ = {isa = PBXBuildFile; fileRef = DCBDA30821B951E400346B81 /* DaySix.swift */; };
		DCBDA30F21B9593E00346B81 /* Coordinate.swift in Sources */ = {isa = PBXBuildFile; fileRef = DCBDA30E21B9593E00346B81 /* Coordinate.swift */; };
		DCBDA31021B9596300346B81 /* Coordinate.swift in Sources */ = {isa = PBXBuildFile; fileRef = DCBDA30E21B9593E00346B81 /* Coordinate.swift */; };
		DCBDA31221B95A9A00346B81 /* CoordinateTests.swift in Sources */ = {isa = PBXBuildFile; fileRef = DCBDA31121B95A9A00346B81 /* CoordinateTests.swift */; };
		DCBDA31621BA996B00346B81 /* DaySeven.swift in Sources */ = {isa = PBXBuildFile; fileRef = DCBDA31521BA996B00346B81 /* DaySeven.swift */; };
		DCBDA31721BA996E00346B81 /* DaySeven.swift in Sources */ = {isa = PBXBuildFile; fileRef = DCBDA31521BA996B00346B81 /* DaySeven.swift */; };
		DCBDA31921BA997B00346B81 /* DaySevenTests.swift in Sources */ = {isa = PBXBuildFile; fileRef = DCBDA31821BA997B00346B81 /* DaySevenTests.swift */; };
		DCBDA31E21BC0E2200346B81 /* DayEight.swift in Sources */ = {isa = PBXBuildFile; fileRef = DCBDA31D21BC0E2200346B81 /* DayEight.swift */; };
		DCBDA32021BC0E2B00346B81 /* DayEightTests.swift in Sources */ = {isa = PBXBuildFile; fileRef = DCBDA31F21BC0E2B00346B81 /* DayEightTests.swift */; };
		DCBDA32121BC0E2F00346B81 /* DayEight.swift in Sources */ = {isa = PBXBuildFile; fileRef = DCBDA31D21BC0E2200346B81 /* DayEight.swift */; };
		DCBDA32621BE02DD00346B81 /* DayNine.swift in Sources */ = {isa = PBXBuildFile; fileRef = DCBDA32521BE02DD00346B81 /* DayNine.swift */; };
		DCBDA32721BE02E200346B81 /* DayNine.swift in Sources */ = {isa = PBXBuildFile; fileRef = DCBDA32521BE02DD00346B81 /* DayNine.swift */; };
		DCBDA32921BE02ED00346B81 /* DayNineTests.swift in Sources */ = {isa = PBXBuildFile; fileRef = DCBDA32821BE02ED00346B81 /* DayNineTests.swift */; };
		DCBDA32B21BE085E00346B81 /* EmptyDay.swift in Sources */ = {isa = PBXBuildFile; fileRef = DCBDA32A21BE085E00346B81 /* EmptyDay.swift */; };
/* End PBXBuildFile section */

/* Begin PBXCopyFilesBuildPhase section */
		7631392D21B45C0C0082309E /* CopyFiles */ = {
			isa = PBXCopyFilesBuildPhase;
			buildActionMask = 2147483647;
			dstPath = /usr/share/man/man1/;
			dstSubfolderSpec = 0;
			files = (
			);
			runOnlyForDeploymentPostprocessing = 1;
		};
/* End PBXCopyFilesBuildPhase section */

/* Begin PBXFileReference section */
		7631392F21B45C0C0082309E /* AdventOfCode2018 */ = {isa = PBXFileReference; explicitFileType = "compiled.mach-o.executable"; includeInIndex = 0; path = AdventOfCode2018; sourceTree = BUILT_PRODUCTS_DIR; };
		7631393221B45C0C0082309E /* main.swift */ = {isa = PBXFileReference; lastKnownFileType = sourcecode.swift; path = main.swift; sourceTree = "<group>"; };
		7631393F21B45CAC0082309E /* Test.xctest */ = {isa = PBXFileReference; explicitFileType = wrapper.cfbundle; includeInIndex = 0; path = Test.xctest; sourceTree = BUILT_PRODUCTS_DIR; };
		7631394321B45CAC0082309E /* Info.plist */ = {isa = PBXFileReference; lastKnownFileType = text.plist.xml; path = Info.plist; sourceTree = "<group>"; };
		7631394721B45CC70082309E /* DayOneTests.swift */ = {isa = PBXFileReference; lastKnownFileType = sourcecode.swift; path = DayOneTests.swift; sourceTree = "<group>"; };
		7631394921B45CDF0082309E /* README.md */ = {isa = PBXFileReference; lastKnownFileType = net.daringfireball.markdown; path = README.md; sourceTree = "<group>"; };
		7631394A21B45E700082309E /* AdventDay.swift */ = {isa = PBXFileReference; lastKnownFileType = sourcecode.swift; path = AdventDay.swift; sourceTree = "<group>"; };
		7631394C21B45FFD0082309E /* DayOne.swift */ = {isa = PBXFileReference; lastKnownFileType = sourcecode.swift; path = DayOne.swift; sourceTree = "<group>"; };
		7631394E21B461410082309E /* day1input.txt */ = {isa = PBXFileReference; lastKnownFileType = text; path = day1input.txt; sourceTree = "<group>"; };
		76E6F2C921B49B7000917EF4 /* README.md */ = {isa = PBXFileReference; lastKnownFileType = net.daringfireball.markdown; path = README.md; sourceTree = "<group>"; };
		76E6F2CA21B49B7800917EF4 /* DayTwo.swift */ = {isa = PBXFileReference; lastKnownFileType = sourcecode.swift; path = DayTwo.swift; sourceTree = "<group>"; };
		76E6F2CC21B49B8500917EF4 /* DayTwoTests.swift */ = {isa = PBXFileReference; lastKnownFileType = sourcecode.swift; path = DayTwoTests.swift; sourceTree = "<group>"; };
		76E6F2CE21B49C8700917EF4 /* day2input.txt */ = {isa = PBXFileReference; lastKnownFileType = text; path = day2input.txt; sourceTree = "<group>"; };
		DC57F2F721B5B6850001F336 /* README.md */ = {isa = PBXFileReference; lastKnownFileType = net.daringfireball.markdown; path = README.md; sourceTree = "<group>"; };
		DC57F2F821B5B68C0001F336 /* DayThree.swift */ = {isa = PBXFileReference; lastKnownFileType = sourcecode.swift; path = DayThree.swift; sourceTree = "<group>"; };
		DC57F2FA21B5B6970001F336 /* DayThreeTests.swift */ = {isa = PBXFileReference; lastKnownFileType = sourcecode.swift; path = DayThreeTests.swift; sourceTree = "<group>"; };
		DC57F2FD21B5C9C80001F336 /* day3input.txt */ = {isa = PBXFileReference; lastKnownFileType = text; path = day3input.txt; sourceTree = "<group>"; };
		DC57F2FF21B63D400001F336 /* README.md */ = {isa = PBXFileReference; lastKnownFileType = net.daringfireball.markdown; path = README.md; sourceTree = "<group>"; };
		DC57F30021B63D480001F336 /* DayFour.swift */ = {isa = PBXFileReference; lastKnownFileType = sourcecode.swift; path = DayFour.swift; sourceTree = "<group>"; };
		DC57F30221B63D550001F336 /* DayFourTests.swift */ = {isa = PBXFileReference; lastKnownFileType = sourcecode.swift; path = DayFourTests.swift; sourceTree = "<group>"; };
		DC57F30521B6CBCC0001F336 /* day4input.txt */ = {isa = PBXFileReference; lastKnownFileType = text; path = day4input.txt; sourceTree = "<group>"; };
		DC57F30621B75CA70001F336 /* String.swift */ = {isa = PBXFileReference; lastKnownFileType = sourcecode.swift; path = String.swift; sourceTree = "<group>"; };
		DC57F30921B792480001F336 /* StringTests.swift */ = {isa = PBXFileReference; lastKnownFileType = sourcecode.swift; path = StringTests.swift; sourceTree = "<group>"; };
		DC57F30C21B8BE020001F336 /* README.md */ = {isa = PBXFileReference; lastKnownFileType = net.daringfireball.markdown; path = README.md; sourceTree = "<group>"; };
		DC57F30D21B8BE080001F336 /* DayFive.swift */ = {isa = PBXFileReference; lastKnownFileType = sourcecode.swift; path = DayFive.swift; sourceTree = "<group>"; };
		DC57F31221B8BF250001F336 /* day5input.txt */ = {isa = PBXFileReference; lastKnownFileType = text; path = day5input.txt; sourceTree = "<group>"; };
		DC57F31321B8C3D10001F336 /* DayFiveTests.swift */ = {isa = PBXFileReference; lastKnownFileType = sourcecode.swift; path = DayFiveTests.swift; sourceTree = "<group>"; };
		DCBDA30721B951D800346B81 /* README.md */ = {isa = PBXFileReference; lastKnownFileType = net.daringfireball.markdown; path = README.md; sourceTree = "<group>"; };
		DCBDA30821B951E400346B81 /* DaySix.swift */ = {isa = PBXFileReference; lastKnownFileType = sourcecode.swift; path = DaySix.swift; sourceTree = "<group>"; };
		DCBDA30A21B951F200346B81 /* DaySixTests.swift */ = {isa = PBXFileReference; lastKnownFileType = sourcecode.swift; path = DaySixTests.swift; sourceTree = "<group>"; };
		DCBDA30D21B953FE00346B81 /* day6input.txt */ = {isa = PBXFileReference; lastKnownFileType = text; path = day6input.txt; sourceTree = "<group>"; };
		DCBDA30E21B9593E00346B81 /* Coordinate.swift */ = {isa = PBXFileReference; lastKnownFileType = sourcecode.swift; path = Coordinate.swift; sourceTree = "<group>"; };
		DCBDA31121B95A9A00346B81 /* CoordinateTests.swift */ = {isa = PBXFileReference; lastKnownFileType = sourcecode.swift; path = CoordinateTests.swift; sourceTree = "<group>"; };
		DCBDA31421BA996100346B81 /* README.md */ = {isa = PBXFileReference; lastKnownFileType = net.daringfireball.markdown; path = README.md; sourceTree = "<group>"; };
		DCBDA31521BA996B00346B81 /* DaySeven.swift */ = {isa = PBXFileReference; lastKnownFileType = sourcecode.swift; path = DaySeven.swift; sourceTree = "<group>"; };
		DCBDA31821BA997B00346B81 /* DaySevenTests.swift */ = {isa = PBXFileReference; lastKnownFileType = sourcecode.swift; path = DaySevenTests.swift; sourceTree = "<group>"; };
		DCBDA31A21BA9AFE00346B81 /* day7input.txt */ = {isa = PBXFileReference; lastKnownFileType = text; path = day7input.txt; sourceTree = "<group>"; };
		DCBDA31C21BC0E1B00346B81 /* README.md */ = {isa = PBXFileReference; lastKnownFileType = net.daringfireball.markdown; path = README.md; sourceTree = "<group>"; };
		DCBDA31D21BC0E2200346B81 /* DayEight.swift */ = {isa = PBXFileReference; lastKnownFileType = sourcecode.swift; path = DayEight.swift; sourceTree = "<group>"; };
		DCBDA31F21BC0E2B00346B81 /* DayEightTests.swift */ = {isa = PBXFileReference; lastKnownFileType = sourcecode.swift; path = DayEightTests.swift; sourceTree = "<group>"; };
		DCBDA32221BC0F8100346B81 /* day8input.txt */ = {isa = PBXFileReference; lastKnownFileType = text; path = day8input.txt; sourceTree = "<group>"; };
		DCBDA32421BE02D700346B81 /* README.md */ = {isa = PBXFileReference; lastKnownFileType = net.daringfireball.markdown; path = README.md; sourceTree = "<group>"; };
		DCBDA32521BE02DD00346B81 /* DayNine.swift */ = {isa = PBXFileReference; lastKnownFileType = sourcecode.swift; path = DayNine.swift; sourceTree = "<group>"; };
		DCBDA32821BE02ED00346B81 /* DayNineTests.swift */ = {isa = PBXFileReference; lastKnownFileType = sourcecode.swift; path = DayNineTests.swift; sourceTree = "<group>"; };
		DCBDA32A21BE085E00346B81 /* EmptyDay.swift */ = {isa = PBXFileReference; lastKnownFileType = sourcecode.swift; path = EmptyDay.swift; sourceTree = "<group>"; };
/* End PBXFileReference section */

/* Begin PBXFrameworksBuildPhase section */
		7631392C21B45C0C0082309E /* Frameworks */ = {
			isa = PBXFrameworksBuildPhase;
			buildActionMask = 2147483647;
			files = (
			);
			runOnlyForDeploymentPostprocessing = 0;
		};
		7631393C21B45CAC0082309E /* Frameworks */ = {
			isa = PBXFrameworksBuildPhase;
			buildActionMask = 2147483647;
			files = (
			);
			runOnlyForDeploymentPostprocessing = 0;
		};
/* End PBXFrameworksBuildPhase section */

/* Begin PBXGroup section */
		7631392621B45C0C0082309E = {
			isa = PBXGroup;
			children = (
				7631393121B45C0C0082309E /* AdventOfCode2018 */,
				7631394021B45CAC0082309E /* Test */,
				7631393021B45C0C0082309E /* Products */,
			);
			sourceTree = "<group>";
		};
		7631393021B45C0C0082309E /* Products */ = {
			isa = PBXGroup;
			children = (
				7631392F21B45C0C0082309E /* AdventOfCode2018 */,
				7631393F21B45CAC0082309E /* Test.xctest */,
			);
			name = Products;
			sourceTree = "<group>";
		};
		7631393121B45C0C0082309E /* AdventOfCode2018 */ = {
			isa = PBXGroup;
			children = (
				7631393A21B45C2E0082309E /* data */,
				7631393921B45C230082309E /* Day1 */,
				76E6F2C821B49B4500917EF4 /* Day2 */,
				DC57F2F621B5B6710001F336 /* Day3 */,
				DC57F2FE21B63D340001F336 /* Day4 */,
				DC57F30B21B8BDF30001F336 /* Day5 */,
				DCBDA30621B951CD00346B81 /* Day6 */,
				DCBDA31321BA995500346B81 /* Day7 */,
				DCBDA31B21BC0E1100346B81 /* Day8 */,
				DCBDA32321BE02CC00346B81 /* Day9 */,
				7631393221B45C0C0082309E /* main.swift */,
				7631394A21B45E700082309E /* AdventDay.swift */,
				DC57F30621B75CA70001F336 /* String.swift */,
				DCBDA30E21B9593E00346B81 /* Coordinate.swift */,
				DCBDA32A21BE085E00346B81 /* EmptyDay.swift */,
			);
			path = AdventOfCode2018;
			sourceTree = "<group>";
		};
		7631393921B45C230082309E /* Day1 */ = {
			isa = PBXGroup;
			children = (
				7631394921B45CDF0082309E /* README.md */,
				7631394C21B45FFD0082309E /* DayOne.swift */,
			);
			path = Day1;
			sourceTree = "<group>";
		};
		7631393A21B45C2E0082309E /* data */ = {
			isa = PBXGroup;
			children = (
				7631394E21B461410082309E /* day1input.txt */,
				76E6F2CE21B49C8700917EF4 /* day2input.txt */,
				DC57F2FD21B5C9C80001F336 /* day3input.txt */,
				DC57F30521B6CBCC0001F336 /* day4input.txt */,
				DC57F31221B8BF250001F336 /* day5input.txt */,
				DCBDA30D21B953FE00346B81 /* day6input.txt */,
				DCBDA31A21BA9AFE00346B81 /* day7input.txt */,
				DCBDA32221BC0F8100346B81 /* day8input.txt */,
			);
			path = data;
			sourceTree = "<group>";
		};
		7631394021B45CAC0082309E /* Test */ = {
			isa = PBXGroup;
			children = (
				7631394321B45CAC0082309E /* Info.plist */,
				DCBDA31121B95A9A00346B81 /* CoordinateTests.swift */,
				DC57F30921B792480001F336 /* StringTests.swift */,
				7631394721B45CC70082309E /* DayOneTests.swift */,
				76E6F2CC21B49B8500917EF4 /* DayTwoTests.swift */,
				DC57F2FA21B5B6970001F336 /* DayThreeTests.swift */,
				DC57F30221B63D550001F336 /* DayFourTests.swift */,
				DC57F31321B8C3D10001F336 /* DayFiveTests.swift */,
				DCBDA30A21B951F200346B81 /* DaySixTests.swift */,
				DCBDA31821BA997B00346B81 /* DaySevenTests.swift */,
				DCBDA31F21BC0E2B00346B81 /* DayEightTests.swift */,
				DCBDA32821BE02ED00346B81 /* DayNineTests.swift */,
			);
			path = Test;
			sourceTree = "<group>";
		};
		76E6F2C821B49B4500917EF4 /* Day2 */ = {
			isa = PBXGroup;
			children = (
				76E6F2C921B49B7000917EF4 /* README.md */,
				76E6F2CA21B49B7800917EF4 /* DayTwo.swift */,
			);
			path = Day2;
			sourceTree = "<group>";
		};
		DC57F2F621B5B6710001F336 /* Day3 */ = {
			isa = PBXGroup;
			children = (
				DC57F2F721B5B6850001F336 /* README.md */,
				DC57F2F821B5B68C0001F336 /* DayThree.swift */,
			);
			path = Day3;
			sourceTree = "<group>";
		};
		DC57F2FE21B63D340001F336 /* Day4 */ = {
			isa = PBXGroup;
			children = (
				DC57F2FF21B63D400001F336 /* README.md */,
				DC57F30021B63D480001F336 /* DayFour.swift */,
			);
			path = Day4;
			sourceTree = "<group>";
		};
		DC57F30B21B8BDF30001F336 /* Day5 */ = {
			isa = PBXGroup;
			children = (
				DC57F30C21B8BE020001F336 /* README.md */,
				DC57F30D21B8BE080001F336 /* DayFive.swift */,
			);
			path = Day5;
			sourceTree = "<group>";
		};
		DCBDA30621B951CD00346B81 /* Day6 */ = {
			isa = PBXGroup;
			children = (
				DCBDA30721B951D800346B81 /* README.md */,
				DCBDA30821B951E400346B81 /* DaySix.swift */,
			);
			path = Day6;
			sourceTree = "<group>";
		};
		DCBDA31321BA995500346B81 /* Day7 */ = {
			isa = PBXGroup;
			children = (
				DCBDA31421BA996100346B81 /* README.md */,
				DCBDA31521BA996B00346B81 /* DaySeven.swift */,
			);
			path = Day7;
			sourceTree = "<group>";
		};
		DCBDA31B21BC0E1100346B81 /* Day8 */ = {
			isa = PBXGroup;
			children = (
				DCBDA31C21BC0E1B00346B81 /* README.md */,
				DCBDA31D21BC0E2200346B81 /* DayEight.swift */,
			);
			path = Day8;
			sourceTree = "<group>";
		};
		DCBDA32321BE02CC00346B81 /* Day9 */ = {
			isa = PBXGroup;
			children = (
				DCBDA32421BE02D700346B81 /* README.md */,
				DCBDA32521BE02DD00346B81 /* DayNine.swift */,
			);
			path = Day9;
			sourceTree = "<group>";
		};
/* End PBXGroup section */

/* Begin PBXNativeTarget section */
		7631392E21B45C0C0082309E /* AdventOfCode2018 */ = {
			isa = PBXNativeTarget;
			buildConfigurationList = 7631393621B45C0C0082309E /* Build configuration list for PBXNativeTarget "AdventOfCode2018" */;
			buildPhases = (
				7631392B21B45C0C0082309E /* Sources */,
				7631392C21B45C0C0082309E /* Frameworks */,
				7631392D21B45C0C0082309E /* CopyFiles */,
			);
			buildRules = (
			);
			dependencies = (
			);
			name = AdventOfCode2018;
			productName = AdventOfCode2018;
			productReference = 7631392F21B45C0C0082309E /* AdventOfCode2018 */;
			productType = "com.apple.product-type.tool";
		};
		7631393E21B45CAC0082309E /* Test */ = {
			isa = PBXNativeTarget;
			buildConfigurationList = 7631394421B45CAC0082309E /* Build configuration list for PBXNativeTarget "Test" */;
			buildPhases = (
				7631393B21B45CAC0082309E /* Sources */,
				7631393C21B45CAC0082309E /* Frameworks */,
				7631393D21B45CAC0082309E /* Resources */,
			);
			buildRules = (
			);
			dependencies = (
			);
			name = Test;
			productName = Test;
			productReference = 7631393F21B45CAC0082309E /* Test.xctest */;
			productType = "com.apple.product-type.bundle.unit-test";
		};
/* End PBXNativeTarget section */

/* Begin PBXProject section */
		7631392721B45C0C0082309E /* Project object */ = {
			isa = PBXProject;
			attributes = {
				LastSwiftUpdateCheck = 1010;
				LastUpgradeCheck = 1010;
				ORGANIZATIONNAME = "Shawn Veader";
				TargetAttributes = {
					7631392E21B45C0C0082309E = {
						CreatedOnToolsVersion = 10.1;
					};
					7631393E21B45CAC0082309E = {
						CreatedOnToolsVersion = 10.1;
					};
				};
			};
			buildConfigurationList = 7631392A21B45C0C0082309E /* Build configuration list for PBXProject "AdventOfCode2018" */;
			compatibilityVersion = "Xcode 9.3";
			developmentRegion = en;
			hasScannedForEncodings = 0;
			knownRegions = (
				en,
			);
			mainGroup = 7631392621B45C0C0082309E;
			productRefGroup = 7631393021B45C0C0082309E /* Products */;
			projectDirPath = "";
			projectRoot = "";
			targets = (
				7631392E21B45C0C0082309E /* AdventOfCode2018 */,
				7631393E21B45CAC0082309E /* Test */,
			);
		};
/* End PBXProject section */

/* Begin PBXResourcesBuildPhase section */
		7631393D21B45CAC0082309E /* Resources */ = {
			isa = PBXResourcesBuildPhase;
			buildActionMask = 2147483647;
			files = (
			);
			runOnlyForDeploymentPostprocessing = 0;
		};
/* End PBXResourcesBuildPhase section */

/* Begin PBXSourcesBuildPhase section */
		7631392B21B45C0C0082309E /* Sources */ = {
			isa = PBXSourcesBuildPhase;
			buildActionMask = 2147483647;
			files = (
				DCBDA31E21BC0E2200346B81 /* DayEight.swift in Sources */,
				DC57F30E21B8BE080001F336 /* DayFive.swift in Sources */,
				DC57F30121B63D480001F336 /* DayFour.swift in Sources */,
				7631394B21B45E700082309E /* AdventDay.swift in Sources */,
				7631393321B45C0C0082309E /* main.swift in Sources */,
				DCBDA32621BE02DD00346B81 /* DayNine.swift in Sources */,
				DCBDA32B21BE085E00346B81 /* EmptyDay.swift in Sources */,
				7631394D21B45FFD0082309E /* DayOne.swift in Sources */,
				DCBDA30921B951E400346B81 /* DaySix.swift in Sources */,
				DCBDA31621BA996B00346B81 /* DaySeven.swift in Sources */,
				DC57F30721B75CA70001F336 /* String.swift in Sources */,
				76E6F2CB21B49B7800917EF4 /* DayTwo.swift in Sources */,
				DC57F2F921B5B68C0001F336 /* DayThree.swift in Sources */,
				DCBDA30F21B9593E00346B81 /* Coordinate.swift in Sources */,
			);
			runOnlyForDeploymentPostprocessing = 0;
		};
		7631393B21B45CAC0082309E /* Sources */ = {
			isa = PBXSourcesBuildPhase;
			buildActionMask = 2147483647;
			files = (
				DCBDA31721BA996E00346B81 /* DaySeven.swift in Sources */,
				DCBDA31221B95A9A00346B81 /* CoordinateTests.swift in Sources */,
				76E6F2CF21B4C27800917EF4 /* DayTwo.swift in Sources */,
				DC57F2FB21B5B6970001F336 /* DayThreeTests.swift in Sources */,
				DCBDA32721BE02E200346B81 /* DayNine.swift in Sources */,
				DC57F30821B75EE60001F336 /* String.swift in Sources */,
				DCBDA31921BA997B00346B81 /* DaySevenTests.swift in Sources */,
				DCBDA31021B9596300346B81 /* Coordinate.swift in Sources */,
				DC57F30321B63D550001F336 /* DayFourTests.swift in Sources */,
				DC57F30F21B8BE0D0001F336 /* DayFive.swift in Sources */,
				DCBDA32121BC0E2F00346B81 /* DayEight.swift in Sources */,
				DC57F30A21B792480001F336 /* StringTests.swift in Sources */,
				DC57F31421B8C3D10001F336 /* DayFiveTests.swift in Sources */,
				DC57F30421B63D590001F336 /* DayFour.swift in Sources */,
				DC57F2FC21B5BED90001F336 /* DayThree.swift in Sources */,
				7631394821B45CC70082309E /* DayOneTests.swift in Sources */,
				7631395021B46A3E0082309E /* AdventDay.swift in Sources */,
				DCBDA30B21B951F200346B81 /* DaySixTests.swift in Sources */,
				DCBDA32021BC0E2B00346B81 /* DayEightTests.swift in Sources */,
				7631394F21B46A3C0082309E /* DayOne.swift in Sources */,
				DCBDA32921BE02ED00346B81 /* DayNineTests.swift in Sources */,
				76E6F2CD21B49B8500917EF4 /* DayTwoTests.swift in Sources */,
				DCBDA30C21B951F600346B81 /* DaySix.swift in Sources */,
			);
			runOnlyForDeploymentPostprocessing = 0;
		};
/* End PBXSourcesBuildPhase section */

/* Begin XCBuildConfiguration section */
		7631393421B45C0C0082309E /* Debug */ = {
			isa = XCBuildConfiguration;
			buildSettings = {
				ALWAYS_SEARCH_USER_PATHS = NO;
				CLANG_ANALYZER_NONNULL = YES;
				CLANG_ANALYZER_NUMBER_OBJECT_CONVERSION = YES_AGGRESSIVE;
				CLANG_CXX_LANGUAGE_STANDARD = "gnu++14";
				CLANG_CXX_LIBRARY = "libc++";
				CLANG_ENABLE_MODULES = YES;
				CLANG_ENABLE_OBJC_ARC = YES;
				CLANG_ENABLE_OBJC_WEAK = YES;
				CLANG_WARN_BLOCK_CAPTURE_AUTORELEASING = YES;
				CLANG_WARN_BOOL_CONVERSION = YES;
				CLANG_WARN_COMMA = YES;
				CLANG_WARN_CONSTANT_CONVERSION = YES;
				CLANG_WARN_DEPRECATED_OBJC_IMPLEMENTATIONS = YES;
				CLANG_WARN_DIRECT_OBJC_ISA_USAGE = YES_ERROR;
				CLANG_WARN_DOCUMENTATION_COMMENTS = YES;
				CLANG_WARN_EMPTY_BODY = YES;
				CLANG_WARN_ENUM_CONVERSION = YES;
				CLANG_WARN_INFINITE_RECURSION = YES;
				CLANG_WARN_INT_CONVERSION = YES;
				CLANG_WARN_NON_LITERAL_NULL_CONVERSION = YES;
				CLANG_WARN_OBJC_IMPLICIT_RETAIN_SELF = YES;
				CLANG_WARN_OBJC_LITERAL_CONVERSION = YES;
				CLANG_WARN_OBJC_ROOT_CLASS = YES_ERROR;
				CLANG_WARN_RANGE_LOOP_ANALYSIS = YES;
				CLANG_WARN_STRICT_PROTOTYPES = YES;
				CLANG_WARN_SUSPICIOUS_MOVE = YES;
				CLANG_WARN_UNGUARDED_AVAILABILITY = YES_AGGRESSIVE;
				CLANG_WARN_UNREACHABLE_CODE = YES;
				CLANG_WARN__DUPLICATE_METHOD_MATCH = YES;
				CODE_SIGN_IDENTITY = "Mac Developer";
				COPY_PHASE_STRIP = NO;
				DEBUG_INFORMATION_FORMAT = dwarf;
				ENABLE_STRICT_OBJC_MSGSEND = YES;
				ENABLE_TESTABILITY = YES;
				GCC_C_LANGUAGE_STANDARD = gnu11;
				GCC_DYNAMIC_NO_PIC = NO;
				GCC_NO_COMMON_BLOCKS = YES;
				GCC_OPTIMIZATION_LEVEL = 0;
				GCC_PREPROCESSOR_DEFINITIONS = (
					"DEBUG=1",
					"$(inherited)",
				);
				GCC_WARN_64_TO_32_BIT_CONVERSION = YES;
				GCC_WARN_ABOUT_RETURN_TYPE = YES_ERROR;
				GCC_WARN_UNDECLARED_SELECTOR = YES;
				GCC_WARN_UNINITIALIZED_AUTOS = YES_AGGRESSIVE;
				GCC_WARN_UNUSED_FUNCTION = YES;
				GCC_WARN_UNUSED_VARIABLE = YES;
				MACOSX_DEPLOYMENT_TARGET = 10.14;
				MTL_ENABLE_DEBUG_INFO = INCLUDE_SOURCE;
				MTL_FAST_MATH = YES;
				ONLY_ACTIVE_ARCH = YES;
				SDKROOT = macosx;
				SWIFT_ACTIVE_COMPILATION_CONDITIONS = DEBUG;
				SWIFT_OPTIMIZATION_LEVEL = "-Onone";
			};
			name = Debug;
		};
		7631393521B45C0C0082309E /* Release */ = {
			isa = XCBuildConfiguration;
			buildSettings = {
				ALWAYS_SEARCH_USER_PATHS = NO;
				CLANG_ANALYZER_NONNULL = YES;
				CLANG_ANALYZER_NUMBER_OBJECT_CONVERSION = YES_AGGRESSIVE;
				CLANG_CXX_LANGUAGE_STANDARD = "gnu++14";
				CLANG_CXX_LIBRARY = "libc++";
				CLANG_ENABLE_MODULES = YES;
				CLANG_ENABLE_OBJC_ARC = YES;
				CLANG_ENABLE_OBJC_WEAK = YES;
				CLANG_WARN_BLOCK_CAPTURE_AUTORELEASING = YES;
				CLANG_WARN_BOOL_CONVERSION = YES;
				CLANG_WARN_COMMA = YES;
				CLANG_WARN_CONSTANT_CONVERSION = YES;
				CLANG_WARN_DEPRECATED_OBJC_IMPLEMENTATIONS = YES;
				CLANG_WARN_DIRECT_OBJC_ISA_USAGE = YES_ERROR;
				CLANG_WARN_DOCUMENTATION_COMMENTS = YES;
				CLANG_WARN_EMPTY_BODY = YES;
				CLANG_WARN_ENUM_CONVERSION = YES;
				CLANG_WARN_INFINITE_RECURSION = YES;
				CLANG_WARN_INT_CONVERSION = YES;
				CLANG_WARN_NON_LITERAL_NULL_CONVERSION = YES;
				CLANG_WARN_OBJC_IMPLICIT_RETAIN_SELF = YES;
				CLANG_WARN_OBJC_LITERAL_CONVERSION = YES;
				CLANG_WARN_OBJC_ROOT_CLASS = YES_ERROR;
				CLANG_WARN_RANGE_LOOP_ANALYSIS = YES;
				CLANG_WARN_STRICT_PROTOTYPES = YES;
				CLANG_WARN_SUSPICIOUS_MOVE = YES;
				CLANG_WARN_UNGUARDED_AVAILABILITY = YES_AGGRESSIVE;
				CLANG_WARN_UNREACHABLE_CODE = YES;
				CLANG_WARN__DUPLICATE_METHOD_MATCH = YES;
				CODE_SIGN_IDENTITY = "Mac Developer";
				COPY_PHASE_STRIP = NO;
				DEBUG_INFORMATION_FORMAT = "dwarf-with-dsym";
				ENABLE_NS_ASSERTIONS = NO;
				ENABLE_STRICT_OBJC_MSGSEND = YES;
				GCC_C_LANGUAGE_STANDARD = gnu11;
				GCC_NO_COMMON_BLOCKS = YES;
				GCC_WARN_64_TO_32_BIT_CONVERSION = YES;
				GCC_WARN_ABOUT_RETURN_TYPE = YES_ERROR;
				GCC_WARN_UNDECLARED_SELECTOR = YES;
				GCC_WARN_UNINITIALIZED_AUTOS = YES_AGGRESSIVE;
				GCC_WARN_UNUSED_FUNCTION = YES;
				GCC_WARN_UNUSED_VARIABLE = YES;
				MACOSX_DEPLOYMENT_TARGET = 10.14;
				MTL_ENABLE_DEBUG_INFO = NO;
				MTL_FAST_MATH = YES;
				SDKROOT = macosx;
				SWIFT_COMPILATION_MODE = wholemodule;
				SWIFT_OPTIMIZATION_LEVEL = "-O";
			};
			name = Release;
		};
		7631393721B45C0C0082309E /* Debug */ = {
			isa = XCBuildConfiguration;
			buildSettings = {
				CODE_SIGN_STYLE = Automatic;
				DEVELOPMENT_TEAM = 5PXAH34BWE;
				PRODUCT_NAME = "$(TARGET_NAME)";
				SWIFT_VERSION = 4.2;
			};
			name = Debug;
		};
		7631393821B45C0C0082309E /* Release */ = {
			isa = XCBuildConfiguration;
			buildSettings = {
				CODE_SIGN_STYLE = Automatic;
				DEVELOPMENT_TEAM = 5PXAH34BWE;
				PRODUCT_NAME = "$(TARGET_NAME)";
				SWIFT_VERSION = 4.2;
			};
			name = Release;
		};
		7631394521B45CAC0082309E /* Debug */ = {
			isa = XCBuildConfiguration;
			buildSettings = {
				CODE_SIGN_STYLE = Automatic;
				COMBINE_HIDPI_IMAGES = YES;
				DEVELOPMENT_TEAM = 5PXAH34BWE;
				INFOPLIST_FILE = Test/Info.plist;
				LD_RUNPATH_SEARCH_PATHS = (
					"$(inherited)",
					"@executable_path/../Frameworks",
					"@loader_path/../Frameworks",
				);
				PRODUCT_BUNDLE_IDENTIFIER = com.v8logic.Test;
				PRODUCT_NAME = "$(TARGET_NAME)";
				SWIFT_VERSION = 4.2;
			};
			name = Debug;
		};
		7631394621B45CAC0082309E /* Release */ = {
			isa = XCBuildConfiguration;
			buildSettings = {
				CODE_SIGN_STYLE = Automatic;
				COMBINE_HIDPI_IMAGES = YES;
				DEVELOPMENT_TEAM = 5PXAH34BWE;
				INFOPLIST_FILE = Test/Info.plist;
				LD_RUNPATH_SEARCH_PATHS = (
					"$(inherited)",
					"@executable_path/../Frameworks",
					"@loader_path/../Frameworks",
				);
				PRODUCT_BUNDLE_IDENTIFIER = com.v8logic.Test;
				PRODUCT_NAME = "$(TARGET_NAME)";
				SWIFT_VERSION = 4.2;
			};
			name = Release;
		};
/* End XCBuildConfiguration section */

/* Begin XCConfigurationList section */
		7631392A21B45C0C0082309E /* Build configuration list for PBXProject "AdventOfCode2018" */ = {
			isa = XCConfigurationList;
			buildConfigurations = (
				7631393421B45C0C0082309E /* Debug */,
				7631393521B45C0C0082309E /* Release */,
			);
			defaultConfigurationIsVisible = 0;
			defaultConfigurationName = Release;
		};
		7631393621B45C0C0082309E /* Build configuration list for PBXNativeTarget "AdventOfCode2018" */ = {
			isa = XCConfigurationList;
			buildConfigurations = (
				7631393721B45C0C0082309E /* Debug */,
				7631393821B45C0C0082309E /* Release */,
			);
			defaultConfigurationIsVisible = 0;
			defaultConfigurationName = Release;
		};
		7631394421B45CAC0082309E /* Build configuration list for PBXNativeTarget "Test" */ = {
			isa = XCConfigurationList;
			buildConfigurations = (
				7631394521B45CAC0082309E /* Debug */,
				7631394621B45CAC0082309E /* Release */,
			);
			defaultConfigurationIsVisible = 0;
			defaultConfigurationName = Release;
		};
/* End XCConfigurationList section */
	};
	rootObject = 7631392721B45C0C0082309E /* Project object */;
}
